// !$*UTF8*$!
{
	archiveVersion = 1;
	classes = {
	};
	objectVersion = 45;
	objects = {

/* Begin PBXBuildFile section */
		EE07CCDD1279FF1400AAA31F /* png.c in Sources */ = {isa = PBXBuildFile; fileRef = EE07CC0A1279FF1400AAA31F /* png.c */; };
		EE07CCE01279FF1400AAA31F /* pngerror.c in Sources */ = {isa = PBXBuildFile; fileRef = EE07CC0F1279FF1400AAA31F /* pngerror.c */; };
		EE07CCE11279FF1400AAA31F /* pngget.c in Sources */ = {isa = PBXBuildFile; fileRef = EE07CC101279FF1400AAA31F /* pngget.c */; };
		EE07CCE21279FF1400AAA31F /* pngmem.c in Sources */ = {isa = PBXBuildFile; fileRef = EE07CC111279FF1400AAA31F /* pngmem.c */; };
		EE07CCE41279FF1400AAA31F /* pngpread.c in Sources */ = {isa = PBXBuildFile; fileRef = EE07CC131279FF1400AAA31F /* pngpread.c */; };
		EE07CCE51279FF1400AAA31F /* pngread.c in Sources */ = {isa = PBXBuildFile; fileRef = EE07CC151279FF1400AAA31F /* pngread.c */; };
		EE07CCE61279FF1400AAA31F /* pngrio.c in Sources */ = {isa = PBXBuildFile; fileRef = EE07CC161279FF1400AAA31F /* pngrio.c */; };
		EE07CCE71279FF1400AAA31F /* pngrtran.c in Sources */ = {isa = PBXBuildFile; fileRef = EE07CC171279FF1400AAA31F /* pngrtran.c */; };
		EE07CCE81279FF1400AAA31F /* pngrutil.c in Sources */ = {isa = PBXBuildFile; fileRef = EE07CC181279FF1400AAA31F /* pngrutil.c */; };
		EE07CCE91279FF1400AAA31F /* pngset.c in Sources */ = {isa = PBXBuildFile; fileRef = EE07CC191279FF1400AAA31F /* pngset.c */; };
		EE07CCEC1279FF1400AAA31F /* pngtrans.c in Sources */ = {isa = PBXBuildFile; fileRef = EE07CC1C1279FF1400AAA31F /* pngtrans.c */; };
		EE07CCED1279FF1400AAA31F /* pngwio.c in Sources */ = {isa = PBXBuildFile; fileRef = EE07CC1D1279FF1400AAA31F /* pngwio.c */; };
		EE07CCEE1279FF1400AAA31F /* pngwrite.c in Sources */ = {isa = PBXBuildFile; fileRef = EE07CC1E1279FF1400AAA31F /* pngwrite.c */; };
		EE07CCEF1279FF1400AAA31F /* pngwtran.c in Sources */ = {isa = PBXBuildFile; fileRef = EE07CC1F1279FF1400AAA31F /* pngwtran.c */; };
		EE07CCF01279FF1400AAA31F /* pngwutil.c in Sources */ = {isa = PBXBuildFile; fileRef = EE07CC201279FF1400AAA31F /* pngwutil.c */; };
		EE133B2B1278216F0047069E /* sqlite3.c in Sources */ = {isa = PBXBuildFile; fileRef = EE133B2A1278216F0047069E /* sqlite3.c */; };
		EE1FCC9B13E1F48D00617627 /* cocoa_enable.m in Sources */ = {isa = PBXBuildFile; fileRef = EE1FCC9213E1F48D00617627 /* cocoa_enable.m */; };
		EE1FCC9C13E1F48D00617627 /* cocoa_fullscreen.m in Sources */ = {isa = PBXBuildFile; fileRef = EE1FCC9313E1F48D00617627 /* cocoa_fullscreen.m */; };
		EE1FCC9D13E1F48D00617627 /* cocoa_gamma.m in Sources */ = {isa = PBXBuildFile; fileRef = EE1FCC9413E1F48D00617627 /* cocoa_gamma.m */; };
		EE1FCC9E13E1F48D00617627 /* cocoa_init.m in Sources */ = {isa = PBXBuildFile; fileRef = EE1FCC9513E1F48D00617627 /* cocoa_init.m */; };
		EE1FCC9F13E1F48D00617627 /* cocoa_joystick.m in Sources */ = {isa = PBXBuildFile; fileRef = EE1FCC9613E1F48D00617627 /* cocoa_joystick.m */; };
		EE1FCCA013E1F48D00617627 /* cocoa_opengl.m in Sources */ = {isa = PBXBuildFile; fileRef = EE1FCC9713E1F48D00617627 /* cocoa_opengl.m */; };
		EE1FCCA113E1F48D00617627 /* cocoa_time.m in Sources */ = {isa = PBXBuildFile; fileRef = EE1FCC9913E1F48D00617627 /* cocoa_time.m */; };
		EE1FCCA213E1F48D00617627 /* cocoa_window.m in Sources */ = {isa = PBXBuildFile; fileRef = EE1FCC9A13E1F48D00617627 /* cocoa_window.m */; };
		EE230ED012F9D94300E4C77B /* Themes in Resources */ = {isa = PBXBuildFile; fileRef = EE230EC912F9D94300E4C77B /* Themes */; };
		EE2D1C5F132F6F9E005E2B87 /* opengl.c in Sources */ = {isa = PBXBuildFile; fileRef = EE2D1C5E132F6F9E005E2B87 /* opengl.c */; };
		EE2EAC7D13785F31007FA34A /* main.cpp in Sources */ = {isa = PBXBuildFile; fileRef = EE2EAC7C13785F31007FA34A /* main.cpp */; };
		EE2EAC92137860E5007FA34A /* RStation.cpp in Sources */ = {isa = PBXBuildFile; fileRef = EE2EAC91137860E5007FA34A /* RStation.cpp */; };
		EE2EAC9C13786CFE007FA34A /* ScreenManager.cpp in Sources */ = {isa = PBXBuildFile; fileRef = EE2EAC9B13786CFE007FA34A /* ScreenManager.cpp */; };
		EE2EAD5513791DB4007FA34A /* Logger.cpp in Sources */ = {isa = PBXBuildFile; fileRef = EE2EAD5313791DB4007FA34A /* Logger.cpp */; };
		EE2EAE1D1379CAF4007FA34A /* ThreadGroup.cpp in Sources */ = {isa = PBXBuildFile; fileRef = EE2EAE191379CAF4007FA34A /* ThreadGroup.cpp */; };
		EE2EAE1E1379CAF4007FA34A /* Threads_pthreads.cpp in Sources */ = {isa = PBXBuildFile; fileRef = EE2EAE1B1379CAF4007FA34A /* Threads_pthreads.cpp */; };
		EE2EAE5E1379CDE8007FA34A /* Screen.cpp in Sources */ = {isa = PBXBuildFile; fileRef = EE2EAE5D1379CDE8007FA34A /* Screen.cpp */; };
		EE2EAF0E1379ED84007FA34A /* InputManager.cpp in Sources */ = {isa = PBXBuildFile; fileRef = EE2EAF0C1379ED84007FA34A /* InputManager.cpp */; };
		EE2EAF4A1379F483007FA34A /* ButtonState.cpp in Sources */ = {isa = PBXBuildFile; fileRef = EE2EAF461379F483007FA34A /* ButtonState.cpp */; };
		EE2EAF4F1379F4A4007FA34A /* Timer.cpp in Sources */ = {isa = PBXBuildFile; fileRef = EE2EAF4D1379F4A4007FA34A /* Timer.cpp */; };
		EE4B7576141AB27200178A4D /* MessageManager.cpp in Sources */ = {isa = PBXBuildFile; fileRef = EE4B7575141AB27200178A4D /* MessageManager.cpp */; };
		EE4B757A141AB33500178A4D /* Message.cpp in Sources */ = {isa = PBXBuildFile; fileRef = EE4B7579141AB33500178A4D /* Message.cpp */; };
		EE4B757C141E7CE100178A4D /* ScreenTestDrawing.cpp in Sources */ = {isa = PBXBuildFile; fileRef = EE4B757B141E7CE100178A4D /* ScreenTestDrawing.cpp */; };
		EE51F2FB12EB4B74003A241E /* ConvertUTF.c in Sources */ = {isa = PBXBuildFile; fileRef = EE51F2E812EB4B74003A241E /* ConvertUTF.c */; };
		EE5A953312A79DC900FBEFCE /* IOKit.framework in Frameworks */ = {isa = PBXBuildFile; fileRef = EE5A953212A79DC900FBEFCE /* IOKit.framework */; };
		EE747FCB127E55B200E4A8FA /* Data in Resources */ = {isa = PBXBuildFile; fileRef = EE747FC5127E55B200E4A8FA /* Data */; };
		EE8699BE147C75BB001322AF /* ShaderStage.cpp in Sources */ = {isa = PBXBuildFile; fileRef = EE8699BD147C75BB001322AF /* ShaderStage.cpp */; };
		EE8699C0147C762B001322AF /* ShaderProgram.cpp in Sources */ = {isa = PBXBuildFile; fileRef = EE8699BF147C762B001322AF /* ShaderProgram.cpp */; };
		EE8699C5147D8F44001322AF /* ShaderBase.cpp in Sources */ = {isa = PBXBuildFile; fileRef = EE8699C4147D8F44001322AF /* ShaderBase.cpp */; };
		EE915E411255CCD200F0B0B3 /* Cocoa.framework in Frameworks */ = {isa = PBXBuildFile; fileRef = EE915DE21255CB9300F0B0B3 /* Cocoa.framework */; };
		EE915EA01255D7B200F0B0B3 /* OpenGL.framework in Frameworks */ = {isa = PBXBuildFile; fileRef = EE915DE61255CB9300F0B0B3 /* OpenGL.framework */; };
		EE91988E140986690072CB09 /* DisplayManager.cpp in Sources */ = {isa = PBXBuildFile; fileRef = EE91988C140986690072CB09 /* DisplayManager.cpp */; };
		EE919894140C01DB0072CB09 /* bstrlib.c in Sources */ = {isa = PBXBuildFile; fileRef = EE919890140C01DB0072CB09 /* bstrlib.c */; };
		EE919895140C01DB0072CB09 /* glsw.c in Sources */ = {isa = PBXBuildFile; fileRef = EE919892140C01DB0072CB09 /* glsw.c */; };
		EE919899140D457B0072CB09 /* LuaManager.cpp in Sources */ = {isa = PBXBuildFile; fileRef = EE919898140D457A0072CB09 /* LuaManager.cpp */; };
		EE91989C140D486F0072CB09 /* FileManager.cpp in Sources */ = {isa = PBXBuildFile; fileRef = EE91989B140D486F0072CB09 /* FileManager.cpp */; };
		EE9198AE140EA4960072CB09 /* gl3w.c in Sources */ = {isa = PBXBuildFile; fileRef = EE9198A8140EA4960072CB09 /* gl3w.c */; };
		EEAB1ADC126F5440004FE58D /* lapi.c in Sources */ = {isa = PBXBuildFile; fileRef = EEAB1AA3126F5440004FE58D /* lapi.c */; };
		EEAB1ADD126F5440004FE58D /* lauxlib.c in Sources */ = {isa = PBXBuildFile; fileRef = EEAB1AA5126F5440004FE58D /* lauxlib.c */; };
		EEAB1ADE126F5440004FE58D /* lbaselib.c in Sources */ = {isa = PBXBuildFile; fileRef = EEAB1AA7126F5440004FE58D /* lbaselib.c */; };
		EEAB1ADF126F5440004FE58D /* lcode.c in Sources */ = {isa = PBXBuildFile; fileRef = EEAB1AA8126F5440004FE58D /* lcode.c */; };
		EEAB1AE0126F5440004FE58D /* ldblib.c in Sources */ = {isa = PBXBuildFile; fileRef = EEAB1AAA126F5440004FE58D /* ldblib.c */; };
		EEAB1AE1126F5440004FE58D /* ldebug.c in Sources */ = {isa = PBXBuildFile; fileRef = EEAB1AAB126F5440004FE58D /* ldebug.c */; };
		EEAB1AE2126F5440004FE58D /* ldo.c in Sources */ = {isa = PBXBuildFile; fileRef = EEAB1AAD126F5440004FE58D /* ldo.c */; };
		EEAB1AE3126F5440004FE58D /* ldump.c in Sources */ = {isa = PBXBuildFile; fileRef = EEAB1AAF126F5440004FE58D /* ldump.c */; };
		EEAB1AE4126F5440004FE58D /* lfunc.c in Sources */ = {isa = PBXBuildFile; fileRef = EEAB1AB0126F5440004FE58D /* lfunc.c */; };
		EEAB1AE5126F5440004FE58D /* lgc.c in Sources */ = {isa = PBXBuildFile; fileRef = EEAB1AB2126F5440004FE58D /* lgc.c */; };
		EEAB1AE6126F5440004FE58D /* linit.c in Sources */ = {isa = PBXBuildFile; fileRef = EEAB1AB4126F5440004FE58D /* linit.c */; };
		EEAB1AE7126F5440004FE58D /* liolib.c in Sources */ = {isa = PBXBuildFile; fileRef = EEAB1AB5126F5440004FE58D /* liolib.c */; };
		EEAB1AE8126F5440004FE58D /* llex.c in Sources */ = {isa = PBXBuildFile; fileRef = EEAB1AB6126F5440004FE58D /* llex.c */; };
		EEAB1AE9126F5440004FE58D /* lmathlib.c in Sources */ = {isa = PBXBuildFile; fileRef = EEAB1AB9126F5440004FE58D /* lmathlib.c */; };
		EEAB1AEA126F5440004FE58D /* lmem.c in Sources */ = {isa = PBXBuildFile; fileRef = EEAB1ABA126F5440004FE58D /* lmem.c */; };
		EEAB1AEB126F5440004FE58D /* loadlib.c in Sources */ = {isa = PBXBuildFile; fileRef = EEAB1ABC126F5440004FE58D /* loadlib.c */; };
		EEAB1AEC126F5440004FE58D /* lobject.c in Sources */ = {isa = PBXBuildFile; fileRef = EEAB1ABD126F5440004FE58D /* lobject.c */; };
		EEAB1AED126F5440004FE58D /* lopcodes.c in Sources */ = {isa = PBXBuildFile; fileRef = EEAB1ABF126F5440004FE58D /* lopcodes.c */; };
		EEAB1AEE126F5440004FE58D /* loslib.c in Sources */ = {isa = PBXBuildFile; fileRef = EEAB1AC1126F5440004FE58D /* loslib.c */; };
		EEAB1AEF126F5440004FE58D /* lparser.c in Sources */ = {isa = PBXBuildFile; fileRef = EEAB1AC2126F5440004FE58D /* lparser.c */; };
		EEAB1AF0126F5440004FE58D /* lstate.c in Sources */ = {isa = PBXBuildFile; fileRef = EEAB1AC4126F5440004FE58D /* lstate.c */; };
		EEAB1AF1126F5440004FE58D /* lstring.c in Sources */ = {isa = PBXBuildFile; fileRef = EEAB1AC6126F5440004FE58D /* lstring.c */; };
		EEAB1AF2126F5440004FE58D /* lstrlib.c in Sources */ = {isa = PBXBuildFile; fileRef = EEAB1AC8126F5440004FE58D /* lstrlib.c */; };
		EEAB1AF3126F5440004FE58D /* ltable.c in Sources */ = {isa = PBXBuildFile; fileRef = EEAB1AC9126F5440004FE58D /* ltable.c */; };
		EEAB1AF4126F5440004FE58D /* ltablib.c in Sources */ = {isa = PBXBuildFile; fileRef = EEAB1ACB126F5440004FE58D /* ltablib.c */; };
		EEAB1AF5126F5440004FE58D /* ltm.c in Sources */ = {isa = PBXBuildFile; fileRef = EEAB1ACC126F5440004FE58D /* ltm.c */; };
		EEAB1AF8126F5440004FE58D /* lundump.c in Sources */ = {isa = PBXBuildFile; fileRef = EEAB1AD3126F5440004FE58D /* lundump.c */; };
		EEAB1AF9126F5440004FE58D /* lvm.c in Sources */ = {isa = PBXBuildFile; fileRef = EEAB1AD5126F5440004FE58D /* lvm.c */; };
		EEAB1AFA126F5440004FE58D /* lzio.c in Sources */ = {isa = PBXBuildFile; fileRef = EEAB1AD7126F5440004FE58D /* lzio.c */; };
		EEAB1AFD126F5440004FE58D /* print.c in Sources */ = {isa = PBXBuildFile; fileRef = EEAB1ADB126F5440004FE58D /* print.c */; };
		EEB0CBE91337BA8200DE0724 /* rhythm-station.icns in Resources */ = {isa = PBXBuildFile; fileRef = EEB0CBE81337BA8200DE0724 /* rhythm-station.icns */; };
		EEC52D7B1273803E0064054A /* adler32.c in Sources */ = {isa = PBXBuildFile; fileRef = EEC52B9B1273803D0064054A /* adler32.c */; };
		EEC52DF71273803E0064054A /* crc32.c in Sources */ = {isa = PBXBuildFile; fileRef = EEC52C3F1273803E0064054A /* crc32.c */; };
		EEC52DF81273803E0064054A /* deflate.c in Sources */ = {isa = PBXBuildFile; fileRef = EEC52C411273803E0064054A /* deflate.c */; };
		EEC52E0A1273803E0064054A /* gzclose.c in Sources */ = {isa = PBXBuildFile; fileRef = EEC52C571273803E0064054A /* gzclose.c */; };
		EEC52E0B1273803E0064054A /* gzlib.c in Sources */ = {isa = PBXBuildFile; fileRef = EEC52C591273803E0064054A /* gzlib.c */; };
		EEC52E0C1273803E0064054A /* gzread.c in Sources */ = {isa = PBXBuildFile; fileRef = EEC52C5A1273803E0064054A /* gzread.c */; };
		EEC52E0D1273803E0064054A /* gzwrite.c in Sources */ = {isa = PBXBuildFile; fileRef = EEC52C5B1273803E0064054A /* gzwrite.c */; };
		EEC52E0F1273803E0064054A /* infback.c in Sources */ = {isa = PBXBuildFile; fileRef = EEC52C5D1273803E0064054A /* infback.c */; };
		EEC52E101273803E0064054A /* inffast.c in Sources */ = {isa = PBXBuildFile; fileRef = EEC52C5E1273803E0064054A /* inffast.c */; };
		EEC52E111273803E0064054A /* inflate.c in Sources */ = {isa = PBXBuildFile; fileRef = EEC52C611273803E0064054A /* inflate.c */; };
		EEC52E121273803E0064054A /* inftrees.c in Sources */ = {isa = PBXBuildFile; fileRef = EEC52C631273803E0064054A /* inftrees.c */; };
		EEC52E301273803E0064054A /* trees.c in Sources */ = {isa = PBXBuildFile; fileRef = EEC52C891273803E0064054A /* trees.c */; };
		EEC52E311273803E0064054A /* uncompr.c in Sources */ = {isa = PBXBuildFile; fileRef = EEC52C8B1273803E0064054A /* uncompr.c */; };
		EEC52E441273803E0064054A /* zutil.c in Sources */ = {isa = PBXBuildFile; fileRef = EEC52CA21273803E0064054A /* zutil.c */; };
		EEC8D827128DB44D00351601 /* enable.c in Sources */ = {isa = PBXBuildFile; fileRef = EEC52F73127559C40064054A /* enable.c */; };
		EEC8D828128DB44D00351601 /* error.c in Sources */ = {isa = PBXBuildFile; fileRef = EEC52F74127559C40064054A /* error.c */; };
		EEC8D829128DB44D00351601 /* fullscreen.c in Sources */ = {isa = PBXBuildFile; fileRef = EEC52F75127559C40064054A /* fullscreen.c */; };
		EEC8D82A128DB44D00351601 /* gamma.c in Sources */ = {isa = PBXBuildFile; fileRef = EEC52F76127559C40064054A /* gamma.c */; };
		EEC8D82C128DB44D00351601 /* init.c in Sources */ = {isa = PBXBuildFile; fileRef = EEC52F78127559C40064054A /* init.c */; };
		EEC8D82D128DB44D00351601 /* input.c in Sources */ = {isa = PBXBuildFile; fileRef = EEC52F79127559C40064054A /* input.c */; };
		EEC8D82E128DB44D00351601 /* joystick.c in Sources */ = {isa = PBXBuildFile; fileRef = EEC52F7B127559C40064054A /* joystick.c */; };
		EEC8D82F128DB44D00351601 /* time.c in Sources */ = {isa = PBXBuildFile; fileRef = EEC52F7C127559C40064054A /* time.c */; };
		EEC8D830128DB44D00351601 /* window.c in Sources */ = {isa = PBXBuildFile; fileRef = EEC52F8A127559C40064054A /* window.c */; };
		EECBDF9F125D008000BA2BA4 /* OpenAL.framework in Frameworks */ = {isa = PBXBuildFile; fileRef = EECBDF9E125D008000BA2BA4 /* OpenAL.framework */; };
/* End PBXBuildFile section */

/* Begin PBXFileReference section */
		29B97324FDCFA39411CA2CEA /* AppKit.framework */ = {isa = PBXFileReference; lastKnownFileType = wrapper.framework; name = AppKit.framework; path = /System/Library/Frameworks/AppKit.framework; sourceTree = "<absolute>"; };
		29B97325FDCFA39411CA2CEA /* Foundation.framework */ = {isa = PBXFileReference; lastKnownFileType = wrapper.framework; name = Foundation.framework; path = /System/Library/Frameworks/Foundation.framework; sourceTree = "<absolute>"; };
		8D1107310486CEB800E47090 /* Rhythm-Station-Info.plist */ = {isa = PBXFileReference; fileEncoding = 4; lastKnownFileType = text.plist.xml; path = "Rhythm-Station-Info.plist"; sourceTree = "<group>"; };
		8D1107320486CEB800E47090 /* Rhythm-Station.app */ = {isa = PBXFileReference; explicitFileType = wrapper.application; includeInIndex = 0; path = "Rhythm-Station.app"; sourceTree = BUILT_PRODUCTS_DIR; };
		EE07CC0A1279FF1400AAA31F /* png.c */ = {isa = PBXFileReference; fileEncoding = 4; lastKnownFileType = sourcecode.c.c; path = png.c; sourceTree = "<group>"; };
		EE07CC0B1279FF1400AAA31F /* png.h */ = {isa = PBXFileReference; fileEncoding = 4; lastKnownFileType = sourcecode.c.h; path = png.h; sourceTree = "<group>"; };
		EE07CC0E1279FF1400AAA31F /* pngconf.h */ = {isa = PBXFileReference; fileEncoding = 4; lastKnownFileType = sourcecode.c.h; path = pngconf.h; sourceTree = "<group>"; };
		EE07CC0F1279FF1400AAA31F /* pngerror.c */ = {isa = PBXFileReference; fileEncoding = 4; lastKnownFileType = sourcecode.c.c; path = pngerror.c; sourceTree = "<group>"; };
		EE07CC101279FF1400AAA31F /* pngget.c */ = {isa = PBXFileReference; fileEncoding = 4; lastKnownFileType = sourcecode.c.c; path = pngget.c; sourceTree = "<group>"; };
		EE07CC111279FF1400AAA31F /* pngmem.c */ = {isa = PBXFileReference; fileEncoding = 4; lastKnownFileType = sourcecode.c.c; path = pngmem.c; sourceTree = "<group>"; };
		EE07CC131279FF1400AAA31F /* pngpread.c */ = {isa = PBXFileReference; fileEncoding = 4; lastKnownFileType = sourcecode.c.c; path = pngpread.c; sourceTree = "<group>"; };
		EE07CC141279FF1400AAA31F /* pngpriv.h */ = {isa = PBXFileReference; fileEncoding = 4; lastKnownFileType = sourcecode.c.h; path = pngpriv.h; sourceTree = "<group>"; };
		EE07CC151279FF1400AAA31F /* pngread.c */ = {isa = PBXFileReference; fileEncoding = 4; lastKnownFileType = sourcecode.c.c; path = pngread.c; sourceTree = "<group>"; };
		EE07CC161279FF1400AAA31F /* pngrio.c */ = {isa = PBXFileReference; fileEncoding = 4; lastKnownFileType = sourcecode.c.c; path = pngrio.c; sourceTree = "<group>"; };
		EE07CC171279FF1400AAA31F /* pngrtran.c */ = {isa = PBXFileReference; fileEncoding = 4; lastKnownFileType = sourcecode.c.c; path = pngrtran.c; sourceTree = "<group>"; };
		EE07CC181279FF1400AAA31F /* pngrutil.c */ = {isa = PBXFileReference; fileEncoding = 4; lastKnownFileType = sourcecode.c.c; path = pngrutil.c; sourceTree = "<group>"; };
		EE07CC191279FF1400AAA31F /* pngset.c */ = {isa = PBXFileReference; fileEncoding = 4; lastKnownFileType = sourcecode.c.c; path = pngset.c; sourceTree = "<group>"; };
		EE07CC1C1279FF1400AAA31F /* pngtrans.c */ = {isa = PBXFileReference; fileEncoding = 4; lastKnownFileType = sourcecode.c.c; path = pngtrans.c; sourceTree = "<group>"; };
		EE07CC1D1279FF1400AAA31F /* pngwio.c */ = {isa = PBXFileReference; fileEncoding = 4; lastKnownFileType = sourcecode.c.c; path = pngwio.c; sourceTree = "<group>"; };
		EE07CC1E1279FF1400AAA31F /* pngwrite.c */ = {isa = PBXFileReference; fileEncoding = 4; lastKnownFileType = sourcecode.c.c; path = pngwrite.c; sourceTree = "<group>"; };
		EE07CC1F1279FF1400AAA31F /* pngwtran.c */ = {isa = PBXFileReference; fileEncoding = 4; lastKnownFileType = sourcecode.c.c; path = pngwtran.c; sourceTree = "<group>"; };
		EE07CC201279FF1400AAA31F /* pngwutil.c */ = {isa = PBXFileReference; fileEncoding = 4; lastKnownFileType = sourcecode.c.c; path = pngwutil.c; sourceTree = "<group>"; };
		EE133B2A1278216F0047069E /* sqlite3.c */ = {isa = PBXFileReference; fileEncoding = 4; lastKnownFileType = sourcecode.c.c; name = sqlite3.c; path = "sqlite-3.7.3/sqlite3.c"; sourceTree = "<group>"; };
		EE1FCC9213E1F48D00617627 /* cocoa_enable.m */ = {isa = PBXFileReference; fileEncoding = 4; lastKnownFileType = sourcecode.c.objc; path = cocoa_enable.m; sourceTree = "<group>"; };
		EE1FCC9313E1F48D00617627 /* cocoa_fullscreen.m */ = {isa = PBXFileReference; fileEncoding = 4; lastKnownFileType = sourcecode.c.objc; path = cocoa_fullscreen.m; sourceTree = "<group>"; };
		EE1FCC9413E1F48D00617627 /* cocoa_gamma.m */ = {isa = PBXFileReference; fileEncoding = 4; lastKnownFileType = sourcecode.c.objc; path = cocoa_gamma.m; sourceTree = "<group>"; };
		EE1FCC9513E1F48D00617627 /* cocoa_init.m */ = {isa = PBXFileReference; fileEncoding = 4; lastKnownFileType = sourcecode.c.objc; path = cocoa_init.m; sourceTree = "<group>"; };
		EE1FCC9613E1F48D00617627 /* cocoa_joystick.m */ = {isa = PBXFileReference; fileEncoding = 4; lastKnownFileType = sourcecode.c.objc; path = cocoa_joystick.m; sourceTree = "<group>"; };
		EE1FCC9713E1F48D00617627 /* cocoa_opengl.m */ = {isa = PBXFileReference; fileEncoding = 4; lastKnownFileType = sourcecode.c.objc; path = cocoa_opengl.m; sourceTree = "<group>"; };
		EE1FCC9813E1F48D00617627 /* cocoa_platform.h */ = {isa = PBXFileReference; fileEncoding = 4; lastKnownFileType = sourcecode.c.h; path = cocoa_platform.h; sourceTree = "<group>"; };
		EE1FCC9913E1F48D00617627 /* cocoa_time.m */ = {isa = PBXFileReference; fileEncoding = 4; lastKnownFileType = sourcecode.c.objc; path = cocoa_time.m; sourceTree = "<group>"; };
		EE1FCC9A13E1F48D00617627 /* cocoa_window.m */ = {isa = PBXFileReference; fileEncoding = 4; lastKnownFileType = sourcecode.c.objc; path = cocoa_window.m; sourceTree = "<group>"; };
		EE1FCCA813E21F0200617627 /* ByteUtil.h */ = {isa = PBXFileReference; fileEncoding = 4; lastKnownFileType = sourcecode.c.h; path = ByteUtil.h; sourceTree = "<group>"; };
		EE230EC912F9D94300E4C77B /* Themes */ = {isa = PBXFileReference; lastKnownFileType = folder; path = Themes; sourceTree = "<group>"; };
		EE2D1C5E132F6F9E005E2B87 /* opengl.c */ = {isa = PBXFileReference; fileEncoding = 4; lastKnownFileType = sourcecode.c.c; path = opengl.c; sourceTree = "<group>"; };
		EE2EAC7C13785F31007FA34A /* main.cpp */ = {isa = PBXFileReference; fileEncoding = 4; lastKnownFileType = sourcecode.cpp.cpp; path = main.cpp; sourceTree = "<group>"; };
		EE2EAC90137860E5007FA34A /* RStation.h */ = {isa = PBXFileReference; fileEncoding = 4; lastKnownFileType = sourcecode.c.h; path = RStation.h; sourceTree = "<group>"; };
		EE2EAC91137860E5007FA34A /* RStation.cpp */ = {isa = PBXFileReference; fileEncoding = 4; lastKnownFileType = sourcecode.cpp.cpp; path = RStation.cpp; sourceTree = "<group>"; };
		EE2EAC9A13786CFE007FA34A /* ScreenManager.h */ = {isa = PBXFileReference; fileEncoding = 4; lastKnownFileType = sourcecode.c.h; path = ScreenManager.h; sourceTree = "<group>"; };
		EE2EAC9B13786CFE007FA34A /* ScreenManager.cpp */ = {isa = PBXFileReference; fileEncoding = 4; lastKnownFileType = sourcecode.cpp.cpp; path = ScreenManager.cpp; sourceTree = "<group>"; };
		EE2EACBC13786D9C007FA34A /* Singleton.h */ = {isa = PBXFileReference; fileEncoding = 4; lastKnownFileType = sourcecode.c.h; path = Singleton.h; sourceTree = "<group>"; };
		EE2EAD2B13790F8B007FA34A /* Screen.h */ = {isa = PBXFileReference; fileEncoding = 4; lastKnownFileType = sourcecode.c.h; path = Screen.h; sourceTree = "<group>"; };
		EE2EAD5313791DB4007FA34A /* Logger.cpp */ = {isa = PBXFileReference; fileEncoding = 4; lastKnownFileType = sourcecode.cpp.cpp; path = Logger.cpp; sourceTree = "<group>"; };
		EE2EAD5413791DB4007FA34A /* Logger.h */ = {isa = PBXFileReference; fileEncoding = 4; lastKnownFileType = sourcecode.c.h; path = Logger.h; sourceTree = "<group>"; };
		EE2EAE191379CAF4007FA34A /* ThreadGroup.cpp */ = {isa = PBXFileReference; fileEncoding = 4; lastKnownFileType = sourcecode.cpp.cpp; path = ThreadGroup.cpp; sourceTree = "<group>"; };
		EE2EAE1A1379CAF4007FA34A /* ThreadGroup.h */ = {isa = PBXFileReference; fileEncoding = 4; lastKnownFileType = sourcecode.c.h; path = ThreadGroup.h; sourceTree = "<group>"; };
		EE2EAE1B1379CAF4007FA34A /* Threads_pthreads.cpp */ = {isa = PBXFileReference; fileEncoding = 4; lastKnownFileType = sourcecode.cpp.cpp; path = Threads_pthreads.cpp; sourceTree = "<group>"; };
		EE2EAE1C1379CAF4007FA34A /* Threads_pthreads.h */ = {isa = PBXFileReference; fileEncoding = 4; lastKnownFileType = sourcecode.c.h; path = Threads_pthreads.h; sourceTree = "<group>"; };
		EE2EAE511379CBE4007FA34A /* libfftw3.a */ = {isa = PBXFileReference; lastKnownFileType = archive.ar; name = libfftw3.a; path = src/arch/osx/libfftw3.a; sourceTree = "<group>"; };
		EE2EAE521379CBE4007FA34A /* libfreetype.a */ = {isa = PBXFileReference; lastKnownFileType = archive.ar; name = libfreetype.a; path = src/arch/osx/libfreetype.a; sourceTree = "<group>"; };
		EE2EAE531379CBE4007FA34A /* libvorbis.a */ = {isa = PBXFileReference; lastKnownFileType = archive.ar; name = libvorbis.a; path = src/arch/osx/libvorbis.a; sourceTree = "<group>"; };
		EE2EAE5D1379CDE8007FA34A /* Screen.cpp */ = {isa = PBXFileReference; fileEncoding = 4; lastKnownFileType = sourcecode.cpp.cpp; path = Screen.cpp; sourceTree = "<group>"; };
		EE2EAECC1379DFFE007FA34A /* Message.h */ = {isa = PBXFileReference; fileEncoding = 4; lastKnownFileType = sourcecode.c.h; path = Message.h; sourceTree = "<group>"; };
		EE2EAF0C1379ED84007FA34A /* InputManager.cpp */ = {isa = PBXFileReference; fileEncoding = 4; lastKnownFileType = sourcecode.cpp.cpp; path = InputManager.cpp; sourceTree = "<group>"; };
		EE2EAF0D1379ED84007FA34A /* InputManager.h */ = {isa = PBXFileReference; fileEncoding = 4; lastKnownFileType = sourcecode.c.h; path = InputManager.h; sourceTree = "<group>"; };
		EE2EAF461379F483007FA34A /* ButtonState.cpp */ = {isa = PBXFileReference; fileEncoding = 4; lastKnownFileType = sourcecode.cpp.cpp; path = ButtonState.cpp; sourceTree = "<group>"; };
		EE2EAF471379F483007FA34A /* ButtonState.h */ = {isa = PBXFileReference; fileEncoding = 4; lastKnownFileType = sourcecode.c.h; path = ButtonState.h; sourceTree = "<group>"; };
		EE2EAF491379F483007FA34A /* Inputs.h */ = {isa = PBXFileReference; fileEncoding = 4; lastKnownFileType = sourcecode.c.h; path = Inputs.h; sourceTree = "<group>"; };
		EE2EAF4D1379F4A4007FA34A /* Timer.cpp */ = {isa = PBXFileReference; fileEncoding = 4; lastKnownFileType = sourcecode.cpp.cpp; path = Timer.cpp; sourceTree = "<group>"; };
		EE2EAF4E1379F4A4007FA34A /* Timer.h */ = {isa = PBXFileReference; fileEncoding = 4; lastKnownFileType = sourcecode.c.h; path = Timer.h; sourceTree = "<group>"; };
		EE4B7575141AB27200178A4D /* MessageManager.cpp */ = {isa = PBXFileReference; fileEncoding = 4; lastKnownFileType = sourcecode.cpp.cpp; path = MessageManager.cpp; sourceTree = "<group>"; };
		EE4B7578141AB29300178A4D /* MessageManager.h */ = {isa = PBXFileReference; fileEncoding = 4; lastKnownFileType = sourcecode.c.h; path = MessageManager.h; sourceTree = "<group>"; };
		EE4B7579141AB33500178A4D /* Message.cpp */ = {isa = PBXFileReference; fileEncoding = 4; lastKnownFileType = sourcecode.cpp.cpp; path = Message.cpp; sourceTree = "<group>"; };
		EE4B757B141E7CE100178A4D /* ScreenTestDrawing.cpp */ = {isa = PBXFileReference; fileEncoding = 4; lastKnownFileType = sourcecode.cpp.cpp; path = ScreenTestDrawing.cpp; sourceTree = "<group>"; };
		EE4B757D141E7CEC00178A4D /* ScreenTestDrawing.h */ = {isa = PBXFileReference; fileEncoding = 4; lastKnownFileType = sourcecode.c.h; path = ScreenTestDrawing.h; sourceTree = "<group>"; };
		EE51F2E812EB4B74003A241E /* ConvertUTF.c */ = {isa = PBXFileReference; fileEncoding = 4; lastKnownFileType = sourcecode.c.c; path = ConvertUTF.c; sourceTree = "<group>"; };
		EE51F2E912EB4B74003A241E /* ConvertUTF.h */ = {isa = PBXFileReference; fileEncoding = 4; lastKnownFileType = sourcecode.c.h; path = ConvertUTF.h; sourceTree = "<group>"; };
		EE51F2EF12EB4B74003A241E /* SimpleIni.h */ = {isa = PBXFileReference; fileEncoding = 4; lastKnownFileType = sourcecode.c.h; path = SimpleIni.h; sourceTree = "<group>"; };
		EE5A953212A79DC900FBEFCE /* IOKit.framework */ = {isa = PBXFileReference; lastKnownFileType = wrapper.framework; name = IOKit.framework; path = System/Library/Frameworks/IOKit.framework; sourceTree = SDKROOT; };
		EE747FC5127E55B200E4A8FA /* Data */ = {isa = PBXFileReference; lastKnownFileType = folder; path = Data; sourceTree = "<group>"; };
		EE8699BB147C4E82001322AF /* Shader.h */ = {isa = PBXFileReference; fileEncoding = 4; lastKnownFileType = sourcecode.c.h; name = Shader.h; path = renderers/gl3/Shader.h; sourceTree = "<group>"; };
		EE8699BD147C75BB001322AF /* ShaderStage.cpp */ = {isa = PBXFileReference; fileEncoding = 4; lastKnownFileType = sourcecode.cpp.cpp; name = ShaderStage.cpp; path = renderers/gl3/ShaderStage.cpp; sourceTree = "<group>"; };
		EE8699BF147C762B001322AF /* ShaderProgram.cpp */ = {isa = PBXFileReference; fileEncoding = 4; lastKnownFileType = sourcecode.cpp.cpp; name = ShaderProgram.cpp; path = renderers/gl3/ShaderProgram.cpp; sourceTree = "<group>"; };
		EE8699C4147D8F44001322AF /* ShaderBase.cpp */ = {isa = PBXFileReference; fileEncoding = 4; lastKnownFileType = sourcecode.cpp.cpp; name = ShaderBase.cpp; path = renderers/gl3/ShaderBase.cpp; sourceTree = "<group>"; };
		EE8699C6147D9839001322AF /* Error.h */ = {isa = PBXFileReference; fileEncoding = 4; lastKnownFileType = sourcecode.c.h; name = Error.h; path = renderers/gl3/Error.h; sourceTree = "<group>"; };
		EE915DE21255CB9300F0B0B3 /* Cocoa.framework */ = {isa = PBXFileReference; lastKnownFileType = wrapper.framework; name = Cocoa.framework; path = System/Library/Frameworks/Cocoa.framework; sourceTree = SDKROOT; };
		EE915DE61255CB9300F0B0B3 /* OpenGL.framework */ = {isa = PBXFileReference; lastKnownFileType = wrapper.framework; name = OpenGL.framework; path = System/Library/Frameworks/OpenGL.framework; sourceTree = SDKROOT; };
		EE91988C140986690072CB09 /* DisplayManager.cpp */ = {isa = PBXFileReference; fileEncoding = 4; lastKnownFileType = sourcecode.cpp.cpp; path = DisplayManager.cpp; sourceTree = "<group>"; };
		EE91988D140986690072CB09 /* DisplayManager.h */ = {isa = PBXFileReference; fileEncoding = 4; lastKnownFileType = sourcecode.c.h; path = DisplayManager.h; sourceTree = "<group>"; };
		EE919890140C01DB0072CB09 /* bstrlib.c */ = {isa = PBXFileReference; fileEncoding = 4; lastKnownFileType = sourcecode.c.c; path = bstrlib.c; sourceTree = "<group>"; };
		EE919891140C01DB0072CB09 /* bstrlib.h */ = {isa = PBXFileReference; fileEncoding = 4; lastKnownFileType = sourcecode.c.h; path = bstrlib.h; sourceTree = "<group>"; };
		EE919892140C01DB0072CB09 /* glsw.c */ = {isa = PBXFileReference; fileEncoding = 4; lastKnownFileType = sourcecode.c.c; path = glsw.c; sourceTree = "<group>"; };
		EE919893140C01DB0072CB09 /* glsw.h */ = {isa = PBXFileReference; fileEncoding = 4; lastKnownFileType = sourcecode.c.h; path = glsw.h; sourceTree = "<group>"; };
		EE919898140D457A0072CB09 /* LuaManager.cpp */ = {isa = PBXFileReference; fileEncoding = 4; lastKnownFileType = sourcecode.cpp.cpp; path = LuaManager.cpp; sourceTree = "<group>"; };
		EE91989A140D45860072CB09 /* LuaManager.h */ = {isa = PBXFileReference; fileEncoding = 4; lastKnownFileType = sourcecode.c.h; path = LuaManager.h; sourceTree = "<group>"; };
		EE91989B140D486F0072CB09 /* FileManager.cpp */ = {isa = PBXFileReference; fileEncoding = 4; lastKnownFileType = sourcecode.cpp.cpp; path = FileManager.cpp; sourceTree = "<group>"; };
		EE91989D140D487A0072CB09 /* FileManager.h */ = {isa = PBXFileReference; fileEncoding = 4; lastKnownFileType = sourcecode.c.h; path = FileManager.h; sourceTree = "<group>"; };
		EE9198A3140EA4960072CB09 /* gl3.h */ = {isa = PBXFileReference; fileEncoding = 4; lastKnownFileType = sourcecode.c.h; path = gl3.h; sourceTree = "<group>"; };
		EE9198A4140EA4960072CB09 /* gl3w.h */ = {isa = PBXFileReference; fileEncoding = 4; lastKnownFileType = sourcecode.c.h; path = gl3w.h; sourceTree = "<group>"; };
		EE9198A8140EA4960072CB09 /* gl3w.c */ = {isa = PBXFileReference; fileEncoding = 4; lastKnownFileType = sourcecode.c.c; path = gl3w.c; sourceTree = "<group>"; };
		EEAB1AA3126F5440004FE58D /* lapi.c */ = {isa = PBXFileReference; fileEncoding = 4; lastKnownFileType = sourcecode.c.c; path = lapi.c; sourceTree = "<group>"; };
		EEAB1AA4126F5440004FE58D /* lapi.h */ = {isa = PBXFileReference; fileEncoding = 4; lastKnownFileType = sourcecode.c.h; path = lapi.h; sourceTree = "<group>"; };
		EEAB1AA5126F5440004FE58D /* lauxlib.c */ = {isa = PBXFileReference; fileEncoding = 4; lastKnownFileType = sourcecode.c.c; path = lauxlib.c; sourceTree = "<group>"; };
		EEAB1AA6126F5440004FE58D /* lauxlib.h */ = {isa = PBXFileReference; fileEncoding = 4; lastKnownFileType = sourcecode.c.h; path = lauxlib.h; sourceTree = "<group>"; };
		EEAB1AA7126F5440004FE58D /* lbaselib.c */ = {isa = PBXFileReference; fileEncoding = 4; lastKnownFileType = sourcecode.c.c; path = lbaselib.c; sourceTree = "<group>"; };
		EEAB1AA8126F5440004FE58D /* lcode.c */ = {isa = PBXFileReference; fileEncoding = 4; lastKnownFileType = sourcecode.c.c; path = lcode.c; sourceTree = "<group>"; };
		EEAB1AA9126F5440004FE58D /* lcode.h */ = {isa = PBXFileReference; fileEncoding = 4; lastKnownFileType = sourcecode.c.h; path = lcode.h; sourceTree = "<group>"; };
		EEAB1AAA126F5440004FE58D /* ldblib.c */ = {isa = PBXFileReference; fileEncoding = 4; lastKnownFileType = sourcecode.c.c; path = ldblib.c; sourceTree = "<group>"; };
		EEAB1AAB126F5440004FE58D /* ldebug.c */ = {isa = PBXFileReference; fileEncoding = 4; lastKnownFileType = sourcecode.c.c; path = ldebug.c; sourceTree = "<group>"; };
		EEAB1AAC126F5440004FE58D /* ldebug.h */ = {isa = PBXFileReference; fileEncoding = 4; lastKnownFileType = sourcecode.c.h; path = ldebug.h; sourceTree = "<group>"; };
		EEAB1AAD126F5440004FE58D /* ldo.c */ = {isa = PBXFileReference; fileEncoding = 4; lastKnownFileType = sourcecode.c.c; path = ldo.c; sourceTree = "<group>"; };
		EEAB1AAE126F5440004FE58D /* ldo.h */ = {isa = PBXFileReference; fileEncoding = 4; lastKnownFileType = sourcecode.c.h; path = ldo.h; sourceTree = "<group>"; };
		EEAB1AAF126F5440004FE58D /* ldump.c */ = {isa = PBXFileReference; fileEncoding = 4; lastKnownFileType = sourcecode.c.c; path = ldump.c; sourceTree = "<group>"; };
		EEAB1AB0126F5440004FE58D /* lfunc.c */ = {isa = PBXFileReference; fileEncoding = 4; lastKnownFileType = sourcecode.c.c; path = lfunc.c; sourceTree = "<group>"; };
		EEAB1AB1126F5440004FE58D /* lfunc.h */ = {isa = PBXFileReference; fileEncoding = 4; lastKnownFileType = sourcecode.c.h; path = lfunc.h; sourceTree = "<group>"; };
		EEAB1AB2126F5440004FE58D /* lgc.c */ = {isa = PBXFileReference; fileEncoding = 4; lastKnownFileType = sourcecode.c.c; path = lgc.c; sourceTree = "<group>"; };
		EEAB1AB3126F5440004FE58D /* lgc.h */ = {isa = PBXFileReference; fileEncoding = 4; lastKnownFileType = sourcecode.c.h; path = lgc.h; sourceTree = "<group>"; };
		EEAB1AB4126F5440004FE58D /* linit.c */ = {isa = PBXFileReference; fileEncoding = 4; lastKnownFileType = sourcecode.c.c; path = linit.c; sourceTree = "<group>"; };
		EEAB1AB5126F5440004FE58D /* liolib.c */ = {isa = PBXFileReference; fileEncoding = 4; lastKnownFileType = sourcecode.c.c; path = liolib.c; sourceTree = "<group>"; };
		EEAB1AB6126F5440004FE58D /* llex.c */ = {isa = PBXFileReference; fileEncoding = 4; lastKnownFileType = sourcecode.c.c; path = llex.c; sourceTree = "<group>"; };
		EEAB1AB7126F5440004FE58D /* llex.h */ = {isa = PBXFileReference; fileEncoding = 4; lastKnownFileType = sourcecode.c.h; path = llex.h; sourceTree = "<group>"; };
		EEAB1AB8126F5440004FE58D /* llimits.h */ = {isa = PBXFileReference; fileEncoding = 4; lastKnownFileType = sourcecode.c.h; path = llimits.h; sourceTree = "<group>"; };
		EEAB1AB9126F5440004FE58D /* lmathlib.c */ = {isa = PBXFileReference; fileEncoding = 4; lastKnownFileType = sourcecode.c.c; path = lmathlib.c; sourceTree = "<group>"; };
		EEAB1ABA126F5440004FE58D /* lmem.c */ = {isa = PBXFileReference; fileEncoding = 4; lastKnownFileType = sourcecode.c.c; path = lmem.c; sourceTree = "<group>"; };
		EEAB1ABB126F5440004FE58D /* lmem.h */ = {isa = PBXFileReference; fileEncoding = 4; lastKnownFileType = sourcecode.c.h; path = lmem.h; sourceTree = "<group>"; };
		EEAB1ABC126F5440004FE58D /* loadlib.c */ = {isa = PBXFileReference; fileEncoding = 4; lastKnownFileType = sourcecode.c.c; path = loadlib.c; sourceTree = "<group>"; };
		EEAB1ABD126F5440004FE58D /* lobject.c */ = {isa = PBXFileReference; fileEncoding = 4; lastKnownFileType = sourcecode.c.c; path = lobject.c; sourceTree = "<group>"; };
		EEAB1ABE126F5440004FE58D /* lobject.h */ = {isa = PBXFileReference; fileEncoding = 4; lastKnownFileType = sourcecode.c.h; path = lobject.h; sourceTree = "<group>"; };
		EEAB1ABF126F5440004FE58D /* lopcodes.c */ = {isa = PBXFileReference; fileEncoding = 4; lastKnownFileType = sourcecode.c.c; path = lopcodes.c; sourceTree = "<group>"; };
		EEAB1AC0126F5440004FE58D /* lopcodes.h */ = {isa = PBXFileReference; fileEncoding = 4; lastKnownFileType = sourcecode.c.h; path = lopcodes.h; sourceTree = "<group>"; };
		EEAB1AC1126F5440004FE58D /* loslib.c */ = {isa = PBXFileReference; fileEncoding = 4; lastKnownFileType = sourcecode.c.c; path = loslib.c; sourceTree = "<group>"; };
		EEAB1AC2126F5440004FE58D /* lparser.c */ = {isa = PBXFileReference; fileEncoding = 4; lastKnownFileType = sourcecode.c.c; path = lparser.c; sourceTree = "<group>"; };
		EEAB1AC3126F5440004FE58D /* lparser.h */ = {isa = PBXFileReference; fileEncoding = 4; lastKnownFileType = sourcecode.c.h; path = lparser.h; sourceTree = "<group>"; };
		EEAB1AC4126F5440004FE58D /* lstate.c */ = {isa = PBXFileReference; fileEncoding = 4; lastKnownFileType = sourcecode.c.c; path = lstate.c; sourceTree = "<group>"; };
		EEAB1AC5126F5440004FE58D /* lstate.h */ = {isa = PBXFileReference; fileEncoding = 4; lastKnownFileType = sourcecode.c.h; path = lstate.h; sourceTree = "<group>"; };
		EEAB1AC6126F5440004FE58D /* lstring.c */ = {isa = PBXFileReference; fileEncoding = 4; lastKnownFileType = sourcecode.c.c; path = lstring.c; sourceTree = "<group>"; };
		EEAB1AC7126F5440004FE58D /* lstring.h */ = {isa = PBXFileReference; fileEncoding = 4; lastKnownFileType = sourcecode.c.h; path = lstring.h; sourceTree = "<group>"; };
		EEAB1AC8126F5440004FE58D /* lstrlib.c */ = {isa = PBXFileReference; fileEncoding = 4; lastKnownFileType = sourcecode.c.c; path = lstrlib.c; sourceTree = "<group>"; };
		EEAB1AC9126F5440004FE58D /* ltable.c */ = {isa = PBXFileReference; fileEncoding = 4; lastKnownFileType = sourcecode.c.c; path = ltable.c; sourceTree = "<group>"; };
		EEAB1ACA126F5440004FE58D /* ltable.h */ = {isa = PBXFileReference; fileEncoding = 4; lastKnownFileType = sourcecode.c.h; path = ltable.h; sourceTree = "<group>"; };
		EEAB1ACB126F5440004FE58D /* ltablib.c */ = {isa = PBXFileReference; fileEncoding = 4; lastKnownFileType = sourcecode.c.c; path = ltablib.c; sourceTree = "<group>"; };
		EEAB1ACC126F5440004FE58D /* ltm.c */ = {isa = PBXFileReference; fileEncoding = 4; lastKnownFileType = sourcecode.c.c; path = ltm.c; sourceTree = "<group>"; };
		EEAB1ACD126F5440004FE58D /* ltm.h */ = {isa = PBXFileReference; fileEncoding = 4; lastKnownFileType = sourcecode.c.h; path = ltm.h; sourceTree = "<group>"; };
		EEAB1ACF126F5440004FE58D /* lua.h */ = {isa = PBXFileReference; fileEncoding = 4; lastKnownFileType = sourcecode.c.h; path = lua.h; sourceTree = "<group>"; };
		EEAB1AD1126F5440004FE58D /* luaconf.h */ = {isa = PBXFileReference; fileEncoding = 4; lastKnownFileType = sourcecode.c.h; path = luaconf.h; sourceTree = "<group>"; };
		EEAB1AD2126F5440004FE58D /* lualib.h */ = {isa = PBXFileReference; fileEncoding = 4; lastKnownFileType = sourcecode.c.h; path = lualib.h; sourceTree = "<group>"; };
		EEAB1AD3126F5440004FE58D /* lundump.c */ = {isa = PBXFileReference; fileEncoding = 4; lastKnownFileType = sourcecode.c.c; path = lundump.c; sourceTree = "<group>"; };
		EEAB1AD4126F5440004FE58D /* lundump.h */ = {isa = PBXFileReference; fileEncoding = 4; lastKnownFileType = sourcecode.c.h; path = lundump.h; sourceTree = "<group>"; };
		EEAB1AD5126F5440004FE58D /* lvm.c */ = {isa = PBXFileReference; fileEncoding = 4; lastKnownFileType = sourcecode.c.c; path = lvm.c; sourceTree = "<group>"; };
		EEAB1AD6126F5440004FE58D /* lvm.h */ = {isa = PBXFileReference; fileEncoding = 4; lastKnownFileType = sourcecode.c.h; path = lvm.h; sourceTree = "<group>"; };
		EEAB1AD7126F5440004FE58D /* lzio.c */ = {isa = PBXFileReference; fileEncoding = 4; lastKnownFileType = sourcecode.c.c; path = lzio.c; sourceTree = "<group>"; };
		EEAB1AD8126F5440004FE58D /* lzio.h */ = {isa = PBXFileReference; fileEncoding = 4; lastKnownFileType = sourcecode.c.h; path = lzio.h; sourceTree = "<group>"; };
		EEAB1ADB126F5440004FE58D /* print.c */ = {isa = PBXFileReference; fileEncoding = 4; lastKnownFileType = sourcecode.c.c; path = print.c; sourceTree = "<group>"; };
		EEB0CBE81337BA8200DE0724 /* rhythm-station.icns */ = {isa = PBXFileReference; lastKnownFileType = image.icns; name = "rhythm-station.icns"; path = "assets/rhythm-station.icns"; sourceTree = "<group>"; };
		EEC52B9B1273803D0064054A /* adler32.c */ = {isa = PBXFileReference; fileEncoding = 4; lastKnownFileType = sourcecode.c.c; path = adler32.c; sourceTree = "<group>"; };
		EEC52C3F1273803E0064054A /* crc32.c */ = {isa = PBXFileReference; fileEncoding = 4; lastKnownFileType = sourcecode.c.c; path = crc32.c; sourceTree = "<group>"; };
		EEC52C401273803E0064054A /* crc32.h */ = {isa = PBXFileReference; fileEncoding = 4; lastKnownFileType = sourcecode.c.h; path = crc32.h; sourceTree = "<group>"; };
		EEC52C411273803E0064054A /* deflate.c */ = {isa = PBXFileReference; fileEncoding = 4; lastKnownFileType = sourcecode.c.c; path = deflate.c; sourceTree = "<group>"; };
		EEC52C421273803E0064054A /* deflate.h */ = {isa = PBXFileReference; fileEncoding = 4; lastKnownFileType = sourcecode.c.h; path = deflate.h; sourceTree = "<group>"; };
		EEC52C571273803E0064054A /* gzclose.c */ = {isa = PBXFileReference; fileEncoding = 4; lastKnownFileType = sourcecode.c.c; path = gzclose.c; sourceTree = "<group>"; };
		EEC52C581273803E0064054A /* gzguts.h */ = {isa = PBXFileReference; fileEncoding = 4; lastKnownFileType = sourcecode.c.h; path = gzguts.h; sourceTree = "<group>"; };
		EEC52C591273803E0064054A /* gzlib.c */ = {isa = PBXFileReference; fileEncoding = 4; lastKnownFileType = sourcecode.c.c; path = gzlib.c; sourceTree = "<group>"; };
		EEC52C5A1273803E0064054A /* gzread.c */ = {isa = PBXFileReference; fileEncoding = 4; lastKnownFileType = sourcecode.c.c; path = gzread.c; sourceTree = "<group>"; };
		EEC52C5B1273803E0064054A /* gzwrite.c */ = {isa = PBXFileReference; fileEncoding = 4; lastKnownFileType = sourcecode.c.c; path = gzwrite.c; sourceTree = "<group>"; };
		EEC52C5D1273803E0064054A /* infback.c */ = {isa = PBXFileReference; fileEncoding = 4; lastKnownFileType = sourcecode.c.c; path = infback.c; sourceTree = "<group>"; };
		EEC52C5E1273803E0064054A /* inffast.c */ = {isa = PBXFileReference; fileEncoding = 4; lastKnownFileType = sourcecode.c.c; path = inffast.c; sourceTree = "<group>"; };
		EEC52C5F1273803E0064054A /* inffast.h */ = {isa = PBXFileReference; fileEncoding = 4; lastKnownFileType = sourcecode.c.h; path = inffast.h; sourceTree = "<group>"; };
		EEC52C601273803E0064054A /* inffixed.h */ = {isa = PBXFileReference; fileEncoding = 4; lastKnownFileType = sourcecode.c.h; path = inffixed.h; sourceTree = "<group>"; };
		EEC52C611273803E0064054A /* inflate.c */ = {isa = PBXFileReference; fileEncoding = 4; lastKnownFileType = sourcecode.c.c; path = inflate.c; sourceTree = "<group>"; };
		EEC52C621273803E0064054A /* inflate.h */ = {isa = PBXFileReference; fileEncoding = 4; lastKnownFileType = sourcecode.c.h; path = inflate.h; sourceTree = "<group>"; };
		EEC52C631273803E0064054A /* inftrees.c */ = {isa = PBXFileReference; fileEncoding = 4; lastKnownFileType = sourcecode.c.c; path = inftrees.c; sourceTree = "<group>"; };
		EEC52C641273803E0064054A /* inftrees.h */ = {isa = PBXFileReference; fileEncoding = 4; lastKnownFileType = sourcecode.c.h; path = inftrees.h; sourceTree = "<group>"; };
		EEC52C891273803E0064054A /* trees.c */ = {isa = PBXFileReference; fileEncoding = 4; lastKnownFileType = sourcecode.c.c; path = trees.c; sourceTree = "<group>"; };
		EEC52C8A1273803E0064054A /* trees.h */ = {isa = PBXFileReference; fileEncoding = 4; lastKnownFileType = sourcecode.c.h; path = trees.h; sourceTree = "<group>"; };
		EEC52C8B1273803E0064054A /* uncompr.c */ = {isa = PBXFileReference; fileEncoding = 4; lastKnownFileType = sourcecode.c.c; path = uncompr.c; sourceTree = "<group>"; };
		EEC52C991273803E0064054A /* zconf.h */ = {isa = PBXFileReference; fileEncoding = 4; lastKnownFileType = sourcecode.c.h; path = zconf.h; sourceTree = "<group>"; };
		EEC52C9E1273803E0064054A /* zlib.h */ = {isa = PBXFileReference; fileEncoding = 4; lastKnownFileType = sourcecode.c.h; path = zlib.h; sourceTree = "<group>"; };
		EEC52CA21273803E0064054A /* zutil.c */ = {isa = PBXFileReference; fileEncoding = 4; lastKnownFileType = sourcecode.c.c; path = zutil.c; sourceTree = "<group>"; };
		EEC52CA31273803E0064054A /* zutil.h */ = {isa = PBXFileReference; fileEncoding = 4; lastKnownFileType = sourcecode.c.h; path = zutil.h; sourceTree = "<group>"; };
		EEC52F73127559C40064054A /* enable.c */ = {isa = PBXFileReference; fileEncoding = 4; lastKnownFileType = sourcecode.c.c; path = enable.c; sourceTree = "<group>"; };
		EEC52F74127559C40064054A /* error.c */ = {isa = PBXFileReference; fileEncoding = 4; lastKnownFileType = sourcecode.c.c; path = error.c; sourceTree = "<group>"; };
		EEC52F75127559C40064054A /* fullscreen.c */ = {isa = PBXFileReference; fileEncoding = 4; lastKnownFileType = sourcecode.c.c; path = fullscreen.c; sourceTree = "<group>"; };
		EEC52F76127559C40064054A /* gamma.c */ = {isa = PBXFileReference; fileEncoding = 4; lastKnownFileType = sourcecode.c.c; path = gamma.c; sourceTree = "<group>"; };
		EEC52F78127559C40064054A /* init.c */ = {isa = PBXFileReference; fileEncoding = 4; lastKnownFileType = sourcecode.c.c; path = init.c; sourceTree = "<group>"; };
		EEC52F79127559C40064054A /* input.c */ = {isa = PBXFileReference; fileEncoding = 4; lastKnownFileType = sourcecode.c.c; path = input.c; sourceTree = "<group>"; };
		EEC52F7A127559C40064054A /* internal.h */ = {isa = PBXFileReference; fileEncoding = 4; lastKnownFileType = sourcecode.c.h; path = internal.h; sourceTree = "<group>"; };
		EEC52F7B127559C40064054A /* joystick.c */ = {isa = PBXFileReference; fileEncoding = 4; lastKnownFileType = sourcecode.c.c; path = joystick.c; sourceTree = "<group>"; };
		EEC52F7C127559C40064054A /* time.c */ = {isa = PBXFileReference; fileEncoding = 4; lastKnownFileType = sourcecode.c.c; path = time.c; sourceTree = "<group>"; };
		EEC52F8A127559C40064054A /* window.c */ = {isa = PBXFileReference; fileEncoding = 4; lastKnownFileType = sourcecode.c.c; path = window.c; sourceTree = "<group>"; };
		EEC52FD1127559F30064054A /* config.h */ = {isa = PBXFileReference; fileEncoding = 4; lastKnownFileType = sourcecode.c.h; name = config.h; path = extern/config.h; sourceTree = SOURCE_ROOT; };
		EECBDF9E125D008000BA2BA4 /* OpenAL.framework */ = {isa = PBXFileReference; lastKnownFileType = wrapper.framework; name = OpenAL.framework; path = System/Library/Frameworks/OpenAL.framework; sourceTree = SDKROOT; };
/* End PBXFileReference section */

/* Begin PBXFrameworksBuildPhase section */
		8D11072E0486CEB800E47090 /* Frameworks */ = {
			isa = PBXFrameworksBuildPhase;
			buildActionMask = 2147483647;
			files = (
				EE915E411255CCD200F0B0B3 /* Cocoa.framework in Frameworks */,
				EE915EA01255D7B200F0B0B3 /* OpenGL.framework in Frameworks */,
				EECBDF9F125D008000BA2BA4 /* OpenAL.framework in Frameworks */,
				EE5A953312A79DC900FBEFCE /* IOKit.framework in Frameworks */,
			);
			runOnlyForDeploymentPostprocessing = 0;
		};
/* End PBXFrameworksBuildPhase section */

/* Begin PBXGroup section */
		19C28FACFE9D520D11CA2CBB /* Products */ = {
			isa = PBXGroup;
			children = (
				8D1107320486CEB800E47090 /* Rhythm-Station.app */,
			);
			name = Products;
			sourceTree = "<group>";
		};
		29B97314FDCFA39411CA2CEA /* ryr */ = {
			isa = PBXGroup;
			children = (
				EE915DED1255CBB100F0B0B3 /* extern */,
				EE915DEC1255CBA900F0B0B3 /* src */,
				29B97317FDCFA39411CA2CEA /* Resources */,
				29B97323FDCFA39411CA2CEA /* Frameworks */,
				19C28FACFE9D520D11CA2CBB /* Products */,
			);
			name = ryr;
			sourceTree = "<group>";
		};
		29B97317FDCFA39411CA2CEA /* Resources */ = {
			isa = PBXGroup;
			children = (
				EEB0CBE81337BA8200DE0724 /* rhythm-station.icns */,
				EE747FC5127E55B200E4A8FA /* Data */,
				EE230EC912F9D94300E4C77B /* Themes */,
				8D1107310486CEB800E47090 /* Rhythm-Station-Info.plist */,
			);
			name = Resources;
			sourceTree = "<group>";
		};
		29B97323FDCFA39411CA2CEA /* Frameworks */ = {
			isa = PBXGroup;
			children = (
				EE2EAE511379CBE4007FA34A /* libfftw3.a */,
				EE2EAE521379CBE4007FA34A /* libfreetype.a */,
				EE2EAE531379CBE4007FA34A /* libvorbis.a */,
				29B97324FDCFA39411CA2CEA /* AppKit.framework */,
				EE915DE21255CB9300F0B0B3 /* Cocoa.framework */,
				29B97325FDCFA39411CA2CEA /* Foundation.framework */,
				EECBDF9E125D008000BA2BA4 /* OpenAL.framework */,
				EE915DE61255CB9300F0B0B3 /* OpenGL.framework */,
				EE5A953212A79DC900FBEFCE /* IOKit.framework */,
			);
			name = Frameworks;
			sourceTree = "<group>";
		};
		EE07CB921279FF1400AAA31F /* libpng-1.4.4 */ = {
			isa = PBXGroup;
			children = (
				EE07CC0A1279FF1400AAA31F /* png.c */,
				EE07CC0B1279FF1400AAA31F /* png.h */,
				EE07CC0E1279FF1400AAA31F /* pngconf.h */,
				EE07CC0F1279FF1400AAA31F /* pngerror.c */,
				EE07CC101279FF1400AAA31F /* pngget.c */,
				EE07CC111279FF1400AAA31F /* pngmem.c */,
				EE07CC131279FF1400AAA31F /* pngpread.c */,
				EE07CC141279FF1400AAA31F /* pngpriv.h */,
				EE07CC151279FF1400AAA31F /* pngread.c */,
				EE07CC161279FF1400AAA31F /* pngrio.c */,
				EE07CC171279FF1400AAA31F /* pngrtran.c */,
				EE07CC181279FF1400AAA31F /* pngrutil.c */,
				EE07CC191279FF1400AAA31F /* pngset.c */,
				EE07CC1C1279FF1400AAA31F /* pngtrans.c */,
				EE07CC1D1279FF1400AAA31F /* pngwio.c */,
				EE07CC1E1279FF1400AAA31F /* pngwrite.c */,
				EE07CC1F1279FF1400AAA31F /* pngwtran.c */,
				EE07CC201279FF1400AAA31F /* pngwutil.c */,
			);
			path = "libpng-1.4.4";
			sourceTree = "<group>";
		};
		EE2EAC9913786CE7007FA34A /* managers */ = {
			isa = PBXGroup;
			children = (
				EE91988C140986690072CB09 /* DisplayManager.cpp */,
				EE91988D140986690072CB09 /* DisplayManager.h */,
				EE91989B140D486F0072CB09 /* FileManager.cpp */,
				EE91989D140D487A0072CB09 /* FileManager.h */,
				EE2EAF0C1379ED84007FA34A /* InputManager.cpp */,
				EE2EAF0D1379ED84007FA34A /* InputManager.h */,
				EE919898140D457A0072CB09 /* LuaManager.cpp */,
				EE91989A140D45860072CB09 /* LuaManager.h */,
				EE4B7575141AB27200178A4D /* MessageManager.cpp */,
				EE4B7578141AB29300178A4D /* MessageManager.h */,
				EE2EAC9B13786CFE007FA34A /* ScreenManager.cpp */,
				EE2EAC9A13786CFE007FA34A /* ScreenManager.h */,
			);
			path = managers;
			sourceTree = "<group>";
		};
		EE2EACBB13786D7E007FA34A /* utils */ = {
			isa = PBXGroup;
			children = (
				EE1FCCA813E21F0200617627 /* ByteUtil.h */,
				EE2EAD5313791DB4007FA34A /* Logger.cpp */,
				EE2EAD5413791DB4007FA34A /* Logger.h */,
				EE4B7579141AB33500178A4D /* Message.cpp */,
				EE2EAECC1379DFFE007FA34A /* Message.h */,
				EE2EACBC13786D9C007FA34A /* Singleton.h */,
				EE2EAF4D1379F4A4007FA34A /* Timer.cpp */,
				EE2EAF4E1379F4A4007FA34A /* Timer.h */,
			);
			path = utils;
			sourceTree = "<group>";
		};
		EE2EAD2A13790F85007FA34A /* screens */ = {
			isa = PBXGroup;
			children = (
				EE2EAE5D1379CDE8007FA34A /* Screen.cpp */,
				EE2EAD2B13790F8B007FA34A /* Screen.h */,
				EE4B757B141E7CE100178A4D /* ScreenTestDrawing.cpp */,
				EE4B757D141E7CEC00178A4D /* ScreenTestDrawing.h */,
			);
			path = screens;
			sourceTree = "<group>";
		};
		EE2EAE161379CADD007FA34A /* threads */ = {
			isa = PBXGroup;
			children = (
				EE2EAE191379CAF4007FA34A /* ThreadGroup.cpp */,
				EE2EAE1A1379CAF4007FA34A /* ThreadGroup.h */,
				EE2EAE1B1379CAF4007FA34A /* Threads_pthreads.cpp */,
				EE2EAE1C1379CAF4007FA34A /* Threads_pthreads.h */,
			);
			path = threads;
			sourceTree = "<group>";
		};
		EE2EAF451379F470007FA34A /* input */ = {
			isa = PBXGroup;
			children = (
				EE2EAF461379F483007FA34A /* ButtonState.cpp */,
				EE2EAF471379F483007FA34A /* ButtonState.h */,
				EE2EAF491379F483007FA34A /* Inputs.h */,
			);
			path = input;
			sourceTree = "<group>";
		};
		EE51F2E712EB4B74003A241E /* simpleini-4.13 */ = {
			isa = PBXGroup;
			children = (
				EE51F2E812EB4B74003A241E /* ConvertUTF.c */,
				EE51F2E912EB4B74003A241E /* ConvertUTF.h */,
				EE51F2EF12EB4B74003A241E /* SimpleIni.h */,
			);
			path = "simpleini-4.13";
			sourceTree = "<group>";
		};
		EE8699BA147C4E4B001322AF /* gl3 */ = {
			isa = PBXGroup;
			children = (
				EE8699BB147C4E82001322AF /* Shader.h */,
				EE8699C4147D8F44001322AF /* ShaderBase.cpp */,
				EE8699BD147C75BB001322AF /* ShaderStage.cpp */,
				EE8699BF147C762B001322AF /* ShaderProgram.cpp */,
				EE8699C6147D9839001322AF /* Error.h */,
			);
			name = gl3;
			sourceTree = "<group>";
		};
		EE8699BC147C51EF001322AF /* renderers */ = {
			isa = PBXGroup;
			children = (
				EE8699BA147C4E4B001322AF /* gl3 */,
			);
			name = renderers;
			sourceTree = "<group>";
		};
		EE915DEC1255CBA900F0B0B3 /* src */ = {
			isa = PBXGroup;
			children = (
				EE8699BC147C51EF001322AF /* renderers */,
				EED1E27A137B0071002DF644 /* actors */,
				EE2EAF451379F470007FA34A /* input */,
				EE2EAC9913786CE7007FA34A /* managers */,
				EE2EAD2A13790F85007FA34A /* screens */,
				EE2EAE161379CADD007FA34A /* threads */,
				EE2EACBB13786D7E007FA34A /* utils */,
				EE2EAC7C13785F31007FA34A /* main.cpp */,
				EE2EAC91137860E5007FA34A /* RStation.cpp */,
				EE2EAC90137860E5007FA34A /* RStation.h */,
			);
			path = src;
			sourceTree = "<group>";
		};
		EE915DED1255CBB100F0B0B3 /* extern */ = {
			isa = PBXGroup;
			children = (
				EE91989E140EA4960072CB09 /* gl3w */,
				EE91988F140C01DA0072CB09 /* glsw */,
				EE51F2E712EB4B74003A241E /* simpleini-4.13 */,
				EEC52F65127559C40064054A /* glfw3 */,
				EE07CB921279FF1400AAA31F /* libpng-1.4.4 */,
				EEAB1AA2126F5440004FE58D /* lua-5.1.4 */,
				EEC52B9A1273803D0064054A /* zlib-1.2.5 */,
				EE133B2A1278216F0047069E /* sqlite3.c */,
			);
			path = extern;
			sourceTree = "<group>";
		};
		EE91988F140C01DA0072CB09 /* glsw */ = {
			isa = PBXGroup;
			children = (
				EE919890140C01DB0072CB09 /* bstrlib.c */,
				EE919891140C01DB0072CB09 /* bstrlib.h */,
				EE919892140C01DB0072CB09 /* glsw.c */,
				EE919893140C01DB0072CB09 /* glsw.h */,
			);
			path = glsw;
			sourceTree = "<group>";
		};
		EE91989E140EA4960072CB09 /* gl3w */ = {
			isa = PBXGroup;
			children = (
				EE9198A1140EA4960072CB09 /* include */,
				EE9198A7140EA4960072CB09 /* src */,
			);
			path = gl3w;
			sourceTree = "<group>";
		};
		EE9198A1140EA4960072CB09 /* include */ = {
			isa = PBXGroup;
			children = (
				EE9198A2140EA4960072CB09 /* GL3 */,
			);
			path = include;
			sourceTree = "<group>";
		};
		EE9198A2140EA4960072CB09 /* GL3 */ = {
			isa = PBXGroup;
			children = (
				EE9198A3140EA4960072CB09 /* gl3.h */,
				EE9198A4140EA4960072CB09 /* gl3w.h */,
			);
			path = GL3;
			sourceTree = "<group>";
		};
		EE9198A7140EA4960072CB09 /* src */ = {
			isa = PBXGroup;
			children = (
				EE9198A8140EA4960072CB09 /* gl3w.c */,
			);
			path = src;
			sourceTree = "<group>";
		};
		EEAB1AA2126F5440004FE58D /* lua-5.1.4 */ = {
			isa = PBXGroup;
			children = (
				EEAB1AA3126F5440004FE58D /* lapi.c */,
				EEAB1AA4126F5440004FE58D /* lapi.h */,
				EEAB1AA5126F5440004FE58D /* lauxlib.c */,
				EEAB1AA6126F5440004FE58D /* lauxlib.h */,
				EEAB1AA7126F5440004FE58D /* lbaselib.c */,
				EEAB1AA8126F5440004FE58D /* lcode.c */,
				EEAB1AA9126F5440004FE58D /* lcode.h */,
				EEAB1AAA126F5440004FE58D /* ldblib.c */,
				EEAB1AAB126F5440004FE58D /* ldebug.c */,
				EEAB1AAC126F5440004FE58D /* ldebug.h */,
				EEAB1AAD126F5440004FE58D /* ldo.c */,
				EEAB1AAE126F5440004FE58D /* ldo.h */,
				EEAB1AAF126F5440004FE58D /* ldump.c */,
				EEAB1AB0126F5440004FE58D /* lfunc.c */,
				EEAB1AB1126F5440004FE58D /* lfunc.h */,
				EEAB1AB2126F5440004FE58D /* lgc.c */,
				EEAB1AB3126F5440004FE58D /* lgc.h */,
				EEAB1AB4126F5440004FE58D /* linit.c */,
				EEAB1AB5126F5440004FE58D /* liolib.c */,
				EEAB1AB6126F5440004FE58D /* llex.c */,
				EEAB1AB7126F5440004FE58D /* llex.h */,
				EEAB1AB8126F5440004FE58D /* llimits.h */,
				EEAB1AB9126F5440004FE58D /* lmathlib.c */,
				EEAB1ABA126F5440004FE58D /* lmem.c */,
				EEAB1ABB126F5440004FE58D /* lmem.h */,
				EEAB1ABC126F5440004FE58D /* loadlib.c */,
				EEAB1ABD126F5440004FE58D /* lobject.c */,
				EEAB1ABE126F5440004FE58D /* lobject.h */,
				EEAB1ABF126F5440004FE58D /* lopcodes.c */,
				EEAB1AC0126F5440004FE58D /* lopcodes.h */,
				EEAB1AC1126F5440004FE58D /* loslib.c */,
				EEAB1AC2126F5440004FE58D /* lparser.c */,
				EEAB1AC3126F5440004FE58D /* lparser.h */,
				EEAB1AC4126F5440004FE58D /* lstate.c */,
				EEAB1AC5126F5440004FE58D /* lstate.h */,
				EEAB1AC6126F5440004FE58D /* lstring.c */,
				EEAB1AC7126F5440004FE58D /* lstring.h */,
				EEAB1AC8126F5440004FE58D /* lstrlib.c */,
				EEAB1AC9126F5440004FE58D /* ltable.c */,
				EEAB1ACA126F5440004FE58D /* ltable.h */,
				EEAB1ACB126F5440004FE58D /* ltablib.c */,
				EEAB1ACC126F5440004FE58D /* ltm.c */,
				EEAB1ACD126F5440004FE58D /* ltm.h */,
				EEAB1ACF126F5440004FE58D /* lua.h */,
				EEAB1AD1126F5440004FE58D /* luaconf.h */,
				EEAB1AD2126F5440004FE58D /* lualib.h */,
				EEAB1AD3126F5440004FE58D /* lundump.c */,
				EEAB1AD4126F5440004FE58D /* lundump.h */,
				EEAB1AD5126F5440004FE58D /* lvm.c */,
				EEAB1AD6126F5440004FE58D /* lvm.h */,
				EEAB1AD7126F5440004FE58D /* lzio.c */,
				EEAB1AD8126F5440004FE58D /* lzio.h */,
				EEAB1ADB126F5440004FE58D /* print.c */,
			);
			name = "lua-5.1.4";
			path = "lua-5.1.4/src";
			sourceTree = "<group>";
		};
		EEC52B9A1273803D0064054A /* zlib-1.2.5 */ = {
			isa = PBXGroup;
			children = (
				EEC52B9B1273803D0064054A /* adler32.c */,
				EEC52C3F1273803E0064054A /* crc32.c */,
				EEC52C401273803E0064054A /* crc32.h */,
				EEC52C411273803E0064054A /* deflate.c */,
				EEC52C421273803E0064054A /* deflate.h */,
				EEC52C571273803E0064054A /* gzclose.c */,
				EEC52C581273803E0064054A /* gzguts.h */,
				EEC52C591273803E0064054A /* gzlib.c */,
				EEC52C5A1273803E0064054A /* gzread.c */,
				EEC52C5B1273803E0064054A /* gzwrite.c */,
				EEC52C5D1273803E0064054A /* infback.c */,
				EEC52C5E1273803E0064054A /* inffast.c */,
				EEC52C5F1273803E0064054A /* inffast.h */,
				EEC52C601273803E0064054A /* inffixed.h */,
				EEC52C611273803E0064054A /* inflate.c */,
				EEC52C621273803E0064054A /* inflate.h */,
				EEC52C631273803E0064054A /* inftrees.c */,
				EEC52C641273803E0064054A /* inftrees.h */,
				EEC52C891273803E0064054A /* trees.c */,
				EEC52C8A1273803E0064054A /* trees.h */,
				EEC52C8B1273803E0064054A /* uncompr.c */,
				EEC52C991273803E0064054A /* zconf.h */,
				EEC52C9E1273803E0064054A /* zlib.h */,
				EEC52CA21273803E0064054A /* zutil.c */,
				EEC52CA31273803E0064054A /* zutil.h */,
			);
			path = "zlib-1.2.5";
			sourceTree = "<group>";
		};
		EEC52F65127559C40064054A /* glfw3 */ = {
			isa = PBXGroup;
			children = (
				EE1FCC9213E1F48D00617627 /* cocoa_enable.m */,
				EE1FCC9313E1F48D00617627 /* cocoa_fullscreen.m */,
				EE1FCC9413E1F48D00617627 /* cocoa_gamma.m */,
				EE1FCC9513E1F48D00617627 /* cocoa_init.m */,
				EE1FCC9613E1F48D00617627 /* cocoa_joystick.m */,
				EE1FCC9713E1F48D00617627 /* cocoa_opengl.m */,
				EE1FCC9813E1F48D00617627 /* cocoa_platform.h */,
				EE1FCC9913E1F48D00617627 /* cocoa_time.m */,
				EE1FCC9A13E1F48D00617627 /* cocoa_window.m */,
				EEC52FD1127559F30064054A /* config.h */,
				EEC52F73127559C40064054A /* enable.c */,
				EEC52F74127559C40064054A /* error.c */,
				EEC52F75127559C40064054A /* fullscreen.c */,
				EEC52F76127559C40064054A /* gamma.c */,
				EEC52F78127559C40064054A /* init.c */,
				EEC52F79127559C40064054A /* input.c */,
				EEC52F7A127559C40064054A /* internal.h */,
				EEC52F7B127559C40064054A /* joystick.c */,
				EE2D1C5E132F6F9E005E2B87 /* opengl.c */,
				EEC52F7C127559C40064054A /* time.c */,
				EEC52F8A127559C40064054A /* window.c */,
			);
			name = glfw3;
			path = glfw3/src;
			sourceTree = "<group>";
		};
		EED1E27A137B0071002DF644 /* actors */ = {
			isa = PBXGroup;
			children = (
			);
			name = actors;
			path = drawables;
			sourceTree = "<group>";
		};
/* End PBXGroup section */

/* Begin PBXNativeTarget section */
		8D1107260486CEB800E47090 /* Rhythm-Station */ = {
			isa = PBXNativeTarget;
			buildConfigurationList = C01FCF4A08A954540054247B /* Build configuration list for PBXNativeTarget "Rhythm-Station" */;
			buildPhases = (
				8D1107290486CEB800E47090 /* Resources */,
				8D11072C0486CEB800E47090 /* Sources */,
				8D11072E0486CEB800E47090 /* Frameworks */,
			);
			buildRules = (
			);
			dependencies = (
			);
			name = "Rhythm-Station";
			productInstallPath = "$(HOME)/Applications";
			productName = ryr;
			productReference = 8D1107320486CEB800E47090 /* Rhythm-Station.app */;
			productType = "com.apple.product-type.application";
		};
/* End PBXNativeTarget section */

/* Begin PBXProject section */
		29B97313FDCFA39411CA2CEA /* Project object */ = {
			isa = PBXProject;
			attributes = {
				ORGANIZATIONNAME = "shakesoda!";
			};
			buildConfigurationList = C01FCF4E08A954540054247B /* Build configuration list for PBXProject "Rhythm-Station" */;
			compatibilityVersion = "Xcode 3.1";
			developmentRegion = English;
			hasScannedForEncodings = 1;
			knownRegions = (
				English,
				Japanese,
				French,
				German,
			);
			mainGroup = 29B97314FDCFA39411CA2CEA /* ryr */;
			projectDirPath = "";
			projectRoot = "";
			targets = (
				8D1107260486CEB800E47090 /* Rhythm-Station */,
			);
		};
/* End PBXProject section */

/* Begin PBXResourcesBuildPhase section */
		8D1107290486CEB800E47090 /* Resources */ = {
			isa = PBXResourcesBuildPhase;
			buildActionMask = 2147483647;
			files = (
				EE747FCB127E55B200E4A8FA /* Data in Resources */,
				EE230ED012F9D94300E4C77B /* Themes in Resources */,
				EEB0CBE91337BA8200DE0724 /* rhythm-station.icns in Resources */,
			);
			runOnlyForDeploymentPostprocessing = 0;
		};
/* End PBXResourcesBuildPhase section */

/* Begin PBXSourcesBuildPhase section */
		8D11072C0486CEB800E47090 /* Sources */ = {
			isa = PBXSourcesBuildPhase;
			buildActionMask = 2147483647;
			files = (
				EEAB1ADC126F5440004FE58D /* lapi.c in Sources */,
				EEAB1ADD126F5440004FE58D /* lauxlib.c in Sources */,
				EEAB1ADE126F5440004FE58D /* lbaselib.c in Sources */,
				EEAB1ADF126F5440004FE58D /* lcode.c in Sources */,
				EEAB1AE0126F5440004FE58D /* ldblib.c in Sources */,
				EEAB1AE1126F5440004FE58D /* ldebug.c in Sources */,
				EEAB1AE2126F5440004FE58D /* ldo.c in Sources */,
				EEAB1AE3126F5440004FE58D /* ldump.c in Sources */,
				EEAB1AE4126F5440004FE58D /* lfunc.c in Sources */,
				EEAB1AE5126F5440004FE58D /* lgc.c in Sources */,
				EEAB1AE6126F5440004FE58D /* linit.c in Sources */,
				EEAB1AE7126F5440004FE58D /* liolib.c in Sources */,
				EEAB1AE8126F5440004FE58D /* llex.c in Sources */,
				EEAB1AE9126F5440004FE58D /* lmathlib.c in Sources */,
				EEAB1AEA126F5440004FE58D /* lmem.c in Sources */,
				EEAB1AEB126F5440004FE58D /* loadlib.c in Sources */,
				EEAB1AEC126F5440004FE58D /* lobject.c in Sources */,
				EEAB1AED126F5440004FE58D /* lopcodes.c in Sources */,
				EEAB1AEE126F5440004FE58D /* loslib.c in Sources */,
				EEAB1AEF126F5440004FE58D /* lparser.c in Sources */,
				EEAB1AF0126F5440004FE58D /* lstate.c in Sources */,
				EEAB1AF1126F5440004FE58D /* lstring.c in Sources */,
				EEAB1AF2126F5440004FE58D /* lstrlib.c in Sources */,
				EEAB1AF3126F5440004FE58D /* ltable.c in Sources */,
				EEAB1AF4126F5440004FE58D /* ltablib.c in Sources */,
				EEAB1AF5126F5440004FE58D /* ltm.c in Sources */,
				EEAB1AF8126F5440004FE58D /* lundump.c in Sources */,
				EEAB1AF9126F5440004FE58D /* lvm.c in Sources */,
				EEAB1AFA126F5440004FE58D /* lzio.c in Sources */,
				EEAB1AFD126F5440004FE58D /* print.c in Sources */,
				EEC52D7B1273803E0064054A /* adler32.c in Sources */,
				EEC52DF71273803E0064054A /* crc32.c in Sources */,
				EEC52DF81273803E0064054A /* deflate.c in Sources */,
				EEC52E0A1273803E0064054A /* gzclose.c in Sources */,
				EEC52E0B1273803E0064054A /* gzlib.c in Sources */,
				EEC52E0C1273803E0064054A /* gzread.c in Sources */,
				EEC52E0D1273803E0064054A /* gzwrite.c in Sources */,
				EEC52E0F1273803E0064054A /* infback.c in Sources */,
				EEC52E101273803E0064054A /* inffast.c in Sources */,
				EEC52E111273803E0064054A /* inflate.c in Sources */,
				EEC52E121273803E0064054A /* inftrees.c in Sources */,
				EEC52E301273803E0064054A /* trees.c in Sources */,
				EEC52E311273803E0064054A /* uncompr.c in Sources */,
				EEC52E441273803E0064054A /* zutil.c in Sources */,
				EE133B2B1278216F0047069E /* sqlite3.c in Sources */,
				EE07CCDD1279FF1400AAA31F /* png.c in Sources */,
				EE07CCE01279FF1400AAA31F /* pngerror.c in Sources */,
				EE07CCE11279FF1400AAA31F /* pngget.c in Sources */,
				EE07CCE21279FF1400AAA31F /* pngmem.c in Sources */,
				EE07CCE41279FF1400AAA31F /* pngpread.c in Sources */,
				EE07CCE51279FF1400AAA31F /* pngread.c in Sources */,
				EE07CCE61279FF1400AAA31F /* pngrio.c in Sources */,
				EE07CCE71279FF1400AAA31F /* pngrtran.c in Sources */,
				EE07CCE81279FF1400AAA31F /* pngrutil.c in Sources */,
				EE07CCE91279FF1400AAA31F /* pngset.c in Sources */,
				EE07CCEC1279FF1400AAA31F /* pngtrans.c in Sources */,
				EE07CCED1279FF1400AAA31F /* pngwio.c in Sources */,
				EE07CCEE1279FF1400AAA31F /* pngwrite.c in Sources */,
				EE07CCEF1279FF1400AAA31F /* pngwtran.c in Sources */,
				EE07CCF01279FF1400AAA31F /* pngwutil.c in Sources */,
				EEC8D827128DB44D00351601 /* enable.c in Sources */,
				EEC8D828128DB44D00351601 /* error.c in Sources */,
				EEC8D829128DB44D00351601 /* fullscreen.c in Sources */,
				EEC8D82A128DB44D00351601 /* gamma.c in Sources */,
				EEC8D82C128DB44D00351601 /* init.c in Sources */,
				EEC8D82D128DB44D00351601 /* input.c in Sources */,
				EEC8D82E128DB44D00351601 /* joystick.c in Sources */,
				EEC8D82F128DB44D00351601 /* time.c in Sources */,
				EEC8D830128DB44D00351601 /* window.c in Sources */,
				EE51F2FB12EB4B74003A241E /* ConvertUTF.c in Sources */,
				EE2D1C5F132F6F9E005E2B87 /* opengl.c in Sources */,
				EE2EAC7D13785F31007FA34A /* main.cpp in Sources */,
				EE2EAC92137860E5007FA34A /* RStation.cpp in Sources */,
				EE2EAC9C13786CFE007FA34A /* ScreenManager.cpp in Sources */,
				EE2EAD5513791DB4007FA34A /* Logger.cpp in Sources */,
				EE2EAE1D1379CAF4007FA34A /* ThreadGroup.cpp in Sources */,
				EE2EAE1E1379CAF4007FA34A /* Threads_pthreads.cpp in Sources */,
				EE2EAE5E1379CDE8007FA34A /* Screen.cpp in Sources */,
				EE2EAF0E1379ED84007FA34A /* InputManager.cpp in Sources */,
				EE2EAF4A1379F483007FA34A /* ButtonState.cpp in Sources */,
				EE2EAF4F1379F4A4007FA34A /* Timer.cpp in Sources */,
				EE1FCC9B13E1F48D00617627 /* cocoa_enable.m in Sources */,
				EE1FCC9C13E1F48D00617627 /* cocoa_fullscreen.m in Sources */,
				EE1FCC9D13E1F48D00617627 /* cocoa_gamma.m in Sources */,
				EE1FCC9E13E1F48D00617627 /* cocoa_init.m in Sources */,
				EE1FCC9F13E1F48D00617627 /* cocoa_joystick.m in Sources */,
				EE1FCCA013E1F48D00617627 /* cocoa_opengl.m in Sources */,
				EE1FCCA113E1F48D00617627 /* cocoa_time.m in Sources */,
				EE1FCCA213E1F48D00617627 /* cocoa_window.m in Sources */,
				EE91988E140986690072CB09 /* DisplayManager.cpp in Sources */,
				EE919894140C01DB0072CB09 /* bstrlib.c in Sources */,
				EE919895140C01DB0072CB09 /* glsw.c in Sources */,
				EE919899140D457B0072CB09 /* LuaManager.cpp in Sources */,
				EE91989C140D486F0072CB09 /* FileManager.cpp in Sources */,
				EE9198AE140EA4960072CB09 /* gl3w.c in Sources */,
				EE4B7576141AB27200178A4D /* MessageManager.cpp in Sources */,
				EE4B757A141AB33500178A4D /* Message.cpp in Sources */,
				EE4B757C141E7CE100178A4D /* ScreenTestDrawing.cpp in Sources */,
				EE8699BE147C75BB001322AF /* ShaderStage.cpp in Sources */,
				EE8699C0147C762B001322AF /* ShaderProgram.cpp in Sources */,
				EE8699C5147D8F44001322AF /* ShaderBase.cpp in Sources */,
			);
			runOnlyForDeploymentPostprocessing = 0;
		};
/* End PBXSourcesBuildPhase section */

/* Begin XCBuildConfiguration section */
		C01FCF4B08A954540054247B /* Debug */ = {
			isa = XCBuildConfiguration;
			buildSettings = {
				ALWAYS_SEARCH_USER_PATHS = NO;
				COPY_PHASE_STRIP = NO;
				FRAMEWORK_SEARCH_PATHS = "$(inherited)";
				GCC_DYNAMIC_NO_PIC = NO;
				GCC_ENABLE_FIX_AND_CONTINUE = YES;
				GCC_MODEL_TUNING = G5;
				GCC_OPTIMIZATION_LEVEL = 0;
				INFOPLIST_FILE = "Rhythm-Station-Info.plist";
				INSTALL_PATH = "$(HOME)/Applications";
				LIBRARY_SEARCH_PATHS = (
					"$(inherited)",
					/opt/local/lib,
					"\"$(SRCROOT)\"",
				);
				PRODUCT_NAME = "Rhythm-Station";
			};
			name = Debug;
		};
		C01FCF4C08A954540054247B /* Release */ = {
			isa = XCBuildConfiguration;
			buildSettings = {
				ALWAYS_SEARCH_USER_PATHS = NO;
				DEBUG_INFORMATION_FORMAT = "dwarf-with-dsym";
				FRAMEWORK_SEARCH_PATHS = "$(inherited)";
				GCC_MODEL_TUNING = G5;
				GCC_OPTIMIZATION_LEVEL = 3;
				INFOPLIST_FILE = "Rhythm-Station-Info.plist";
				INSTALL_PATH = "$(HOME)/Applications";
				LIBRARY_SEARCH_PATHS = (
					"$(inherited)",
					/opt/local/lib,
					"\"$(SRCROOT)\"",
				);
				PRODUCT_NAME = "Rhythm-Station";
			};
			name = Release;
		};
		C01FCF4F08A954540054247B /* Debug */ = {
			isa = XCBuildConfiguration;
			buildSettings = {
				ARCHS = "$(ARCHS_STANDARD_32_64_BIT)";
				GCC_C_LANGUAGE_STANDARD = gnu99;
				GCC_ENABLE_SSE3_EXTENSIONS = YES;
				GCC_OPTIMIZATION_LEVEL = 0;
				GCC_PREPROCESSOR_DEFINITIONS = (
					DEBUG,
					SLB_EXTERNAL_LUA,
				);
				GCC_UNROLL_LOOPS = YES;
				GCC_WARN_ABOUT_MISSING_NEWLINE = YES;
				GCC_WARN_ABOUT_RETURN_TYPE = YES;
				GCC_WARN_INITIALIZER_NOT_FULLY_BRACKETED = YES;
				GCC_WARN_NON_VIRTUAL_DESTRUCTOR = YES;
				GCC_WARN_SIGN_COMPARE = YES;
				GCC_WARN_UNINITIALIZED_AUTOS = NO;
				GCC_WARN_UNUSED_VARIABLE = YES;
				HEADER_SEARCH_PATHS = (
					"$(PROJECT_DIR)/extern/glsw",
					"$(PROJECT_DIR)/extern/ogl-math",
					"$(PROJECT_DIR)/extern/libogg-1.2.2/include",
					"$(PROJECT_DIR)/extern/libvorbis-1.3.2/include",
					"$(PROJECT_DIR)/extern/slb-1.63/include",
					"$(PROJECT_DIR)/extern/libpng-1.4.4",
					"$(PROJECT_DIR)/extern/sqlite-3.7.3",
					"$(PROJECT_DIR)/extern/gl3w/include",
					"$(PROJECT_DIR)/extern/glfw3/include",
					"$(PROJECT_DIR)/extern/fftw-3.2.2/api",
					"$(PROJECT_DIR)/extern/freetype-2.4.4/include",
					"$(PROJECT_DIR)/extern/lua-5.1.4/src",
					"$(PROJECT_DIR)/extern/freetype-2.4.4/include/freetype",
					"$(PROJECT_DIR)/src",
				);
				ONLY_ACTIVE_ARCH = YES;
				PREBINDING = NO;
				SDKROOT = macosx10.7;
			};
			name = Debug;
		};
		C01FCF5008A954540054247B /* Release */ = {
			isa = XCBuildConfiguration;
			buildSettings = {
				ARCHS = "$(ARCHS_STANDARD_32_64_BIT)";
				GCC_C_LANGUAGE_STANDARD = gnu99;
				GCC_ENABLE_SSE3_EXTENSIONS = YES;
				GCC_OPTIMIZATION_LEVEL = 3;
				GCC_PREPROCESSOR_DEFINITIONS = SLB_EXTERNAL_LUA;
				GCC_UNROLL_LOOPS = YES;
				GCC_WARN_ABOUT_MISSING_NEWLINE = YES;
				GCC_WARN_ABOUT_RETURN_TYPE = YES;
				GCC_WARN_INITIALIZER_NOT_FULLY_BRACKETED = YES;
				GCC_WARN_NON_VIRTUAL_DESTRUCTOR = YES;
				GCC_WARN_SIGN_COMPARE = YES;
				GCC_WARN_UNINITIALIZED_AUTOS = YES;
				GCC_WARN_UNUSED_VARIABLE = YES;
				HEADER_SEARCH_PATHS = (
					"$(PROJECT_DIR)/extern/glsw",
					"$(PROJECT_DIR)/extern/ogl-math",
					"$(PROJECT_DIR)/extern/libogg-1.2.2/include",
					"$(PROJECT_DIR)/extern/libvorbis-1.3.2/include",
					"$(PROJECT_DIR)/extern/slb-1.63/include",
					"$(PROJECT_DIR)/extern/libpng-1.4.4",
					"$(PROJECT_DIR)/extern/sqlite-3.7.3",
					"$(PROJECT_DIR)/extern/gl3w/include",
					"$(PROJECT_DIR)/extern/glfw3/include",
					"$(PROJECT_DIR)/extern/fftw-3.2.2/api",
					"$(PROJECT_DIR)/extern/freetype-2.4.4/include",
					"$(PROJECT_DIR)/extern/lua-5.1.4/src",
					"$(PROJECT_DIR)/extern/freetype-2.4.4/include/freetype",
					"$(PROJECT_DIR)/src",
				);
				PREBINDING = NO;
				SDKROOT = macosx10.7;
				VALID_ARCHS = "i386 x86_64";
			};
			name = Release;
		};
/* End XCBuildConfiguration section */

/* Begin XCConfigurationList section */
		C01FCF4A08A954540054247B /* Build configuration list for PBXNativeTarget "Rhythm-Station" */ = {
			isa = XCConfigurationList;
			buildConfigurations = (
				C01FCF4B08A954540054247B /* Debug */,
				C01FCF4C08A954540054247B /* Release */,
			);
			defaultConfigurationIsVisible = 0;
			defaultConfigurationName = Release;
		};
		C01FCF4E08A954540054247B /* Build configuration list for PBXProject "Rhythm-Station" */ = {
			isa = XCConfigurationList;
			buildConfigurations = (
				C01FCF4F08A954540054247B /* Debug */,
				C01FCF5008A954540054247B /* Release */,
			);
			defaultConfigurationIsVisible = 0;
			defaultConfigurationName = Release;
		};
/* End XCConfigurationList section */
	};
	rootObject = 29B97313FDCFA39411CA2CEA /* Project object */;
}
