// !$*UTF8*$!
{
	archiveVersion = 1;
	classes = {
	};
	objectVersion = 45;
	objects = {

/* Begin PBXBuildFile section */
		EE03469012435A7D00C51B69 /* class.cpp in Sources */ = {isa = PBXBuildFile; fileRef = EE03467C12435A7D00C51B69 /* class.cpp */; };
		EE03469112435A7D00C51B69 /* class_info.cpp in Sources */ = {isa = PBXBuildFile; fileRef = EE03467D12435A7D00C51B69 /* class_info.cpp */; };
		EE03469212435A7D00C51B69 /* class_registry.cpp in Sources */ = {isa = PBXBuildFile; fileRef = EE03467E12435A7D00C51B69 /* class_registry.cpp */; };
		EE03469312435A7D00C51B69 /* class_rep.cpp in Sources */ = {isa = PBXBuildFile; fileRef = EE03467F12435A7D00C51B69 /* class_rep.cpp */; };
		EE03469412435A7D00C51B69 /* create_class.cpp in Sources */ = {isa = PBXBuildFile; fileRef = EE03468012435A7D00C51B69 /* create_class.cpp */; };
		EE03469512435A7D00C51B69 /* error.cpp in Sources */ = {isa = PBXBuildFile; fileRef = EE03468112435A7D00C51B69 /* error.cpp */; };
		EE03469612435A7D00C51B69 /* exception_handler.cpp in Sources */ = {isa = PBXBuildFile; fileRef = EE03468212435A7D00C51B69 /* exception_handler.cpp */; };
		EE03469712435A7D00C51B69 /* find_best_match.cpp in Sources */ = {isa = PBXBuildFile; fileRef = EE03468312435A7D00C51B69 /* find_best_match.cpp */; };
		EE03469812435A7D00C51B69 /* function.cpp in Sources */ = {isa = PBXBuildFile; fileRef = EE03468412435A7D00C51B69 /* function.cpp */; };
		EE03469912435A7D00C51B69 /* implicit_cast.cpp in Sources */ = {isa = PBXBuildFile; fileRef = EE03468512435A7D00C51B69 /* implicit_cast.cpp */; };
		EE03469A12435A7D00C51B69 /* link_compatibility.cpp in Sources */ = {isa = PBXBuildFile; fileRef = EE03468612435A7D00C51B69 /* link_compatibility.cpp */; };
		EE03469B12435A7D00C51B69 /* object_rep.cpp in Sources */ = {isa = PBXBuildFile; fileRef = EE03468712435A7D00C51B69 /* object_rep.cpp */; };
		EE03469C12435A7D00C51B69 /* open.cpp in Sources */ = {isa = PBXBuildFile; fileRef = EE03468812435A7D00C51B69 /* open.cpp */; };
		EE03469D12435A7D00C51B69 /* overload_rep.cpp in Sources */ = {isa = PBXBuildFile; fileRef = EE03468912435A7D00C51B69 /* overload_rep.cpp */; };
		EE03469E12435A7D00C51B69 /* pcall.cpp in Sources */ = {isa = PBXBuildFile; fileRef = EE03468A12435A7D00C51B69 /* pcall.cpp */; };
		EE03469F12435A7D00C51B69 /* ref.cpp in Sources */ = {isa = PBXBuildFile; fileRef = EE03468B12435A7D00C51B69 /* ref.cpp */; };
		EE0346A012435A7D00C51B69 /* scope.cpp in Sources */ = {isa = PBXBuildFile; fileRef = EE03468C12435A7D00C51B69 /* scope.cpp */; };
		EE0346A112435A7D00C51B69 /* stack_content_by_name.cpp in Sources */ = {isa = PBXBuildFile; fileRef = EE03468D12435A7D00C51B69 /* stack_content_by_name.cpp */; };
		EE0346A212435A7D00C51B69 /* weak_ref.cpp in Sources */ = {isa = PBXBuildFile; fileRef = EE03468E12435A7D00C51B69 /* weak_ref.cpp */; };
		EE0346A312435A7D00C51B69 /* wrapper_base.cpp in Sources */ = {isa = PBXBuildFile; fileRef = EE03468F12435A7D00C51B69 /* wrapper_base.cpp */; };
		EE078E4E125101FB00873319 /* dialog.mm in Sources */ = {isa = PBXBuildFile; fileRef = EE078E4D125101FB00873319 /* dialog.mm */; };
		EE139CA8125F1C9A00E2C767 /* cocoa_enable.m in Sources */ = {isa = PBXBuildFile; fileRef = EEF40BD9121D3D95009F8F49 /* cocoa_enable.m */; };
		EE139CA9125F1C9A00E2C767 /* cocoa_fullscreen.m in Sources */ = {isa = PBXBuildFile; fileRef = EEF40BDA121D3D95009F8F49 /* cocoa_fullscreen.m */; };
		EE139CAA125F1C9A00E2C767 /* cocoa_glext.m in Sources */ = {isa = PBXBuildFile; fileRef = EEF40BDB121D3D95009F8F49 /* cocoa_glext.m */; };
		EE139CAB125F1C9A00E2C767 /* cocoa_init.m in Sources */ = {isa = PBXBuildFile; fileRef = EEF40BDC121D3D95009F8F49 /* cocoa_init.m */; };
		EE139CAC125F1C9A00E2C767 /* cocoa_joystick.m in Sources */ = {isa = PBXBuildFile; fileRef = EEF40BDD121D3D95009F8F49 /* cocoa_joystick.m */; };
		EE139CAD125F1C9A00E2C767 /* cocoa_thread.c in Sources */ = {isa = PBXBuildFile; fileRef = EEF40BDE121D3D95009F8F49 /* cocoa_thread.c */; };
		EE139CAE125F1C9A00E2C767 /* cocoa_time.m in Sources */ = {isa = PBXBuildFile; fileRef = EEF40BDF121D3D95009F8F49 /* cocoa_time.m */; };
		EE139CAF125F1C9A00E2C767 /* cocoa_window.m in Sources */ = {isa = PBXBuildFile; fileRef = EEF40BE0121D3D95009F8F49 /* cocoa_window.m */; };
		EE139CB0125F1C9A00E2C767 /* enable.c in Sources */ = {isa = PBXBuildFile; fileRef = EEF40BE5121D3D95009F8F49 /* enable.c */; };
		EE139CB1125F1C9A00E2C767 /* fullscreen.c in Sources */ = {isa = PBXBuildFile; fileRef = EEF40BE6121D3D95009F8F49 /* fullscreen.c */; };
		EE139CB2125F1C9A00E2C767 /* glext.c in Sources */ = {isa = PBXBuildFile; fileRef = EEF40BE7121D3D95009F8F49 /* glext.c */; };
		EE139CB3125F1C9A00E2C767 /* image.c in Sources */ = {isa = PBXBuildFile; fileRef = EEF40BE8121D3D95009F8F49 /* image.c */; };
		EE139CB4125F1C9A00E2C767 /* init.c in Sources */ = {isa = PBXBuildFile; fileRef = EEF40BE9121D3D95009F8F49 /* init.c */; };
		EE139CB5125F1C9A00E2C767 /* input.c in Sources */ = {isa = PBXBuildFile; fileRef = EEF40BEA121D3D95009F8F49 /* input.c */; };
		EE139CB6125F1C9A00E2C767 /* joystick.c in Sources */ = {isa = PBXBuildFile; fileRef = EEF40BEC121D3D95009F8F49 /* joystick.c */; };
		EE139CB7125F1C9A00E2C767 /* stream.c in Sources */ = {isa = PBXBuildFile; fileRef = EEF40BED121D3D95009F8F49 /* stream.c */; };
		EE139CB8125F1C9A00E2C767 /* tga.c in Sources */ = {isa = PBXBuildFile; fileRef = EEF40BEE121D3D95009F8F49 /* tga.c */; };
		EE139CB9125F1C9A00E2C767 /* thread.c in Sources */ = {isa = PBXBuildFile; fileRef = EEF40BEF121D3D95009F8F49 /* thread.c */; };
		EE139CBA125F1C9A00E2C767 /* time.c in Sources */ = {isa = PBXBuildFile; fileRef = EEF40BF0121D3D95009F8F49 /* time.c */; };
		EE139CBB125F1C9A00E2C767 /* window.c in Sources */ = {isa = PBXBuildFile; fileRef = EEF40C05121D3D95009F8F49 /* window.c */; };
		EE139CBE125F1CAD00E2C767 /* lapi.c in Sources */ = {isa = PBXBuildFile; fileRef = EEF7708912265B4E00C6B4E7 /* lapi.c */; };
		EE139CBF125F1CAD00E2C767 /* lauxlib.c in Sources */ = {isa = PBXBuildFile; fileRef = EEF7708B12265B4E00C6B4E7 /* lauxlib.c */; };
		EE139CC0125F1CAD00E2C767 /* lbaselib.c in Sources */ = {isa = PBXBuildFile; fileRef = EEF7708D12265B4E00C6B4E7 /* lbaselib.c */; };
		EE139CC1125F1CAD00E2C767 /* lcode.c in Sources */ = {isa = PBXBuildFile; fileRef = EEF7708E12265B4E00C6B4E7 /* lcode.c */; };
		EE139CC2125F1CAD00E2C767 /* ldblib.c in Sources */ = {isa = PBXBuildFile; fileRef = EEF7709012265B4E00C6B4E7 /* ldblib.c */; };
		EE139CC3125F1CAD00E2C767 /* ldebug.c in Sources */ = {isa = PBXBuildFile; fileRef = EEF7709112265B4E00C6B4E7 /* ldebug.c */; };
		EE139CC4125F1CAD00E2C767 /* ldo.c in Sources */ = {isa = PBXBuildFile; fileRef = EEF7709312265B4E00C6B4E7 /* ldo.c */; };
		EE139CC5125F1CAD00E2C767 /* ldump.c in Sources */ = {isa = PBXBuildFile; fileRef = EEF7709512265B4E00C6B4E7 /* ldump.c */; };
		EE139CC6125F1CAD00E2C767 /* lfunc.c in Sources */ = {isa = PBXBuildFile; fileRef = EEF7709612265B4E00C6B4E7 /* lfunc.c */; };
		EE139CC7125F1CAD00E2C767 /* lgc.c in Sources */ = {isa = PBXBuildFile; fileRef = EEF7709812265B4E00C6B4E7 /* lgc.c */; };
		EE139CC8125F1CAD00E2C767 /* linit.c in Sources */ = {isa = PBXBuildFile; fileRef = EEF7709A12265B4E00C6B4E7 /* linit.c */; };
		EE139CC9125F1CAD00E2C767 /* liolib.c in Sources */ = {isa = PBXBuildFile; fileRef = EEF7709B12265B4E00C6B4E7 /* liolib.c */; };
		EE139CCA125F1CAD00E2C767 /* llex.c in Sources */ = {isa = PBXBuildFile; fileRef = EEF7709C12265B4E00C6B4E7 /* llex.c */; };
		EE139CCB125F1CAD00E2C767 /* lmathlib.c in Sources */ = {isa = PBXBuildFile; fileRef = EEF7709F12265B4E00C6B4E7 /* lmathlib.c */; };
		EE139CCC125F1CAD00E2C767 /* lmem.c in Sources */ = {isa = PBXBuildFile; fileRef = EEF770A012265B4E00C6B4E7 /* lmem.c */; };
		EE139CCD125F1CAD00E2C767 /* loadlib.c in Sources */ = {isa = PBXBuildFile; fileRef = EEF770A212265B4E00C6B4E7 /* loadlib.c */; };
		EE139CCE125F1CAD00E2C767 /* lobject.c in Sources */ = {isa = PBXBuildFile; fileRef = EEF770A312265B4E00C6B4E7 /* lobject.c */; };
		EE139CCF125F1CAD00E2C767 /* lopcodes.c in Sources */ = {isa = PBXBuildFile; fileRef = EEF770A512265B4E00C6B4E7 /* lopcodes.c */; };
		EE139CD0125F1CAD00E2C767 /* loslib.c in Sources */ = {isa = PBXBuildFile; fileRef = EEF770A712265B4E00C6B4E7 /* loslib.c */; };
		EE139CD1125F1CAD00E2C767 /* lparser.c in Sources */ = {isa = PBXBuildFile; fileRef = EEF770A812265B4E00C6B4E7 /* lparser.c */; };
		EE139CD2125F1CAD00E2C767 /* lstate.c in Sources */ = {isa = PBXBuildFile; fileRef = EEF770AA12265B4E00C6B4E7 /* lstate.c */; };
		EE139CD3125F1CAD00E2C767 /* lstring.c in Sources */ = {isa = PBXBuildFile; fileRef = EEF770AC12265B4E00C6B4E7 /* lstring.c */; };
		EE139CD4125F1CAD00E2C767 /* lstrlib.c in Sources */ = {isa = PBXBuildFile; fileRef = EEF770AE12265B4E00C6B4E7 /* lstrlib.c */; };
		EE139CD5125F1CAD00E2C767 /* ltable.c in Sources */ = {isa = PBXBuildFile; fileRef = EEF770AF12265B4E00C6B4E7 /* ltable.c */; };
		EE139CD6125F1CAD00E2C767 /* ltablib.c in Sources */ = {isa = PBXBuildFile; fileRef = EEF770B112265B4E00C6B4E7 /* ltablib.c */; };
		EE139CD7125F1CAD00E2C767 /* ltm.c in Sources */ = {isa = PBXBuildFile; fileRef = EEF770B212265B4E00C6B4E7 /* ltm.c */; };
		EE139CD8125F1CAD00E2C767 /* lundump.c in Sources */ = {isa = PBXBuildFile; fileRef = EEF770B912265B4E00C6B4E7 /* lundump.c */; };
		EE139CD9125F1CAD00E2C767 /* lvm.c in Sources */ = {isa = PBXBuildFile; fileRef = EEF770BB12265B4E00C6B4E7 /* lvm.c */; };
		EE139CDA125F1CAD00E2C767 /* lzio.c in Sources */ = {isa = PBXBuildFile; fileRef = EEF770BD12265B4E00C6B4E7 /* lzio.c */; };
		EE139CDB125F1CAD00E2C767 /* print.c in Sources */ = {isa = PBXBuildFile; fileRef = EEF770BF12265B4E00C6B4E7 /* print.c */; };
		EE139D9F125F26A800E2C767 /* Actor.cpp in Sources */ = {isa = PBXBuildFile; fileRef = EE139D61125F26A800E2C767 /* Actor.cpp */; };
		EE139DA0125F26A800E2C767 /* AudioManager.cpp in Sources */ = {isa = PBXBuildFile; fileRef = EE139D63125F26A800E2C767 /* AudioManager.cpp */; };
		EE139DA1125F26A800E2C767 /* FileManager.cpp in Sources */ = {isa = PBXBuildFile; fileRef = EE139D65125F26A800E2C767 /* FileManager.cpp */; };
		EE139DA2125F26A800E2C767 /* GameLoop.cpp in Sources */ = {isa = PBXBuildFile; fileRef = EE139D67125F26A800E2C767 /* GameLoop.cpp */; };
		EE139DA3125F26A800E2C767 /* ImageLoader.cpp in Sources */ = {isa = PBXBuildFile; fileRef = EE139D69125F26A800E2C767 /* ImageLoader.cpp */; };
		EE139DA4125F26A800E2C767 /* INILoader.cpp in Sources */ = {isa = PBXBuildFile; fileRef = EE139D6B125F26A800E2C767 /* INILoader.cpp */; };
		EE139DA5125F26A800E2C767 /* InputManager.cpp in Sources */ = {isa = PBXBuildFile; fileRef = EE139D6D125F26A800E2C767 /* InputManager.cpp */; };
		EE139DA6125F26A800E2C767 /* KeyboardHandler.cpp in Sources */ = {isa = PBXBuildFile; fileRef = EE139D6F125F26A800E2C767 /* KeyboardHandler.cpp */; };
		EE139DA7125F26A800E2C767 /* Logger.cpp in Sources */ = {isa = PBXBuildFile; fileRef = EE139D71125F26A800E2C767 /* Logger.cpp */; };
		EE139DA8125F26A800E2C767 /* LuaManager.cpp in Sources */ = {isa = PBXBuildFile; fileRef = EE139D73125F26A800E2C767 /* LuaManager.cpp */; };
		EE139DA9125F26A800E2C767 /* MathUtils.cpp in Sources */ = {isa = PBXBuildFile; fileRef = EE139D75125F26A800E2C767 /* MathUtils.cpp */; };
		EE139DAA125F26A800E2C767 /* Matrix.cpp in Sources */ = {isa = PBXBuildFile; fileRef = EE139D77125F26A800E2C767 /* Matrix.cpp */; };
		EE139DAB125F26A800E2C767 /* MessageManager.cpp in Sources */ = {isa = PBXBuildFile; fileRef = EE139D79125F26A800E2C767 /* MessageManager.cpp */; };
		EE139DAC125F26A800E2C767 /* MouseHandler.cpp in Sources */ = {isa = PBXBuildFile; fileRef = EE139D7B125F26A800E2C767 /* MouseHandler.cpp */; };
		EE139DAD125F26A800E2C767 /* OBJLoader.cpp in Sources */ = {isa = PBXBuildFile; fileRef = EE139D7D125F26A800E2C767 /* OBJLoader.cpp */; };
		EE139DAE125F26A800E2C767 /* PNGLoader.cpp in Sources */ = {isa = PBXBuildFile; fileRef = EE139D7F125F26A800E2C767 /* PNGLoader.cpp */; };
		EE139DAF125F26A800E2C767 /* Primitives.cpp in Sources */ = {isa = PBXBuildFile; fileRef = EE139D81125F26A800E2C767 /* Primitives.cpp */; };
		EE139DB0125F26A800E2C767 /* RStation.cpp in Sources */ = {isa = PBXBuildFile; fileRef = EE139D83125F26A800E2C767 /* RStation.cpp */; };
		EE139DB1125F26A800E2C767 /* RSUtil.cpp in Sources */ = {isa = PBXBuildFile; fileRef = EE139D85125F26A800E2C767 /* RSUtil.cpp */; };
		EE139DB2125F26A800E2C767 /* SceneManager.cpp in Sources */ = {isa = PBXBuildFile; fileRef = EE139D87125F26A800E2C767 /* SceneManager.cpp */; };
		EE139DB3125F26A800E2C767 /* Screen.cpp in Sources */ = {isa = PBXBuildFile; fileRef = EE139D89125F26A800E2C767 /* Screen.cpp */; };
		EE139DB4125F26A800E2C767 /* ShaderLoader.cpp in Sources */ = {isa = PBXBuildFile; fileRef = EE139D8B125F26A800E2C767 /* ShaderLoader.cpp */; };
		EE139DB5125F26A800E2C767 /* ShaderManager.cpp in Sources */ = {isa = PBXBuildFile; fileRef = EE139D8D125F26A800E2C767 /* ShaderManager.cpp */; };
		EE139DB6125F26A800E2C767 /* Sound.cpp in Sources */ = {isa = PBXBuildFile; fileRef = EE139D8F125F26A800E2C767 /* Sound.cpp */; };
		EE139DB7125F26A800E2C767 /* Sprite.cpp in Sources */ = {isa = PBXBuildFile; fileRef = EE139D91125F26A800E2C767 /* Sprite.cpp */; };
		EE139DB8125F26A800E2C767 /* TextureManager.cpp in Sources */ = {isa = PBXBuildFile; fileRef = EE139D93125F26A800E2C767 /* TextureManager.cpp */; };
		EE139DB9125F26A800E2C767 /* Timer.cpp in Sources */ = {isa = PBXBuildFile; fileRef = EE139D95125F26A800E2C767 /* Timer.cpp */; };
		EE139DBA125F26A800E2C767 /* Tween.cpp in Sources */ = {isa = PBXBuildFile; fileRef = EE139D98125F26A800E2C767 /* Tween.cpp */; };
		EE139DBB125F26A800E2C767 /* Type.cpp in Sources */ = {isa = PBXBuildFile; fileRef = EE139D9A125F26A800E2C767 /* Type.cpp */; };
		EE139DBC125F26A800E2C767 /* Video_Draw.cpp in Sources */ = {isa = PBXBuildFile; fileRef = EE139D9C125F26A800E2C767 /* Video_Draw.cpp */; };
		EE139DBD125F26A800E2C767 /* Video_Window.cpp in Sources */ = {isa = PBXBuildFile; fileRef = EE139D9D125F26A800E2C767 /* Video_Window.cpp */; };
		EE992BB9122B5F1F00884C21 /* bio.icns in Resources */ = {isa = PBXBuildFile; fileRef = EE992BB8122B5F1F00884C21 /* bio.icns */; };
		EEE4225E123E9C3100E471EB /* libogg.a in Frameworks */ = {isa = PBXBuildFile; fileRef = EEE4225D123E9C3100E471EB /* libogg.a */; };
		EEE42285123E9E7100E471EB /* libvorbis.a in Frameworks */ = {isa = PBXBuildFile; fileRef = EEE42283123E9E7100E471EB /* libvorbis.a */; };
		EEE42286123E9E7100E471EB /* libvorbisfile.a in Frameworks */ = {isa = PBXBuildFile; fileRef = EEE42284123E9E7100E471EB /* libvorbisfile.a */; };
		EEF40F2C1220B3DD009F8F49 /* glew.c in Sources */ = {isa = PBXBuildFile; fileRef = EEF40F291220B3DD009F8F49 /* glew.c */; };
		EEF7728412282C8800C6B4E7 /* Cocoa.framework in Frameworks */ = {isa = PBXBuildFile; fileRef = EEF7728312282C8800C6B4E7 /* Cocoa.framework */; };
		EEF7728612282C8800C6B4E7 /* CoreFoundation.framework in Frameworks */ = {isa = PBXBuildFile; fileRef = EEF7728512282C8800C6B4E7 /* CoreFoundation.framework */; };
		EEF7728812282C8800C6B4E7 /* OpenAL.framework in Frameworks */ = {isa = PBXBuildFile; fileRef = EEF7728712282C8800C6B4E7 /* OpenAL.framework */; };
		EEF7728A12282C8800C6B4E7 /* OpenGL.framework in Frameworks */ = {isa = PBXBuildFile; fileRef = EEF7728912282C8800C6B4E7 /* OpenGL.framework */; };
		EEF775D31229A36E00C6B4E7 /* adler32.c in Sources */ = {isa = PBXBuildFile; fileRef = EEF775B71229A36E00C6B4E7 /* adler32.c */; };
		EEF775D41229A36E00C6B4E7 /* compress.c in Sources */ = {isa = PBXBuildFile; fileRef = EEF775B81229A36E00C6B4E7 /* compress.c */; };
		EEF775D51229A36E00C6B4E7 /* crc32.c in Sources */ = {isa = PBXBuildFile; fileRef = EEF775B91229A36E00C6B4E7 /* crc32.c */; };
		EEF775D61229A36E00C6B4E7 /* deflate.c in Sources */ = {isa = PBXBuildFile; fileRef = EEF775BB1229A36E00C6B4E7 /* deflate.c */; };
		EEF775D71229A36E00C6B4E7 /* gzclose.c in Sources */ = {isa = PBXBuildFile; fileRef = EEF775BD1229A36E00C6B4E7 /* gzclose.c */; };
		EEF775D81229A36E00C6B4E7 /* gzlib.c in Sources */ = {isa = PBXBuildFile; fileRef = EEF775BF1229A36E00C6B4E7 /* gzlib.c */; };
		EEF775D91229A36E00C6B4E7 /* gzread.c in Sources */ = {isa = PBXBuildFile; fileRef = EEF775C01229A36E00C6B4E7 /* gzread.c */; };
		EEF775DA1229A36E00C6B4E7 /* gzwrite.c in Sources */ = {isa = PBXBuildFile; fileRef = EEF775C11229A36E00C6B4E7 /* gzwrite.c */; };
		EEF775DB1229A36E00C6B4E7 /* infback.c in Sources */ = {isa = PBXBuildFile; fileRef = EEF775C21229A36E00C6B4E7 /* infback.c */; };
		EEF775DC1229A36E00C6B4E7 /* inffast.c in Sources */ = {isa = PBXBuildFile; fileRef = EEF775C31229A36E00C6B4E7 /* inffast.c */; };
		EEF775DD1229A36E00C6B4E7 /* inflate.c in Sources */ = {isa = PBXBuildFile; fileRef = EEF775C61229A36E00C6B4E7 /* inflate.c */; };
		EEF775DE1229A36E00C6B4E7 /* inftrees.c in Sources */ = {isa = PBXBuildFile; fileRef = EEF775C81229A36E00C6B4E7 /* inftrees.c */; };
		EEF775E01229A36E00C6B4E7 /* trees.c in Sources */ = {isa = PBXBuildFile; fileRef = EEF775CB1229A36E00C6B4E7 /* trees.c */; };
		EEF775E11229A36E00C6B4E7 /* uncompr.c in Sources */ = {isa = PBXBuildFile; fileRef = EEF775CD1229A36E00C6B4E7 /* uncompr.c */; };
		EEF775E31229A36E00C6B4E7 /* zutil.c in Sources */ = {isa = PBXBuildFile; fileRef = EEF775D11229A36E00C6B4E7 /* zutil.c */; };
		EEF776041229A3E000C6B4E7 /* png.c in Sources */ = {isa = PBXBuildFile; fileRef = EEF775F01229A3E000C6B4E7 /* png.c */; };
		EEF776051229A3E000C6B4E7 /* pngerror.c in Sources */ = {isa = PBXBuildFile; fileRef = EEF775F31229A3E000C6B4E7 /* pngerror.c */; };
		EEF776061229A3E000C6B4E7 /* pnggccrd.c in Sources */ = {isa = PBXBuildFile; fileRef = EEF775F41229A3E000C6B4E7 /* pnggccrd.c */; };
		EEF776071229A3E000C6B4E7 /* pngget.c in Sources */ = {isa = PBXBuildFile; fileRef = EEF775F51229A3E000C6B4E7 /* pngget.c */; };
		EEF776081229A3E000C6B4E7 /* pngmem.c in Sources */ = {isa = PBXBuildFile; fileRef = EEF775F61229A3E000C6B4E7 /* pngmem.c */; };
		EEF776091229A3E000C6B4E7 /* pngpread.c in Sources */ = {isa = PBXBuildFile; fileRef = EEF775F71229A3E000C6B4E7 /* pngpread.c */; };
		EEF7760A1229A3E000C6B4E7 /* pngread.c in Sources */ = {isa = PBXBuildFile; fileRef = EEF775F81229A3E000C6B4E7 /* pngread.c */; };
		EEF7760B1229A3E000C6B4E7 /* pngrio.c in Sources */ = {isa = PBXBuildFile; fileRef = EEF775F91229A3E000C6B4E7 /* pngrio.c */; };
		EEF7760C1229A3E000C6B4E7 /* pngrtran.c in Sources */ = {isa = PBXBuildFile; fileRef = EEF775FA1229A3E000C6B4E7 /* pngrtran.c */; };
		EEF7760D1229A3E000C6B4E7 /* pngrutil.c in Sources */ = {isa = PBXBuildFile; fileRef = EEF775FB1229A3E000C6B4E7 /* pngrutil.c */; };
		EEF7760E1229A3E000C6B4E7 /* pngset.c in Sources */ = {isa = PBXBuildFile; fileRef = EEF775FC1229A3E000C6B4E7 /* pngset.c */; };
		EEF776101229A3E000C6B4E7 /* pngtrans.c in Sources */ = {isa = PBXBuildFile; fileRef = EEF775FE1229A3E000C6B4E7 /* pngtrans.c */; };
		EEF776111229A3E000C6B4E7 /* pngvcrd.c in Sources */ = {isa = PBXBuildFile; fileRef = EEF775FF1229A3E000C6B4E7 /* pngvcrd.c */; };
		EEF776121229A3E000C6B4E7 /* pngwio.c in Sources */ = {isa = PBXBuildFile; fileRef = EEF776001229A3E000C6B4E7 /* pngwio.c */; };
		EEF776131229A3E000C6B4E7 /* pngwrite.c in Sources */ = {isa = PBXBuildFile; fileRef = EEF776011229A3E000C6B4E7 /* pngwrite.c */; };
		EEF776141229A3E000C6B4E7 /* pngwtran.c in Sources */ = {isa = PBXBuildFile; fileRef = EEF776021229A3E000C6B4E7 /* pngwtran.c */; };
		EEF776151229A3E000C6B4E7 /* pngwutil.c in Sources */ = {isa = PBXBuildFile; fileRef = EEF776031229A3E000C6B4E7 /* pngwutil.c */; };
/* End PBXBuildFile section */

/* Begin PBXFileReference section */
		8D1107310486CEB800E47090 /* RStation-Info.plist */ = {isa = PBXFileReference; fileEncoding = 4; lastKnownFileType = text.plist.xml; path = "RStation-Info.plist"; sourceTree = "<group>"; };
		8D1107320486CEB800E47090 /* RStation.app */ = {isa = PBXFileReference; explicitFileType = wrapper.application; includeInIndex = 0; path = RStation.app; sourceTree = BUILT_PRODUCTS_DIR; };
		EE03467C12435A7D00C51B69 /* class.cpp */ = {isa = PBXFileReference; fileEncoding = 4; lastKnownFileType = sourcecode.cpp.cpp; path = class.cpp; sourceTree = "<group>"; };
		EE03467D12435A7D00C51B69 /* class_info.cpp */ = {isa = PBXFileReference; fileEncoding = 4; lastKnownFileType = sourcecode.cpp.cpp; path = class_info.cpp; sourceTree = "<group>"; };
		EE03467E12435A7D00C51B69 /* class_registry.cpp */ = {isa = PBXFileReference; fileEncoding = 4; lastKnownFileType = sourcecode.cpp.cpp; path = class_registry.cpp; sourceTree = "<group>"; };
		EE03467F12435A7D00C51B69 /* class_rep.cpp */ = {isa = PBXFileReference; fileEncoding = 4; lastKnownFileType = sourcecode.cpp.cpp; path = class_rep.cpp; sourceTree = "<group>"; };
		EE03468012435A7D00C51B69 /* create_class.cpp */ = {isa = PBXFileReference; fileEncoding = 4; lastKnownFileType = sourcecode.cpp.cpp; path = create_class.cpp; sourceTree = "<group>"; };
		EE03468112435A7D00C51B69 /* error.cpp */ = {isa = PBXFileReference; fileEncoding = 4; lastKnownFileType = sourcecode.cpp.cpp; path = error.cpp; sourceTree = "<group>"; };
		EE03468212435A7D00C51B69 /* exception_handler.cpp */ = {isa = PBXFileReference; fileEncoding = 4; lastKnownFileType = sourcecode.cpp.cpp; path = exception_handler.cpp; sourceTree = "<group>"; };
		EE03468312435A7D00C51B69 /* find_best_match.cpp */ = {isa = PBXFileReference; fileEncoding = 4; lastKnownFileType = sourcecode.cpp.cpp; path = find_best_match.cpp; sourceTree = "<group>"; };
		EE03468412435A7D00C51B69 /* function.cpp */ = {isa = PBXFileReference; fileEncoding = 4; lastKnownFileType = sourcecode.cpp.cpp; path = function.cpp; sourceTree = "<group>"; };
		EE03468512435A7D00C51B69 /* implicit_cast.cpp */ = {isa = PBXFileReference; fileEncoding = 4; lastKnownFileType = sourcecode.cpp.cpp; path = implicit_cast.cpp; sourceTree = "<group>"; };
		EE03468612435A7D00C51B69 /* link_compatibility.cpp */ = {isa = PBXFileReference; fileEncoding = 4; lastKnownFileType = sourcecode.cpp.cpp; path = link_compatibility.cpp; sourceTree = "<group>"; };
		EE03468712435A7D00C51B69 /* object_rep.cpp */ = {isa = PBXFileReference; fileEncoding = 4; lastKnownFileType = sourcecode.cpp.cpp; path = object_rep.cpp; sourceTree = "<group>"; };
		EE03468812435A7D00C51B69 /* open.cpp */ = {isa = PBXFileReference; fileEncoding = 4; lastKnownFileType = sourcecode.cpp.cpp; path = open.cpp; sourceTree = "<group>"; };
		EE03468912435A7D00C51B69 /* overload_rep.cpp */ = {isa = PBXFileReference; fileEncoding = 4; lastKnownFileType = sourcecode.cpp.cpp; path = overload_rep.cpp; sourceTree = "<group>"; };
		EE03468A12435A7D00C51B69 /* pcall.cpp */ = {isa = PBXFileReference; fileEncoding = 4; lastKnownFileType = sourcecode.cpp.cpp; path = pcall.cpp; sourceTree = "<group>"; };
		EE03468B12435A7D00C51B69 /* ref.cpp */ = {isa = PBXFileReference; fileEncoding = 4; lastKnownFileType = sourcecode.cpp.cpp; path = ref.cpp; sourceTree = "<group>"; };
		EE03468C12435A7D00C51B69 /* scope.cpp */ = {isa = PBXFileReference; fileEncoding = 4; lastKnownFileType = sourcecode.cpp.cpp; path = scope.cpp; sourceTree = "<group>"; };
		EE03468D12435A7D00C51B69 /* stack_content_by_name.cpp */ = {isa = PBXFileReference; fileEncoding = 4; lastKnownFileType = sourcecode.cpp.cpp; path = stack_content_by_name.cpp; sourceTree = "<group>"; };
		EE03468E12435A7D00C51B69 /* weak_ref.cpp */ = {isa = PBXFileReference; fileEncoding = 4; lastKnownFileType = sourcecode.cpp.cpp; path = weak_ref.cpp; sourceTree = "<group>"; };
		EE03468F12435A7D00C51B69 /* wrapper_base.cpp */ = {isa = PBXFileReference; fileEncoding = 4; lastKnownFileType = sourcecode.cpp.cpp; path = wrapper_base.cpp; sourceTree = "<group>"; };
		EE078E4C125101FB00873319 /* dialog.h */ = {isa = PBXFileReference; fileEncoding = 4; lastKnownFileType = sourcecode.c.h; path = dialog.h; sourceTree = "<group>"; };
		EE078E4D125101FB00873319 /* dialog.mm */ = {isa = PBXFileReference; fileEncoding = 4; lastKnownFileType = sourcecode.cpp.objcpp; path = dialog.mm; sourceTree = "<group>"; };
		EE139D61125F26A800E2C767 /* Actor.cpp */ = {isa = PBXFileReference; fileEncoding = 4; lastKnownFileType = sourcecode.cpp.cpp; path = Actor.cpp; sourceTree = "<group>"; };
		EE139D62125F26A800E2C767 /* Actor.h */ = {isa = PBXFileReference; fileEncoding = 4; lastKnownFileType = sourcecode.c.h; path = Actor.h; sourceTree = "<group>"; };
		EE139D63125F26A800E2C767 /* AudioManager.cpp */ = {isa = PBXFileReference; fileEncoding = 4; lastKnownFileType = sourcecode.cpp.cpp; path = AudioManager.cpp; sourceTree = "<group>"; };
		EE139D64125F26A800E2C767 /* AudioManager.h */ = {isa = PBXFileReference; fileEncoding = 4; lastKnownFileType = sourcecode.c.h; path = AudioManager.h; sourceTree = "<group>"; };
		EE139D65125F26A800E2C767 /* FileManager.cpp */ = {isa = PBXFileReference; fileEncoding = 4; lastKnownFileType = sourcecode.cpp.cpp; path = FileManager.cpp; sourceTree = "<group>"; };
		EE139D66125F26A800E2C767 /* FileManager.h */ = {isa = PBXFileReference; fileEncoding = 4; lastKnownFileType = sourcecode.c.h; path = FileManager.h; sourceTree = "<group>"; };
		EE139D67125F26A800E2C767 /* GameLoop.cpp */ = {isa = PBXFileReference; fileEncoding = 4; lastKnownFileType = sourcecode.cpp.cpp; path = GameLoop.cpp; sourceTree = "<group>"; };
		EE139D68125F26A800E2C767 /* GameLoop.h */ = {isa = PBXFileReference; fileEncoding = 4; lastKnownFileType = sourcecode.c.h; path = GameLoop.h; sourceTree = "<group>"; };
		EE139D69125F26A800E2C767 /* ImageLoader.cpp */ = {isa = PBXFileReference; fileEncoding = 4; lastKnownFileType = sourcecode.cpp.cpp; path = ImageLoader.cpp; sourceTree = "<group>"; };
		EE139D6A125F26A800E2C767 /* ImageLoader.h */ = {isa = PBXFileReference; fileEncoding = 4; lastKnownFileType = sourcecode.c.h; path = ImageLoader.h; sourceTree = "<group>"; };
		EE139D6B125F26A800E2C767 /* INILoader.cpp */ = {isa = PBXFileReference; fileEncoding = 4; lastKnownFileType = sourcecode.cpp.cpp; path = INILoader.cpp; sourceTree = "<group>"; };
		EE139D6C125F26A800E2C767 /* INILoader.h */ = {isa = PBXFileReference; fileEncoding = 4; lastKnownFileType = sourcecode.c.h; path = INILoader.h; sourceTree = "<group>"; };
		EE139D6D125F26A800E2C767 /* InputManager.cpp */ = {isa = PBXFileReference; fileEncoding = 4; lastKnownFileType = sourcecode.cpp.cpp; path = InputManager.cpp; sourceTree = "<group>"; };
		EE139D6E125F26A800E2C767 /* InputManager.h */ = {isa = PBXFileReference; fileEncoding = 4; lastKnownFileType = sourcecode.c.h; path = InputManager.h; sourceTree = "<group>"; };
		EE139D6F125F26A800E2C767 /* KeyboardHandler.cpp */ = {isa = PBXFileReference; fileEncoding = 4; lastKnownFileType = sourcecode.cpp.cpp; path = KeyboardHandler.cpp; sourceTree = "<group>"; };
		EE139D70125F26A800E2C767 /* KeyboardHandler.h */ = {isa = PBXFileReference; fileEncoding = 4; lastKnownFileType = sourcecode.c.h; path = KeyboardHandler.h; sourceTree = "<group>"; };
		EE139D71125F26A800E2C767 /* Logger.cpp */ = {isa = PBXFileReference; fileEncoding = 4; lastKnownFileType = sourcecode.cpp.cpp; path = Logger.cpp; sourceTree = "<group>"; };
		EE139D72125F26A800E2C767 /* Logger.h */ = {isa = PBXFileReference; fileEncoding = 4; lastKnownFileType = sourcecode.c.h; path = Logger.h; sourceTree = "<group>"; };
		EE139D73125F26A800E2C767 /* LuaManager.cpp */ = {isa = PBXFileReference; fileEncoding = 4; lastKnownFileType = sourcecode.cpp.cpp; path = LuaManager.cpp; sourceTree = "<group>"; };
		EE139D74125F26A800E2C767 /* LuaManager.h */ = {isa = PBXFileReference; fileEncoding = 4; lastKnownFileType = sourcecode.c.h; path = LuaManager.h; sourceTree = "<group>"; };
		EE139D75125F26A800E2C767 /* MathUtils.cpp */ = {isa = PBXFileReference; fileEncoding = 4; lastKnownFileType = sourcecode.cpp.cpp; path = MathUtils.cpp; sourceTree = "<group>"; };
		EE139D76125F26A800E2C767 /* MathUtils.h */ = {isa = PBXFileReference; fileEncoding = 4; lastKnownFileType = sourcecode.c.h; path = MathUtils.h; sourceTree = "<group>"; };
		EE139D77125F26A800E2C767 /* Matrix.cpp */ = {isa = PBXFileReference; fileEncoding = 4; lastKnownFileType = sourcecode.cpp.cpp; path = Matrix.cpp; sourceTree = "<group>"; };
		EE139D78125F26A800E2C767 /* Matrix.h */ = {isa = PBXFileReference; fileEncoding = 4; lastKnownFileType = sourcecode.c.h; path = Matrix.h; sourceTree = "<group>"; };
		EE139D79125F26A800E2C767 /* MessageManager.cpp */ = {isa = PBXFileReference; fileEncoding = 4; lastKnownFileType = sourcecode.cpp.cpp; path = MessageManager.cpp; sourceTree = "<group>"; };
		EE139D7A125F26A800E2C767 /* MessageManager.h */ = {isa = PBXFileReference; fileEncoding = 4; lastKnownFileType = sourcecode.c.h; path = MessageManager.h; sourceTree = "<group>"; };
		EE139D7B125F26A800E2C767 /* MouseHandler.cpp */ = {isa = PBXFileReference; fileEncoding = 4; lastKnownFileType = sourcecode.cpp.cpp; path = MouseHandler.cpp; sourceTree = "<group>"; };
		EE139D7C125F26A800E2C767 /* MouseHandler.h */ = {isa = PBXFileReference; fileEncoding = 4; lastKnownFileType = sourcecode.c.h; path = MouseHandler.h; sourceTree = "<group>"; };
		EE139D7D125F26A800E2C767 /* OBJLoader.cpp */ = {isa = PBXFileReference; fileEncoding = 4; lastKnownFileType = sourcecode.cpp.cpp; path = OBJLoader.cpp; sourceTree = "<group>"; };
		EE139D7E125F26A800E2C767 /* OBJLoader.h */ = {isa = PBXFileReference; fileEncoding = 4; lastKnownFileType = sourcecode.c.h; path = OBJLoader.h; sourceTree = "<group>"; };
		EE139D7F125F26A800E2C767 /* PNGLoader.cpp */ = {isa = PBXFileReference; fileEncoding = 4; lastKnownFileType = sourcecode.cpp.cpp; path = PNGLoader.cpp; sourceTree = "<group>"; };
		EE139D80125F26A800E2C767 /* PNGLoader.h */ = {isa = PBXFileReference; fileEncoding = 4; lastKnownFileType = sourcecode.c.h; path = PNGLoader.h; sourceTree = "<group>"; };
		EE139D81125F26A800E2C767 /* Primitives.cpp */ = {isa = PBXFileReference; fileEncoding = 4; lastKnownFileType = sourcecode.cpp.cpp; path = Primitives.cpp; sourceTree = "<group>"; };
		EE139D82125F26A800E2C767 /* Primitives.h */ = {isa = PBXFileReference; fileEncoding = 4; lastKnownFileType = sourcecode.c.h; path = Primitives.h; sourceTree = "<group>"; };
		EE139D83125F26A800E2C767 /* RStation.cpp */ = {isa = PBXFileReference; fileEncoding = 4; lastKnownFileType = sourcecode.cpp.cpp; path = RStation.cpp; sourceTree = "<group>"; };
		EE139D84125F26A800E2C767 /* RStation.h */ = {isa = PBXFileReference; fileEncoding = 4; lastKnownFileType = sourcecode.c.h; path = RStation.h; sourceTree = "<group>"; };
		EE139D85125F26A800E2C767 /* RSUtil.cpp */ = {isa = PBXFileReference; fileEncoding = 4; lastKnownFileType = sourcecode.cpp.cpp; path = RSUtil.cpp; sourceTree = "<group>"; };
		EE139D86125F26A800E2C767 /* RSUtil.h */ = {isa = PBXFileReference; fileEncoding = 4; lastKnownFileType = sourcecode.c.h; path = RSUtil.h; sourceTree = "<group>"; };
		EE139D87125F26A800E2C767 /* SceneManager.cpp */ = {isa = PBXFileReference; fileEncoding = 4; lastKnownFileType = sourcecode.cpp.cpp; path = SceneManager.cpp; sourceTree = "<group>"; };
		EE139D88125F26A800E2C767 /* SceneManager.h */ = {isa = PBXFileReference; fileEncoding = 4; lastKnownFileType = sourcecode.c.h; path = SceneManager.h; sourceTree = "<group>"; };
		EE139D89125F26A800E2C767 /* Screen.cpp */ = {isa = PBXFileReference; fileEncoding = 4; lastKnownFileType = sourcecode.cpp.cpp; path = Screen.cpp; sourceTree = "<group>"; };
		EE139D8A125F26A800E2C767 /* Screen.h */ = {isa = PBXFileReference; fileEncoding = 4; lastKnownFileType = sourcecode.c.h; path = Screen.h; sourceTree = "<group>"; };
		EE139D8B125F26A800E2C767 /* ShaderLoader.cpp */ = {isa = PBXFileReference; fileEncoding = 4; lastKnownFileType = sourcecode.cpp.cpp; path = ShaderLoader.cpp; sourceTree = "<group>"; };
		EE139D8C125F26A800E2C767 /* ShaderLoader.h */ = {isa = PBXFileReference; fileEncoding = 4; lastKnownFileType = sourcecode.c.h; path = ShaderLoader.h; sourceTree = "<group>"; };
		EE139D8D125F26A800E2C767 /* ShaderManager.cpp */ = {isa = PBXFileReference; fileEncoding = 4; lastKnownFileType = sourcecode.cpp.cpp; path = ShaderManager.cpp; sourceTree = "<group>"; };
		EE139D8E125F26A800E2C767 /* ShaderManager.h */ = {isa = PBXFileReference; fileEncoding = 4; lastKnownFileType = sourcecode.c.h; path = ShaderManager.h; sourceTree = "<group>"; };
		EE139D8F125F26A800E2C767 /* Sound.cpp */ = {isa = PBXFileReference; fileEncoding = 4; lastKnownFileType = sourcecode.cpp.cpp; path = Sound.cpp; sourceTree = "<group>"; };
		EE139D90125F26A800E2C767 /* Sound.h */ = {isa = PBXFileReference; fileEncoding = 4; lastKnownFileType = sourcecode.c.h; path = Sound.h; sourceTree = "<group>"; };
		EE139D91125F26A800E2C767 /* Sprite.cpp */ = {isa = PBXFileReference; fileEncoding = 4; lastKnownFileType = sourcecode.cpp.cpp; path = Sprite.cpp; sourceTree = "<group>"; };
		EE139D92125F26A800E2C767 /* Sprite.h */ = {isa = PBXFileReference; fileEncoding = 4; lastKnownFileType = sourcecode.c.h; path = Sprite.h; sourceTree = "<group>"; };
		EE139D93125F26A800E2C767 /* TextureManager.cpp */ = {isa = PBXFileReference; fileEncoding = 4; lastKnownFileType = sourcecode.cpp.cpp; path = TextureManager.cpp; sourceTree = "<group>"; };
		EE139D94125F26A800E2C767 /* TextureManager.h */ = {isa = PBXFileReference; fileEncoding = 4; lastKnownFileType = sourcecode.c.h; path = TextureManager.h; sourceTree = "<group>"; };
		EE139D95125F26A800E2C767 /* Timer.cpp */ = {isa = PBXFileReference; fileEncoding = 4; lastKnownFileType = sourcecode.cpp.cpp; path = Timer.cpp; sourceTree = "<group>"; };
		EE139D96125F26A800E2C767 /* Timer.h */ = {isa = PBXFileReference; fileEncoding = 4; lastKnownFileType = sourcecode.c.h; path = Timer.h; sourceTree = "<group>"; };
		EE139D97125F26A800E2C767 /* TimingData.h */ = {isa = PBXFileReference; fileEncoding = 4; lastKnownFileType = sourcecode.c.h; path = TimingData.h; sourceTree = "<group>"; };
		EE139D98125F26A800E2C767 /* Tween.cpp */ = {isa = PBXFileReference; fileEncoding = 4; lastKnownFileType = sourcecode.cpp.cpp; path = Tween.cpp; sourceTree = "<group>"; };
		EE139D99125F26A800E2C767 /* Tween.h */ = {isa = PBXFileReference; fileEncoding = 4; lastKnownFileType = sourcecode.c.h; path = Tween.h; sourceTree = "<group>"; };
		EE139D9A125F26A800E2C767 /* Type.cpp */ = {isa = PBXFileReference; fileEncoding = 4; lastKnownFileType = sourcecode.cpp.cpp; path = Type.cpp; sourceTree = "<group>"; };
		EE139D9B125F26A800E2C767 /* Type.h */ = {isa = PBXFileReference; fileEncoding = 4; lastKnownFileType = sourcecode.c.h; path = Type.h; sourceTree = "<group>"; };
		EE139D9C125F26A800E2C767 /* Video_Draw.cpp */ = {isa = PBXFileReference; fileEncoding = 4; lastKnownFileType = sourcecode.cpp.cpp; path = Video_Draw.cpp; sourceTree = "<group>"; };
		EE139D9D125F26A800E2C767 /* Video_Window.cpp */ = {isa = PBXFileReference; fileEncoding = 4; lastKnownFileType = sourcecode.cpp.cpp; path = Video_Window.cpp; sourceTree = "<group>"; };
		EE139D9E125F26A800E2C767 /* Video.h */ = {isa = PBXFileReference; fileEncoding = 4; lastKnownFileType = sourcecode.c.h; path = Video.h; sourceTree = "<group>"; };
		EE992BB8122B5F1F00884C21 /* bio.icns */ = {isa = PBXFileReference; lastKnownFileType = image.icns; path = bio.icns; sourceTree = "<group>"; };
		EEE4225D123E9C3100E471EB /* libogg.a */ = {isa = PBXFileReference; lastKnownFileType = archive.ar; name = libogg.a; path = RStation/osx/libogg.a; sourceTree = "<group>"; };
		EEE42283123E9E7100E471EB /* libvorbis.a */ = {isa = PBXFileReference; lastKnownFileType = archive.ar; name = libvorbis.a; path = RStation/osx/libvorbis.a; sourceTree = "<group>"; };
		EEE42284123E9E7100E471EB /* libvorbisfile.a */ = {isa = PBXFileReference; lastKnownFileType = archive.ar; name = libvorbisfile.a; path = RStation/osx/libvorbisfile.a; sourceTree = "<group>"; };
		EEF40BD9121D3D95009F8F49 /* cocoa_enable.m */ = {isa = PBXFileReference; fileEncoding = 4; lastKnownFileType = sourcecode.c.objc; path = cocoa_enable.m; sourceTree = "<group>"; };
		EEF40BDA121D3D95009F8F49 /* cocoa_fullscreen.m */ = {isa = PBXFileReference; fileEncoding = 4; lastKnownFileType = sourcecode.c.objc; path = cocoa_fullscreen.m; sourceTree = "<group>"; };
		EEF40BDB121D3D95009F8F49 /* cocoa_glext.m */ = {isa = PBXFileReference; fileEncoding = 4; lastKnownFileType = sourcecode.c.objc; path = cocoa_glext.m; sourceTree = "<group>"; };
		EEF40BDC121D3D95009F8F49 /* cocoa_init.m */ = {isa = PBXFileReference; fileEncoding = 4; lastKnownFileType = sourcecode.c.objc; path = cocoa_init.m; sourceTree = "<group>"; };
		EEF40BDD121D3D95009F8F49 /* cocoa_joystick.m */ = {isa = PBXFileReference; fileEncoding = 4; lastKnownFileType = sourcecode.c.objc; path = cocoa_joystick.m; sourceTree = "<group>"; };
		EEF40BDE121D3D95009F8F49 /* cocoa_thread.c */ = {isa = PBXFileReference; fileEncoding = 4; lastKnownFileType = sourcecode.c.c; path = cocoa_thread.c; sourceTree = "<group>"; };
		EEF40BDF121D3D95009F8F49 /* cocoa_time.m */ = {isa = PBXFileReference; fileEncoding = 4; lastKnownFileType = sourcecode.c.objc; path = cocoa_time.m; sourceTree = "<group>"; };
		EEF40BE0121D3D95009F8F49 /* cocoa_window.m */ = {isa = PBXFileReference; fileEncoding = 4; lastKnownFileType = sourcecode.c.objc; path = cocoa_window.m; sourceTree = "<group>"; };
		EEF40BE4121D3D95009F8F49 /* platform.h */ = {isa = PBXFileReference; fileEncoding = 4; lastKnownFileType = sourcecode.c.h; path = platform.h; sourceTree = "<group>"; };
		EEF40BE5121D3D95009F8F49 /* enable.c */ = {isa = PBXFileReference; fileEncoding = 4; lastKnownFileType = sourcecode.c.c; name = enable.c; path = lib/enable.c; sourceTree = "<group>"; };
		EEF40BE6121D3D95009F8F49 /* fullscreen.c */ = {isa = PBXFileReference; fileEncoding = 4; lastKnownFileType = sourcecode.c.c; name = fullscreen.c; path = lib/fullscreen.c; sourceTree = "<group>"; };
		EEF40BE7121D3D95009F8F49 /* glext.c */ = {isa = PBXFileReference; fileEncoding = 4; lastKnownFileType = sourcecode.c.c; name = glext.c; path = lib/glext.c; sourceTree = "<group>"; };
		EEF40BE8121D3D95009F8F49 /* image.c */ = {isa = PBXFileReference; fileEncoding = 4; lastKnownFileType = sourcecode.c.c; name = image.c; path = lib/image.c; sourceTree = "<group>"; };
		EEF40BE9121D3D95009F8F49 /* init.c */ = {isa = PBXFileReference; fileEncoding = 4; lastKnownFileType = sourcecode.c.c; name = init.c; path = lib/init.c; sourceTree = "<group>"; };
		EEF40BEA121D3D95009F8F49 /* input.c */ = {isa = PBXFileReference; fileEncoding = 4; lastKnownFileType = sourcecode.c.c; name = input.c; path = lib/input.c; sourceTree = "<group>"; };
		EEF40BEB121D3D95009F8F49 /* internal.h */ = {isa = PBXFileReference; fileEncoding = 4; lastKnownFileType = sourcecode.c.h; name = internal.h; path = lib/internal.h; sourceTree = "<group>"; };
		EEF40BEC121D3D95009F8F49 /* joystick.c */ = {isa = PBXFileReference; fileEncoding = 4; lastKnownFileType = sourcecode.c.c; name = joystick.c; path = lib/joystick.c; sourceTree = "<group>"; };
		EEF40BED121D3D95009F8F49 /* stream.c */ = {isa = PBXFileReference; fileEncoding = 4; lastKnownFileType = sourcecode.c.c; name = stream.c; path = lib/stream.c; sourceTree = "<group>"; };
		EEF40BEE121D3D95009F8F49 /* tga.c */ = {isa = PBXFileReference; fileEncoding = 4; lastKnownFileType = sourcecode.c.c; name = tga.c; path = lib/tga.c; sourceTree = "<group>"; };
		EEF40BEF121D3D95009F8F49 /* thread.c */ = {isa = PBXFileReference; fileEncoding = 4; lastKnownFileType = sourcecode.c.c; name = thread.c; path = lib/thread.c; sourceTree = "<group>"; };
		EEF40BF0121D3D95009F8F49 /* time.c */ = {isa = PBXFileReference; fileEncoding = 4; lastKnownFileType = sourcecode.c.c; name = time.c; path = lib/time.c; sourceTree = "<group>"; };
		EEF40C05121D3D95009F8F49 /* window.c */ = {isa = PBXFileReference; fileEncoding = 4; lastKnownFileType = sourcecode.c.c; name = window.c; path = lib/window.c; sourceTree = "<group>"; };
		EEF40F291220B3DD009F8F49 /* glew.c */ = {isa = PBXFileReference; fileEncoding = 4; lastKnownFileType = sourcecode.c.c; path = glew.c; sourceTree = "<group>"; };
		EEF7708912265B4E00C6B4E7 /* lapi.c */ = {isa = PBXFileReference; fileEncoding = 4; lastKnownFileType = sourcecode.c.c; name = lapi.c; path = "lua-5.1.4/src/lapi.c"; sourceTree = "<group>"; };
		EEF7708A12265B4E00C6B4E7 /* lapi.h */ = {isa = PBXFileReference; fileEncoding = 4; lastKnownFileType = sourcecode.c.h; name = lapi.h; path = "lua-5.1.4/src/lapi.h"; sourceTree = "<group>"; };
		EEF7708B12265B4E00C6B4E7 /* lauxlib.c */ = {isa = PBXFileReference; fileEncoding = 4; lastKnownFileType = sourcecode.c.c; name = lauxlib.c; path = "lua-5.1.4/src/lauxlib.c"; sourceTree = "<group>"; };
		EEF7708C12265B4E00C6B4E7 /* lauxlib.h */ = {isa = PBXFileReference; fileEncoding = 4; lastKnownFileType = sourcecode.c.h; name = lauxlib.h; path = "lua-5.1.4/src/lauxlib.h"; sourceTree = "<group>"; };
		EEF7708D12265B4E00C6B4E7 /* lbaselib.c */ = {isa = PBXFileReference; fileEncoding = 4; lastKnownFileType = sourcecode.c.c; name = lbaselib.c; path = "lua-5.1.4/src/lbaselib.c"; sourceTree = "<group>"; };
		EEF7708E12265B4E00C6B4E7 /* lcode.c */ = {isa = PBXFileReference; fileEncoding = 4; lastKnownFileType = sourcecode.c.c; name = lcode.c; path = "lua-5.1.4/src/lcode.c"; sourceTree = "<group>"; };
		EEF7708F12265B4E00C6B4E7 /* lcode.h */ = {isa = PBXFileReference; fileEncoding = 4; lastKnownFileType = sourcecode.c.h; name = lcode.h; path = "lua-5.1.4/src/lcode.h"; sourceTree = "<group>"; };
		EEF7709012265B4E00C6B4E7 /* ldblib.c */ = {isa = PBXFileReference; fileEncoding = 4; lastKnownFileType = sourcecode.c.c; name = ldblib.c; path = "lua-5.1.4/src/ldblib.c"; sourceTree = "<group>"; };
		EEF7709112265B4E00C6B4E7 /* ldebug.c */ = {isa = PBXFileReference; fileEncoding = 4; lastKnownFileType = sourcecode.c.c; name = ldebug.c; path = "lua-5.1.4/src/ldebug.c"; sourceTree = "<group>"; };
		EEF7709212265B4E00C6B4E7 /* ldebug.h */ = {isa = PBXFileReference; fileEncoding = 4; lastKnownFileType = sourcecode.c.h; name = ldebug.h; path = "lua-5.1.4/src/ldebug.h"; sourceTree = "<group>"; };
		EEF7709312265B4E00C6B4E7 /* ldo.c */ = {isa = PBXFileReference; fileEncoding = 4; lastKnownFileType = sourcecode.c.c; name = ldo.c; path = "lua-5.1.4/src/ldo.c"; sourceTree = "<group>"; };
		EEF7709412265B4E00C6B4E7 /* ldo.h */ = {isa = PBXFileReference; fileEncoding = 4; lastKnownFileType = sourcecode.c.h; name = ldo.h; path = "lua-5.1.4/src/ldo.h"; sourceTree = "<group>"; };
		EEF7709512265B4E00C6B4E7 /* ldump.c */ = {isa = PBXFileReference; fileEncoding = 4; lastKnownFileType = sourcecode.c.c; name = ldump.c; path = "lua-5.1.4/src/ldump.c"; sourceTree = "<group>"; };
		EEF7709612265B4E00C6B4E7 /* lfunc.c */ = {isa = PBXFileReference; fileEncoding = 4; lastKnownFileType = sourcecode.c.c; name = lfunc.c; path = "lua-5.1.4/src/lfunc.c"; sourceTree = "<group>"; };
		EEF7709712265B4E00C6B4E7 /* lfunc.h */ = {isa = PBXFileReference; fileEncoding = 4; lastKnownFileType = sourcecode.c.h; name = lfunc.h; path = "lua-5.1.4/src/lfunc.h"; sourceTree = "<group>"; };
		EEF7709812265B4E00C6B4E7 /* lgc.c */ = {isa = PBXFileReference; fileEncoding = 4; lastKnownFileType = sourcecode.c.c; name = lgc.c; path = "lua-5.1.4/src/lgc.c"; sourceTree = "<group>"; };
		EEF7709912265B4E00C6B4E7 /* lgc.h */ = {isa = PBXFileReference; fileEncoding = 4; lastKnownFileType = sourcecode.c.h; name = lgc.h; path = "lua-5.1.4/src/lgc.h"; sourceTree = "<group>"; };
		EEF7709A12265B4E00C6B4E7 /* linit.c */ = {isa = PBXFileReference; fileEncoding = 4; lastKnownFileType = sourcecode.c.c; name = linit.c; path = "lua-5.1.4/src/linit.c"; sourceTree = "<group>"; };
		EEF7709B12265B4E00C6B4E7 /* liolib.c */ = {isa = PBXFileReference; fileEncoding = 4; lastKnownFileType = sourcecode.c.c; name = liolib.c; path = "lua-5.1.4/src/liolib.c"; sourceTree = "<group>"; };
		EEF7709C12265B4E00C6B4E7 /* llex.c */ = {isa = PBXFileReference; fileEncoding = 4; lastKnownFileType = sourcecode.c.c; name = llex.c; path = "lua-5.1.4/src/llex.c"; sourceTree = "<group>"; };
		EEF7709D12265B4E00C6B4E7 /* llex.h */ = {isa = PBXFileReference; fileEncoding = 4; lastKnownFileType = sourcecode.c.h; name = llex.h; path = "lua-5.1.4/src/llex.h"; sourceTree = "<group>"; };
		EEF7709E12265B4E00C6B4E7 /* llimits.h */ = {isa = PBXFileReference; fileEncoding = 4; lastKnownFileType = sourcecode.c.h; name = llimits.h; path = "lua-5.1.4/src/llimits.h"; sourceTree = "<group>"; };
		EEF7709F12265B4E00C6B4E7 /* lmathlib.c */ = {isa = PBXFileReference; fileEncoding = 4; lastKnownFileType = sourcecode.c.c; name = lmathlib.c; path = "lua-5.1.4/src/lmathlib.c"; sourceTree = "<group>"; };
		EEF770A012265B4E00C6B4E7 /* lmem.c */ = {isa = PBXFileReference; fileEncoding = 4; lastKnownFileType = sourcecode.c.c; name = lmem.c; path = "lua-5.1.4/src/lmem.c"; sourceTree = "<group>"; };
		EEF770A112265B4E00C6B4E7 /* lmem.h */ = {isa = PBXFileReference; fileEncoding = 4; lastKnownFileType = sourcecode.c.h; name = lmem.h; path = "lua-5.1.4/src/lmem.h"; sourceTree = "<group>"; };
		EEF770A212265B4E00C6B4E7 /* loadlib.c */ = {isa = PBXFileReference; fileEncoding = 4; lastKnownFileType = sourcecode.c.c; name = loadlib.c; path = "lua-5.1.4/src/loadlib.c"; sourceTree = "<group>"; };
		EEF770A312265B4E00C6B4E7 /* lobject.c */ = {isa = PBXFileReference; fileEncoding = 4; lastKnownFileType = sourcecode.c.c; name = lobject.c; path = "lua-5.1.4/src/lobject.c"; sourceTree = "<group>"; };
		EEF770A412265B4E00C6B4E7 /* lobject.h */ = {isa = PBXFileReference; fileEncoding = 4; lastKnownFileType = sourcecode.c.h; name = lobject.h; path = "lua-5.1.4/src/lobject.h"; sourceTree = "<group>"; };
		EEF770A512265B4E00C6B4E7 /* lopcodes.c */ = {isa = PBXFileReference; fileEncoding = 4; lastKnownFileType = sourcecode.c.c; name = lopcodes.c; path = "lua-5.1.4/src/lopcodes.c"; sourceTree = "<group>"; };
		EEF770A612265B4E00C6B4E7 /* lopcodes.h */ = {isa = PBXFileReference; fileEncoding = 4; lastKnownFileType = sourcecode.c.h; name = lopcodes.h; path = "lua-5.1.4/src/lopcodes.h"; sourceTree = "<group>"; };
		EEF770A712265B4E00C6B4E7 /* loslib.c */ = {isa = PBXFileReference; fileEncoding = 4; lastKnownFileType = sourcecode.c.c; name = loslib.c; path = "lua-5.1.4/src/loslib.c"; sourceTree = "<group>"; };
		EEF770A812265B4E00C6B4E7 /* lparser.c */ = {isa = PBXFileReference; fileEncoding = 4; lastKnownFileType = sourcecode.c.c; name = lparser.c; path = "lua-5.1.4/src/lparser.c"; sourceTree = "<group>"; };
		EEF770A912265B4E00C6B4E7 /* lparser.h */ = {isa = PBXFileReference; fileEncoding = 4; lastKnownFileType = sourcecode.c.h; name = lparser.h; path = "lua-5.1.4/src/lparser.h"; sourceTree = "<group>"; };
		EEF770AA12265B4E00C6B4E7 /* lstate.c */ = {isa = PBXFileReference; fileEncoding = 4; lastKnownFileType = sourcecode.c.c; name = lstate.c; path = "lua-5.1.4/src/lstate.c"; sourceTree = "<group>"; };
		EEF770AB12265B4E00C6B4E7 /* lstate.h */ = {isa = PBXFileReference; fileEncoding = 4; lastKnownFileType = sourcecode.c.h; name = lstate.h; path = "lua-5.1.4/src/lstate.h"; sourceTree = "<group>"; };
		EEF770AC12265B4E00C6B4E7 /* lstring.c */ = {isa = PBXFileReference; fileEncoding = 4; lastKnownFileType = sourcecode.c.c; name = lstring.c; path = "lua-5.1.4/src/lstring.c"; sourceTree = "<group>"; };
		EEF770AD12265B4E00C6B4E7 /* lstring.h */ = {isa = PBXFileReference; fileEncoding = 4; lastKnownFileType = sourcecode.c.h; name = lstring.h; path = "lua-5.1.4/src/lstring.h"; sourceTree = "<group>"; };
		EEF770AE12265B4E00C6B4E7 /* lstrlib.c */ = {isa = PBXFileReference; fileEncoding = 4; lastKnownFileType = sourcecode.c.c; name = lstrlib.c; path = "lua-5.1.4/src/lstrlib.c"; sourceTree = "<group>"; };
		EEF770AF12265B4E00C6B4E7 /* ltable.c */ = {isa = PBXFileReference; fileEncoding = 4; lastKnownFileType = sourcecode.c.c; name = ltable.c; path = "lua-5.1.4/src/ltable.c"; sourceTree = "<group>"; };
		EEF770B012265B4E00C6B4E7 /* ltable.h */ = {isa = PBXFileReference; fileEncoding = 4; lastKnownFileType = sourcecode.c.h; name = ltable.h; path = "lua-5.1.4/src/ltable.h"; sourceTree = "<group>"; };
		EEF770B112265B4E00C6B4E7 /* ltablib.c */ = {isa = PBXFileReference; fileEncoding = 4; lastKnownFileType = sourcecode.c.c; name = ltablib.c; path = "lua-5.1.4/src/ltablib.c"; sourceTree = "<group>"; };
		EEF770B212265B4E00C6B4E7 /* ltm.c */ = {isa = PBXFileReference; fileEncoding = 4; lastKnownFileType = sourcecode.c.c; name = ltm.c; path = "lua-5.1.4/src/ltm.c"; sourceTree = "<group>"; };
		EEF770B312265B4E00C6B4E7 /* ltm.h */ = {isa = PBXFileReference; fileEncoding = 4; lastKnownFileType = sourcecode.c.h; name = ltm.h; path = "lua-5.1.4/src/ltm.h"; sourceTree = "<group>"; };
		EEF770B512265B4E00C6B4E7 /* lua.h */ = {isa = PBXFileReference; fileEncoding = 4; lastKnownFileType = sourcecode.c.h; name = lua.h; path = "lua-5.1.4/src/lua.h"; sourceTree = "<group>"; };
		EEF770B712265B4E00C6B4E7 /* luaconf.h */ = {isa = PBXFileReference; fileEncoding = 4; lastKnownFileType = sourcecode.c.h; name = luaconf.h; path = "lua-5.1.4/src/luaconf.h"; sourceTree = "<group>"; };
		EEF770B812265B4E00C6B4E7 /* lualib.h */ = {isa = PBXFileReference; fileEncoding = 4; lastKnownFileType = sourcecode.c.h; name = lualib.h; path = "lua-5.1.4/src/lualib.h"; sourceTree = "<group>"; };
		EEF770B912265B4E00C6B4E7 /* lundump.c */ = {isa = PBXFileReference; fileEncoding = 4; lastKnownFileType = sourcecode.c.c; name = lundump.c; path = "lua-5.1.4/src/lundump.c"; sourceTree = "<group>"; };
		EEF770BA12265B4E00C6B4E7 /* lundump.h */ = {isa = PBXFileReference; fileEncoding = 4; lastKnownFileType = sourcecode.c.h; name = lundump.h; path = "lua-5.1.4/src/lundump.h"; sourceTree = "<group>"; };
		EEF770BB12265B4E00C6B4E7 /* lvm.c */ = {isa = PBXFileReference; fileEncoding = 4; lastKnownFileType = sourcecode.c.c; name = lvm.c; path = "lua-5.1.4/src/lvm.c"; sourceTree = "<group>"; };
		EEF770BC12265B4E00C6B4E7 /* lvm.h */ = {isa = PBXFileReference; fileEncoding = 4; lastKnownFileType = sourcecode.c.h; name = lvm.h; path = "lua-5.1.4/src/lvm.h"; sourceTree = "<group>"; };
		EEF770BD12265B4E00C6B4E7 /* lzio.c */ = {isa = PBXFileReference; fileEncoding = 4; lastKnownFileType = sourcecode.c.c; name = lzio.c; path = "lua-5.1.4/src/lzio.c"; sourceTree = "<group>"; };
		EEF770BE12265B4E00C6B4E7 /* lzio.h */ = {isa = PBXFileReference; fileEncoding = 4; lastKnownFileType = sourcecode.c.h; name = lzio.h; path = "lua-5.1.4/src/lzio.h"; sourceTree = "<group>"; };
		EEF770BF12265B4E00C6B4E7 /* print.c */ = {isa = PBXFileReference; fileEncoding = 4; lastKnownFileType = sourcecode.c.c; name = print.c; path = "lua-5.1.4/src/print.c"; sourceTree = "<group>"; };
		EEF7728312282C8800C6B4E7 /* Cocoa.framework */ = {isa = PBXFileReference; lastKnownFileType = wrapper.framework; name = Cocoa.framework; path = System/Library/Frameworks/Cocoa.framework; sourceTree = SDKROOT; };
		EEF7728512282C8800C6B4E7 /* CoreFoundation.framework */ = {isa = PBXFileReference; lastKnownFileType = wrapper.framework; name = CoreFoundation.framework; path = System/Library/Frameworks/CoreFoundation.framework; sourceTree = SDKROOT; };
		EEF7728712282C8800C6B4E7 /* OpenAL.framework */ = {isa = PBXFileReference; lastKnownFileType = wrapper.framework; name = OpenAL.framework; path = System/Library/Frameworks/OpenAL.framework; sourceTree = SDKROOT; };
		EEF7728912282C8800C6B4E7 /* OpenGL.framework */ = {isa = PBXFileReference; lastKnownFileType = wrapper.framework; name = OpenGL.framework; path = System/Library/Frameworks/OpenGL.framework; sourceTree = SDKROOT; };
		EEF775B71229A36E00C6B4E7 /* adler32.c */ = {isa = PBXFileReference; fileEncoding = 4; lastKnownFileType = sourcecode.c.c; name = adler32.c; path = "zlib-1.2.5/adler32.c"; sourceTree = "<group>"; };
		EEF775B81229A36E00C6B4E7 /* compress.c */ = {isa = PBXFileReference; fileEncoding = 4; lastKnownFileType = sourcecode.c.c; name = compress.c; path = "zlib-1.2.5/compress.c"; sourceTree = "<group>"; };
		EEF775B91229A36E00C6B4E7 /* crc32.c */ = {isa = PBXFileReference; fileEncoding = 4; lastKnownFileType = sourcecode.c.c; name = crc32.c; path = "zlib-1.2.5/crc32.c"; sourceTree = "<group>"; };
		EEF775BA1229A36E00C6B4E7 /* crc32.h */ = {isa = PBXFileReference; fileEncoding = 4; lastKnownFileType = sourcecode.c.h; name = crc32.h; path = "zlib-1.2.5/crc32.h"; sourceTree = "<group>"; };
		EEF775BB1229A36E00C6B4E7 /* deflate.c */ = {isa = PBXFileReference; fileEncoding = 4; lastKnownFileType = sourcecode.c.c; name = deflate.c; path = "zlib-1.2.5/deflate.c"; sourceTree = "<group>"; };
		EEF775BC1229A36E00C6B4E7 /* deflate.h */ = {isa = PBXFileReference; fileEncoding = 4; lastKnownFileType = sourcecode.c.h; name = deflate.h; path = "zlib-1.2.5/deflate.h"; sourceTree = "<group>"; };
		EEF775BD1229A36E00C6B4E7 /* gzclose.c */ = {isa = PBXFileReference; fileEncoding = 4; lastKnownFileType = sourcecode.c.c; name = gzclose.c; path = "zlib-1.2.5/gzclose.c"; sourceTree = "<group>"; };
		EEF775BE1229A36E00C6B4E7 /* gzguts.h */ = {isa = PBXFileReference; fileEncoding = 4; lastKnownFileType = sourcecode.c.h; name = gzguts.h; path = "zlib-1.2.5/gzguts.h"; sourceTree = "<group>"; };
		EEF775BF1229A36E00C6B4E7 /* gzlib.c */ = {isa = PBXFileReference; fileEncoding = 4; lastKnownFileType = sourcecode.c.c; name = gzlib.c; path = "zlib-1.2.5/gzlib.c"; sourceTree = "<group>"; };
		EEF775C01229A36E00C6B4E7 /* gzread.c */ = {isa = PBXFileReference; fileEncoding = 4; lastKnownFileType = sourcecode.c.c; name = gzread.c; path = "zlib-1.2.5/gzread.c"; sourceTree = "<group>"; };
		EEF775C11229A36E00C6B4E7 /* gzwrite.c */ = {isa = PBXFileReference; fileEncoding = 4; lastKnownFileType = sourcecode.c.c; name = gzwrite.c; path = "zlib-1.2.5/gzwrite.c"; sourceTree = "<group>"; };
		EEF775C21229A36E00C6B4E7 /* infback.c */ = {isa = PBXFileReference; fileEncoding = 4; lastKnownFileType = sourcecode.c.c; name = infback.c; path = "zlib-1.2.5/infback.c"; sourceTree = "<group>"; };
		EEF775C31229A36E00C6B4E7 /* inffast.c */ = {isa = PBXFileReference; fileEncoding = 4; lastKnownFileType = sourcecode.c.c; name = inffast.c; path = "zlib-1.2.5/inffast.c"; sourceTree = "<group>"; };
		EEF775C41229A36E00C6B4E7 /* inffast.h */ = {isa = PBXFileReference; fileEncoding = 4; lastKnownFileType = sourcecode.c.h; name = inffast.h; path = "zlib-1.2.5/inffast.h"; sourceTree = "<group>"; };
		EEF775C51229A36E00C6B4E7 /* inffixed.h */ = {isa = PBXFileReference; fileEncoding = 4; lastKnownFileType = sourcecode.c.h; name = inffixed.h; path = "zlib-1.2.5/inffixed.h"; sourceTree = "<group>"; };
		EEF775C61229A36E00C6B4E7 /* inflate.c */ = {isa = PBXFileReference; fileEncoding = 4; lastKnownFileType = sourcecode.c.c; name = inflate.c; path = "zlib-1.2.5/inflate.c"; sourceTree = "<group>"; };
		EEF775C71229A36E00C6B4E7 /* inflate.h */ = {isa = PBXFileReference; fileEncoding = 4; lastKnownFileType = sourcecode.c.h; name = inflate.h; path = "zlib-1.2.5/inflate.h"; sourceTree = "<group>"; };
		EEF775C81229A36E00C6B4E7 /* inftrees.c */ = {isa = PBXFileReference; fileEncoding = 4; lastKnownFileType = sourcecode.c.c; name = inftrees.c; path = "zlib-1.2.5/inftrees.c"; sourceTree = "<group>"; };
		EEF775C91229A36E00C6B4E7 /* inftrees.h */ = {isa = PBXFileReference; fileEncoding = 4; lastKnownFileType = sourcecode.c.h; name = inftrees.h; path = "zlib-1.2.5/inftrees.h"; sourceTree = "<group>"; };
		EEF775CB1229A36E00C6B4E7 /* trees.c */ = {isa = PBXFileReference; fileEncoding = 4; lastKnownFileType = sourcecode.c.c; name = trees.c; path = "zlib-1.2.5/trees.c"; sourceTree = "<group>"; };
		EEF775CC1229A36E00C6B4E7 /* trees.h */ = {isa = PBXFileReference; fileEncoding = 4; lastKnownFileType = sourcecode.c.h; name = trees.h; path = "zlib-1.2.5/trees.h"; sourceTree = "<group>"; };
		EEF775CD1229A36E00C6B4E7 /* uncompr.c */ = {isa = PBXFileReference; fileEncoding = 4; lastKnownFileType = sourcecode.c.c; name = uncompr.c; path = "zlib-1.2.5/uncompr.c"; sourceTree = "<group>"; };
		EEF775CE1229A36E00C6B4E7 /* zconf.h */ = {isa = PBXFileReference; fileEncoding = 4; lastKnownFileType = sourcecode.c.h; name = zconf.h; path = "zlib-1.2.5/zconf.h"; sourceTree = "<group>"; };
		EEF775D01229A36E00C6B4E7 /* zlib.h */ = {isa = PBXFileReference; fileEncoding = 4; lastKnownFileType = sourcecode.c.h; name = zlib.h; path = "zlib-1.2.5/zlib.h"; sourceTree = "<group>"; };
		EEF775D11229A36E00C6B4E7 /* zutil.c */ = {isa = PBXFileReference; fileEncoding = 4; lastKnownFileType = sourcecode.c.c; name = zutil.c; path = "zlib-1.2.5/zutil.c"; sourceTree = "<group>"; };
		EEF775D21229A36E00C6B4E7 /* zutil.h */ = {isa = PBXFileReference; fileEncoding = 4; lastKnownFileType = sourcecode.c.h; name = zutil.h; path = "zlib-1.2.5/zutil.h"; sourceTree = "<group>"; };
		EEF775F01229A3E000C6B4E7 /* png.c */ = {isa = PBXFileReference; fileEncoding = 4; lastKnownFileType = sourcecode.c.c; name = png.c; path = "libpng-1.2.44/png.c"; sourceTree = "<group>"; };
		EEF775F11229A3E000C6B4E7 /* png.h */ = {isa = PBXFileReference; fileEncoding = 4; lastKnownFileType = sourcecode.c.h; name = png.h; path = "libpng-1.2.44/png.h"; sourceTree = "<group>"; };
		EEF775F21229A3E000C6B4E7 /* pngconf.h */ = {isa = PBXFileReference; fileEncoding = 4; lastKnownFileType = sourcecode.c.h; name = pngconf.h; path = "libpng-1.2.44/pngconf.h"; sourceTree = "<group>"; };
		EEF775F31229A3E000C6B4E7 /* pngerror.c */ = {isa = PBXFileReference; fileEncoding = 4; lastKnownFileType = sourcecode.c.c; name = pngerror.c; path = "libpng-1.2.44/pngerror.c"; sourceTree = "<group>"; };
		EEF775F41229A3E000C6B4E7 /* pnggccrd.c */ = {isa = PBXFileReference; fileEncoding = 4; lastKnownFileType = sourcecode.c.c; name = pnggccrd.c; path = "libpng-1.2.44/pnggccrd.c"; sourceTree = "<group>"; };
		EEF775F51229A3E000C6B4E7 /* pngget.c */ = {isa = PBXFileReference; fileEncoding = 4; lastKnownFileType = sourcecode.c.c; name = pngget.c; path = "libpng-1.2.44/pngget.c"; sourceTree = "<group>"; };
		EEF775F61229A3E000C6B4E7 /* pngmem.c */ = {isa = PBXFileReference; fileEncoding = 4; lastKnownFileType = sourcecode.c.c; name = pngmem.c; path = "libpng-1.2.44/pngmem.c"; sourceTree = "<group>"; };
		EEF775F71229A3E000C6B4E7 /* pngpread.c */ = {isa = PBXFileReference; fileEncoding = 4; lastKnownFileType = sourcecode.c.c; name = pngpread.c; path = "libpng-1.2.44/pngpread.c"; sourceTree = "<group>"; };
		EEF775F81229A3E000C6B4E7 /* pngread.c */ = {isa = PBXFileReference; fileEncoding = 4; lastKnownFileType = sourcecode.c.c; name = pngread.c; path = "libpng-1.2.44/pngread.c"; sourceTree = "<group>"; };
		EEF775F91229A3E000C6B4E7 /* pngrio.c */ = {isa = PBXFileReference; fileEncoding = 4; lastKnownFileType = sourcecode.c.c; name = pngrio.c; path = "libpng-1.2.44/pngrio.c"; sourceTree = "<group>"; };
		EEF775FA1229A3E000C6B4E7 /* pngrtran.c */ = {isa = PBXFileReference; fileEncoding = 4; lastKnownFileType = sourcecode.c.c; name = pngrtran.c; path = "libpng-1.2.44/pngrtran.c"; sourceTree = "<group>"; };
		EEF775FB1229A3E000C6B4E7 /* pngrutil.c */ = {isa = PBXFileReference; fileEncoding = 4; lastKnownFileType = sourcecode.c.c; name = pngrutil.c; path = "libpng-1.2.44/pngrutil.c"; sourceTree = "<group>"; };
		EEF775FC1229A3E000C6B4E7 /* pngset.c */ = {isa = PBXFileReference; fileEncoding = 4; lastKnownFileType = sourcecode.c.c; name = pngset.c; path = "libpng-1.2.44/pngset.c"; sourceTree = "<group>"; };
		EEF775FE1229A3E000C6B4E7 /* pngtrans.c */ = {isa = PBXFileReference; fileEncoding = 4; lastKnownFileType = sourcecode.c.c; name = pngtrans.c; path = "libpng-1.2.44/pngtrans.c"; sourceTree = "<group>"; };
		EEF775FF1229A3E000C6B4E7 /* pngvcrd.c */ = {isa = PBXFileReference; fileEncoding = 4; lastKnownFileType = sourcecode.c.c; name = pngvcrd.c; path = "libpng-1.2.44/pngvcrd.c"; sourceTree = "<group>"; };
		EEF776001229A3E000C6B4E7 /* pngwio.c */ = {isa = PBXFileReference; fileEncoding = 4; lastKnownFileType = sourcecode.c.c; name = pngwio.c; path = "libpng-1.2.44/pngwio.c"; sourceTree = "<group>"; };
		EEF776011229A3E000C6B4E7 /* pngwrite.c */ = {isa = PBXFileReference; fileEncoding = 4; lastKnownFileType = sourcecode.c.c; name = pngwrite.c; path = "libpng-1.2.44/pngwrite.c"; sourceTree = "<group>"; };
		EEF776021229A3E000C6B4E7 /* pngwtran.c */ = {isa = PBXFileReference; fileEncoding = 4; lastKnownFileType = sourcecode.c.c; name = pngwtran.c; path = "libpng-1.2.44/pngwtran.c"; sourceTree = "<group>"; };
		EEF776031229A3E000C6B4E7 /* pngwutil.c */ = {isa = PBXFileReference; fileEncoding = 4; lastKnownFileType = sourcecode.c.c; name = pngwutil.c; path = "libpng-1.2.44/pngwutil.c"; sourceTree = "<group>"; };
/* End PBXFileReference section */

/* Begin PBXFrameworksBuildPhase section */
		8D11072E0486CEB800E47090 /* Frameworks */ = {
			isa = PBXFrameworksBuildPhase;
			buildActionMask = 2147483647;
			files = (
				EEF7728412282C8800C6B4E7 /* Cocoa.framework in Frameworks */,
				EEF7728612282C8800C6B4E7 /* CoreFoundation.framework in Frameworks */,
				EEF7728812282C8800C6B4E7 /* OpenAL.framework in Frameworks */,
				EEF7728A12282C8800C6B4E7 /* OpenGL.framework in Frameworks */,
				EEE4225E123E9C3100E471EB /* libogg.a in Frameworks */,
				EEE42285123E9E7100E471EB /* libvorbis.a in Frameworks */,
				EEE42286123E9E7100E471EB /* libvorbisfile.a in Frameworks */,
			);
			runOnlyForDeploymentPostprocessing = 0;
		};
/* End PBXFrameworksBuildPhase section */

/* Begin PBXGroup section */
		19C28FACFE9D520D11CA2CBB /* Products */ = {
			isa = PBXGroup;
			children = (
				8D1107320486CEB800E47090 /* RStation.app */,
			);
			name = Products;
			sourceTree = "<group>";
		};
		29B97314FDCFA39411CA2CEA /* RStation */ = {
			isa = PBXGroup;
			children = (
				EEE2DC4B122A5692002C5898 /* extern */,
				EEF40B52121D2580009F8F49 /* Source */,
				29B97317FDCFA39411CA2CEA /* Resources */,
				29B97323FDCFA39411CA2CEA /* Frameworks */,
				19C28FACFE9D520D11CA2CBB /* Products */,
			);
			name = RStation;
			sourceTree = "<group>";
		};
		29B97317FDCFA39411CA2CEA /* Resources */ = {
			isa = PBXGroup;
			children = (
				EE992BB8122B5F1F00884C21 /* bio.icns */,
				8D1107310486CEB800E47090 /* RStation-Info.plist */,
			);
			name = Resources;
			path = src/osx;
			sourceTree = "<group>";
		};
		29B97323FDCFA39411CA2CEA /* Frameworks */ = {
			isa = PBXGroup;
			children = (
				EEE42283123E9E7100E471EB /* libvorbis.a */,
				EEE42284123E9E7100E471EB /* libvorbisfile.a */,
				EEE4225D123E9C3100E471EB /* libogg.a */,
				EEF7728312282C8800C6B4E7 /* Cocoa.framework */,
				EEF7728512282C8800C6B4E7 /* CoreFoundation.framework */,
				EEF7728712282C8800C6B4E7 /* OpenAL.framework */,
				EEF7728912282C8800C6B4E7 /* OpenGL.framework */,
			);
			name = Frameworks;
			sourceTree = "<group>";
		};
		EE03467B12435A7D00C51B69 /* luabind-0.8.1 */ = {
			isa = PBXGroup;
			children = (
				EE03467C12435A7D00C51B69 /* class.cpp */,
				EE03467D12435A7D00C51B69 /* class_info.cpp */,
				EE03467E12435A7D00C51B69 /* class_registry.cpp */,
				EE03467F12435A7D00C51B69 /* class_rep.cpp */,
				EE03468012435A7D00C51B69 /* create_class.cpp */,
				EE03468112435A7D00C51B69 /* error.cpp */,
				EE03468212435A7D00C51B69 /* exception_handler.cpp */,
				EE03468312435A7D00C51B69 /* find_best_match.cpp */,
				EE03468412435A7D00C51B69 /* function.cpp */,
				EE03468512435A7D00C51B69 /* implicit_cast.cpp */,
				EE03468612435A7D00C51B69 /* link_compatibility.cpp */,
				EE03468712435A7D00C51B69 /* object_rep.cpp */,
				EE03468812435A7D00C51B69 /* open.cpp */,
				EE03468912435A7D00C51B69 /* overload_rep.cpp */,
				EE03468A12435A7D00C51B69 /* pcall.cpp */,
				EE03468B12435A7D00C51B69 /* ref.cpp */,
				EE03468C12435A7D00C51B69 /* scope.cpp */,
				EE03468D12435A7D00C51B69 /* stack_content_by_name.cpp */,
				EE03468E12435A7D00C51B69 /* weak_ref.cpp */,
				EE03468F12435A7D00C51B69 /* wrapper_base.cpp */,
			);
			name = "luabind-0.8.1";
			path = "luabind-0.8.1/src";
			sourceTree = "<group>";
		};
		EE078E4A1251019900873319 /* osx */ = {
			isa = PBXGroup;
			children = (
				EE078E4C125101FB00873319 /* dialog.h */,
				EE078E4D125101FB00873319 /* dialog.mm */,
			);
			path = osx;
			sourceTree = "<group>";
		};
		EE139DBE125F26E600E2C767 /* Singletons */ = {
			isa = PBXGroup;
			children = (
				EE139D63125F26A800E2C767 /* AudioManager.cpp */,
				EE139D64125F26A800E2C767 /* AudioManager.h */,
				EE139D65125F26A800E2C767 /* FileManager.cpp */,
				EE139D66125F26A800E2C767 /* FileManager.h */,
				EE139D6D125F26A800E2C767 /* InputManager.cpp */,
				EE139D6E125F26A800E2C767 /* InputManager.h */,
				EE139D71125F26A800E2C767 /* Logger.cpp */,
				EE139D72125F26A800E2C767 /* Logger.h */,
				EE139D73125F26A800E2C767 /* LuaManager.cpp */,
				EE139D74125F26A800E2C767 /* LuaManager.h */,
				EE139D79125F26A800E2C767 /* MessageManager.cpp */,
				EE139D7A125F26A800E2C767 /* MessageManager.h */,
				EE139D87125F26A800E2C767 /* SceneManager.cpp */,
				EE139D88125F26A800E2C767 /* SceneManager.h */,
				EE139D8D125F26A800E2C767 /* ShaderManager.cpp */,
				EE139D8E125F26A800E2C767 /* ShaderManager.h */,
				EE139D93125F26A800E2C767 /* TextureManager.cpp */,
				EE139D94125F26A800E2C767 /* TextureManager.h */,
			);
			name = Singletons;
			sourceTree = "<group>";
		};
		EE139DBF125F26EC00E2C767 /* Utils */ = {
			isa = PBXGroup;
			children = (
				EE139D75125F26A800E2C767 /* MathUtils.cpp */,
				EE139D76125F26A800E2C767 /* MathUtils.h */,
				EE139D81125F26A800E2C767 /* Primitives.cpp */,
				EE139D82125F26A800E2C767 /* Primitives.h */,
				EE139D85125F26A800E2C767 /* RSUtil.cpp */,
				EE139D86125F26A800E2C767 /* RSUtil.h */,
				EE139D98125F26A800E2C767 /* Tween.cpp */,
				EE139D99125F26A800E2C767 /* Tween.h */,
			);
			name = Utils;
			sourceTree = "<group>";
		};
		EE139DC0125F26EF00E2C767 /* Data Structures */ = {
			isa = PBXGroup;
			children = (
				EE139D61125F26A800E2C767 /* Actor.cpp */,
				EE139D62125F26A800E2C767 /* Actor.h */,
				EE139D89125F26A800E2C767 /* Screen.cpp */,
				EE139D8A125F26A800E2C767 /* Screen.h */,
				EE139D8F125F26A800E2C767 /* Sound.cpp */,
				EE139D90125F26A800E2C767 /* Sound.h */,
				EE139D91125F26A800E2C767 /* Sprite.cpp */,
				EE139D92125F26A800E2C767 /* Sprite.h */,
				EE139D95125F26A800E2C767 /* Timer.cpp */,
				EE139D96125F26A800E2C767 /* Timer.h */,
				EE139D97125F26A800E2C767 /* TimingData.h */,
				EE139D9A125F26A800E2C767 /* Type.cpp */,
				EE139D9B125F26A800E2C767 /* Type.h */,
			);
			name = "Data Structures";
			sourceTree = "<group>";
		};
		EEE2DC4B122A5692002C5898 /* extern */ = {
			isa = PBXGroup;
			children = (
				EE03467B12435A7D00C51B69 /* luabind-0.8.1 */,
				EEF775ED1229A3A800C6B4E7 /* libpng-1.2.44 */,
				EEF775E41229A37200C6B4E7 /* zlib-1.2.5 */,
				EEF77084122659F800C6B4E7 /* lua-5.1.4-2 */,
				EEF40F281220B3DD009F8F49 /* glew */,
				EEF40B9C121D3D95009F8F49 /* glfw */,
			);
			path = extern;
			sourceTree = "<group>";
		};
		EEF40B52121D2580009F8F49 /* Source */ = {
			isa = PBXGroup;
			children = (
				EE139DC0125F26EF00E2C767 /* Data Structures */,
				EE139DBF125F26EC00E2C767 /* Utils */,
				EE139DBE125F26E600E2C767 /* Singletons */,
				EE078E4A1251019900873319 /* osx */,
				EE139D67125F26A800E2C767 /* GameLoop.cpp */,
				EE139D68125F26A800E2C767 /* GameLoop.h */,
				EE139D69125F26A800E2C767 /* ImageLoader.cpp */,
				EE139D6A125F26A800E2C767 /* ImageLoader.h */,
				EE139D6B125F26A800E2C767 /* INILoader.cpp */,
				EE139D6C125F26A800E2C767 /* INILoader.h */,
				EE139D6F125F26A800E2C767 /* KeyboardHandler.cpp */,
				EE139D70125F26A800E2C767 /* KeyboardHandler.h */,
				EE139D77125F26A800E2C767 /* Matrix.cpp */,
				EE139D78125F26A800E2C767 /* Matrix.h */,
				EE139D7B125F26A800E2C767 /* MouseHandler.cpp */,
				EE139D7C125F26A800E2C767 /* MouseHandler.h */,
				EE139D7D125F26A800E2C767 /* OBJLoader.cpp */,
				EE139D7E125F26A800E2C767 /* OBJLoader.h */,
				EE139D7F125F26A800E2C767 /* PNGLoader.cpp */,
				EE139D80125F26A800E2C767 /* PNGLoader.h */,
				EE139D83125F26A800E2C767 /* RStation.cpp */,
				EE139D84125F26A800E2C767 /* RStation.h */,
				EE139D8B125F26A800E2C767 /* ShaderLoader.cpp */,
				EE139D8C125F26A800E2C767 /* ShaderLoader.h */,
				EE139D9C125F26A800E2C767 /* Video_Draw.cpp */,
				EE139D9D125F26A800E2C767 /* Video_Window.cpp */,
				EE139D9E125F26A800E2C767 /* Video.h */,
			);
			name = Source;
			path = src;
			sourceTree = "<group>";
		};
		EEF40B9C121D3D95009F8F49 /* glfw */ = {
			isa = PBXGroup;
			children = (
				EEF40BD8121D3D95009F8F49 /* cocoa */,
				EEF40BE5121D3D95009F8F49 /* enable.c */,
				EEF40BE6121D3D95009F8F49 /* fullscreen.c */,
				EEF40BE7121D3D95009F8F49 /* glext.c */,
				EEF40BE8121D3D95009F8F49 /* image.c */,
				EEF40BE9121D3D95009F8F49 /* init.c */,
				EEF40BEA121D3D95009F8F49 /* input.c */,
				EEF40BEB121D3D95009F8F49 /* internal.h */,
				EEF40BEC121D3D95009F8F49 /* joystick.c */,
				EEF40BED121D3D95009F8F49 /* stream.c */,
				EEF40BEE121D3D95009F8F49 /* tga.c */,
				EEF40BEF121D3D95009F8F49 /* thread.c */,
				EEF40BF0121D3D95009F8F49 /* time.c */,
				EEF40C05121D3D95009F8F49 /* window.c */,
			);
			path = glfw;
			sourceTree = "<group>";
		};
		EEF40BD8121D3D95009F8F49 /* cocoa */ = {
			isa = PBXGroup;
			children = (
				EEF40BD9121D3D95009F8F49 /* cocoa_enable.m */,
				EEF40BDA121D3D95009F8F49 /* cocoa_fullscreen.m */,
				EEF40BDB121D3D95009F8F49 /* cocoa_glext.m */,
				EEF40BDC121D3D95009F8F49 /* cocoa_init.m */,
				EEF40BDD121D3D95009F8F49 /* cocoa_joystick.m */,
				EEF40BDE121D3D95009F8F49 /* cocoa_thread.c */,
				EEF40BDF121D3D95009F8F49 /* cocoa_time.m */,
				EEF40BE0121D3D95009F8F49 /* cocoa_window.m */,
				EEF40BE4121D3D95009F8F49 /* platform.h */,
			);
			name = cocoa;
			path = lib/cocoa;
			sourceTree = "<group>";
		};
		EEF40F281220B3DD009F8F49 /* glew */ = {
			isa = PBXGroup;
			children = (
				EEF40F291220B3DD009F8F49 /* glew.c */,
			);
			name = glew;
			path = glew/src;
			sourceTree = "<group>";
		};
		EEF77084122659F800C6B4E7 /* lua-5.1.4-2 */ = {
			isa = PBXGroup;
			children = (
				EEF7708912265B4E00C6B4E7 /* lapi.c */,
				EEF7708A12265B4E00C6B4E7 /* lapi.h */,
				EEF7708B12265B4E00C6B4E7 /* lauxlib.c */,
				EEF7708C12265B4E00C6B4E7 /* lauxlib.h */,
				EEF7708D12265B4E00C6B4E7 /* lbaselib.c */,
				EEF7708E12265B4E00C6B4E7 /* lcode.c */,
				EEF7708F12265B4E00C6B4E7 /* lcode.h */,
				EEF7709012265B4E00C6B4E7 /* ldblib.c */,
				EEF7709112265B4E00C6B4E7 /* ldebug.c */,
				EEF7709212265B4E00C6B4E7 /* ldebug.h */,
				EEF7709312265B4E00C6B4E7 /* ldo.c */,
				EEF7709412265B4E00C6B4E7 /* ldo.h */,
				EEF7709512265B4E00C6B4E7 /* ldump.c */,
				EEF7709612265B4E00C6B4E7 /* lfunc.c */,
				EEF7709712265B4E00C6B4E7 /* lfunc.h */,
				EEF7709812265B4E00C6B4E7 /* lgc.c */,
				EEF7709912265B4E00C6B4E7 /* lgc.h */,
				EEF7709A12265B4E00C6B4E7 /* linit.c */,
				EEF7709B12265B4E00C6B4E7 /* liolib.c */,
				EEF7709C12265B4E00C6B4E7 /* llex.c */,
				EEF7709D12265B4E00C6B4E7 /* llex.h */,
				EEF7709E12265B4E00C6B4E7 /* llimits.h */,
				EEF7709F12265B4E00C6B4E7 /* lmathlib.c */,
				EEF770A012265B4E00C6B4E7 /* lmem.c */,
				EEF770A112265B4E00C6B4E7 /* lmem.h */,
				EEF770A212265B4E00C6B4E7 /* loadlib.c */,
				EEF770A312265B4E00C6B4E7 /* lobject.c */,
				EEF770A412265B4E00C6B4E7 /* lobject.h */,
				EEF770A512265B4E00C6B4E7 /* lopcodes.c */,
				EEF770A612265B4E00C6B4E7 /* lopcodes.h */,
				EEF770A712265B4E00C6B4E7 /* loslib.c */,
				EEF770A812265B4E00C6B4E7 /* lparser.c */,
				EEF770A912265B4E00C6B4E7 /* lparser.h */,
				EEF770AA12265B4E00C6B4E7 /* lstate.c */,
				EEF770AB12265B4E00C6B4E7 /* lstate.h */,
				EEF770AC12265B4E00C6B4E7 /* lstring.c */,
				EEF770AD12265B4E00C6B4E7 /* lstring.h */,
				EEF770AE12265B4E00C6B4E7 /* lstrlib.c */,
				EEF770AF12265B4E00C6B4E7 /* ltable.c */,
				EEF770B012265B4E00C6B4E7 /* ltable.h */,
				EEF770B112265B4E00C6B4E7 /* ltablib.c */,
				EEF770B212265B4E00C6B4E7 /* ltm.c */,
				EEF770B312265B4E00C6B4E7 /* ltm.h */,
				EEF770B512265B4E00C6B4E7 /* lua.h */,
				EEF770B712265B4E00C6B4E7 /* luaconf.h */,
				EEF770B812265B4E00C6B4E7 /* lualib.h */,
				EEF770B912265B4E00C6B4E7 /* lundump.c */,
				EEF770BA12265B4E00C6B4E7 /* lundump.h */,
				EEF770BB12265B4E00C6B4E7 /* lvm.c */,
				EEF770BC12265B4E00C6B4E7 /* lvm.h */,
				EEF770BD12265B4E00C6B4E7 /* lzio.c */,
				EEF770BE12265B4E00C6B4E7 /* lzio.h */,
				EEF770BF12265B4E00C6B4E7 /* print.c */,
			);
			name = "lua-5.1.4-2";
			sourceTree = "<group>";
		};
		EEF775E41229A37200C6B4E7 /* zlib-1.2.5 */ = {
			isa = PBXGroup;
			children = (
				EEF775B71229A36E00C6B4E7 /* adler32.c */,
				EEF775B81229A36E00C6B4E7 /* compress.c */,
				EEF775B91229A36E00C6B4E7 /* crc32.c */,
				EEF775BA1229A36E00C6B4E7 /* crc32.h */,
				EEF775BB1229A36E00C6B4E7 /* deflate.c */,
				EEF775BC1229A36E00C6B4E7 /* deflate.h */,
				EEF775BD1229A36E00C6B4E7 /* gzclose.c */,
				EEF775BE1229A36E00C6B4E7 /* gzguts.h */,
				EEF775BF1229A36E00C6B4E7 /* gzlib.c */,
				EEF775C01229A36E00C6B4E7 /* gzread.c */,
				EEF775C11229A36E00C6B4E7 /* gzwrite.c */,
				EEF775C21229A36E00C6B4E7 /* infback.c */,
				EEF775C31229A36E00C6B4E7 /* inffast.c */,
				EEF775C41229A36E00C6B4E7 /* inffast.h */,
				EEF775C51229A36E00C6B4E7 /* inffixed.h */,
				EEF775C61229A36E00C6B4E7 /* inflate.c */,
				EEF775C71229A36E00C6B4E7 /* inflate.h */,
				EEF775C81229A36E00C6B4E7 /* inftrees.c */,
				EEF775C91229A36E00C6B4E7 /* inftrees.h */,
				EEF775CB1229A36E00C6B4E7 /* trees.c */,
				EEF775CC1229A36E00C6B4E7 /* trees.h */,
				EEF775CD1229A36E00C6B4E7 /* uncompr.c */,
				EEF775CE1229A36E00C6B4E7 /* zconf.h */,
				EEF775D01229A36E00C6B4E7 /* zlib.h */,
				EEF775D11229A36E00C6B4E7 /* zutil.c */,
				EEF775D21229A36E00C6B4E7 /* zutil.h */,
			);
			name = "zlib-1.2.5";
			sourceTree = "<group>";
		};
		EEF775ED1229A3A800C6B4E7 /* libpng-1.2.44 */ = {
			isa = PBXGroup;
			children = (
				EEF775F01229A3E000C6B4E7 /* png.c */,
				EEF775F11229A3E000C6B4E7 /* png.h */,
				EEF775F21229A3E000C6B4E7 /* pngconf.h */,
				EEF775F31229A3E000C6B4E7 /* pngerror.c */,
				EEF775F41229A3E000C6B4E7 /* pnggccrd.c */,
				EEF775F51229A3E000C6B4E7 /* pngget.c */,
				EEF775F61229A3E000C6B4E7 /* pngmem.c */,
				EEF775F71229A3E000C6B4E7 /* pngpread.c */,
				EEF775F81229A3E000C6B4E7 /* pngread.c */,
				EEF775F91229A3E000C6B4E7 /* pngrio.c */,
				EEF775FA1229A3E000C6B4E7 /* pngrtran.c */,
				EEF775FB1229A3E000C6B4E7 /* pngrutil.c */,
				EEF775FC1229A3E000C6B4E7 /* pngset.c */,
				EEF775FE1229A3E000C6B4E7 /* pngtrans.c */,
				EEF775FF1229A3E000C6B4E7 /* pngvcrd.c */,
				EEF776001229A3E000C6B4E7 /* pngwio.c */,
				EEF776011229A3E000C6B4E7 /* pngwrite.c */,
				EEF776021229A3E000C6B4E7 /* pngwtran.c */,
				EEF776031229A3E000C6B4E7 /* pngwutil.c */,
			);
			name = "libpng-1.2.44";
			sourceTree = "<group>";
		};
/* End PBXGroup section */

/* Begin PBXNativeTarget section */
		8D1107260486CEB800E47090 /* RStation */ = {
			isa = PBXNativeTarget;
			buildConfigurationList = C01FCF4A08A954540054247B /* Build configuration list for PBXNativeTarget "RStation" */;
			buildPhases = (
				8D1107290486CEB800E47090 /* Resources */,
				8D11072C0486CEB800E47090 /* Sources */,
				8D11072E0486CEB800E47090 /* Frameworks */,
			);
			buildRules = (
			);
			dependencies = (
			);
			name = RStation;
			productInstallPath = "$(HOME)/Applications";
			productName = RStation;
			productReference = 8D1107320486CEB800E47090 /* RStation.app */;
			productType = "com.apple.product-type.application";
		};
/* End PBXNativeTarget section */

/* Begin PBXProject section */
		29B97313FDCFA39411CA2CEA /* Project object */ = {
			isa = PBXProject;
			attributes = {
				ORGANIZATIONNAME = ssc;
			};
			buildConfigurationList = C01FCF4E08A954540054247B /* Build configuration list for PBXProject "RStation" */;
			compatibilityVersion = "Xcode 3.1";
			developmentRegion = English;
			hasScannedForEncodings = 1;
			knownRegions = (
				English,
				Japanese,
				French,
				German,
			);
			mainGroup = 29B97314FDCFA39411CA2CEA /* RStation */;
			projectDirPath = "";
			projectRoot = "";
			targets = (
				8D1107260486CEB800E47090 /* RStation */,
			);
		};
/* End PBXProject section */

/* Begin PBXResourcesBuildPhase section */
		8D1107290486CEB800E47090 /* Resources */ = {
			isa = PBXResourcesBuildPhase;
			buildActionMask = 2147483647;
			files = (
				EE992BB9122B5F1F00884C21 /* bio.icns in Resources */,
			);
			runOnlyForDeploymentPostprocessing = 0;
		};
/* End PBXResourcesBuildPhase section */

/* Begin PBXSourcesBuildPhase section */
		8D11072C0486CEB800E47090 /* Sources */ = {
			isa = PBXSourcesBuildPhase;
			buildActionMask = 2147483647;
			files = (
				EEF40F2C1220B3DD009F8F49 /* glew.c in Sources */,
				EEF775D31229A36E00C6B4E7 /* adler32.c in Sources */,
				EEF775D41229A36E00C6B4E7 /* compress.c in Sources */,
				EEF775D51229A36E00C6B4E7 /* crc32.c in Sources */,
				EEF775D61229A36E00C6B4E7 /* deflate.c in Sources */,
				EEF775D71229A36E00C6B4E7 /* gzclose.c in Sources */,
				EEF775D81229A36E00C6B4E7 /* gzlib.c in Sources */,
				EEF775D91229A36E00C6B4E7 /* gzread.c in Sources */,
				EEF775DA1229A36E00C6B4E7 /* gzwrite.c in Sources */,
				EEF775DB1229A36E00C6B4E7 /* infback.c in Sources */,
				EEF775DC1229A36E00C6B4E7 /* inffast.c in Sources */,
				EEF775DD1229A36E00C6B4E7 /* inflate.c in Sources */,
				EEF775DE1229A36E00C6B4E7 /* inftrees.c in Sources */,
				EEF775E01229A36E00C6B4E7 /* trees.c in Sources */,
				EEF775E11229A36E00C6B4E7 /* uncompr.c in Sources */,
				EEF775E31229A36E00C6B4E7 /* zutil.c in Sources */,
				EEF776041229A3E000C6B4E7 /* png.c in Sources */,
				EEF776051229A3E000C6B4E7 /* pngerror.c in Sources */,
				EEF776061229A3E000C6B4E7 /* pnggccrd.c in Sources */,
				EEF776071229A3E000C6B4E7 /* pngget.c in Sources */,
				EEF776081229A3E000C6B4E7 /* pngmem.c in Sources */,
				EEF776091229A3E000C6B4E7 /* pngpread.c in Sources */,
				EEF7760A1229A3E000C6B4E7 /* pngread.c in Sources */,
				EEF7760B1229A3E000C6B4E7 /* pngrio.c in Sources */,
				EEF7760C1229A3E000C6B4E7 /* pngrtran.c in Sources */,
				EEF7760D1229A3E000C6B4E7 /* pngrutil.c in Sources */,
				EEF7760E1229A3E000C6B4E7 /* pngset.c in Sources */,
				EEF776101229A3E000C6B4E7 /* pngtrans.c in Sources */,
				EEF776111229A3E000C6B4E7 /* pngvcrd.c in Sources */,
				EEF776121229A3E000C6B4E7 /* pngwio.c in Sources */,
				EEF776131229A3E000C6B4E7 /* pngwrite.c in Sources */,
				EEF776141229A3E000C6B4E7 /* pngwtran.c in Sources */,
				EEF776151229A3E000C6B4E7 /* pngwutil.c in Sources */,
				EE03469012435A7D00C51B69 /* class.cpp in Sources */,
				EE03469112435A7D00C51B69 /* class_info.cpp in Sources */,
				EE03469212435A7D00C51B69 /* class_registry.cpp in Sources */,
				EE03469312435A7D00C51B69 /* class_rep.cpp in Sources */,
				EE03469412435A7D00C51B69 /* create_class.cpp in Sources */,
				EE03469512435A7D00C51B69 /* error.cpp in Sources */,
				EE03469612435A7D00C51B69 /* exception_handler.cpp in Sources */,
				EE03469712435A7D00C51B69 /* find_best_match.cpp in Sources */,
				EE03469812435A7D00C51B69 /* function.cpp in Sources */,
				EE03469912435A7D00C51B69 /* implicit_cast.cpp in Sources */,
				EE03469A12435A7D00C51B69 /* link_compatibility.cpp in Sources */,
				EE03469B12435A7D00C51B69 /* object_rep.cpp in Sources */,
				EE03469C12435A7D00C51B69 /* open.cpp in Sources */,
				EE03469D12435A7D00C51B69 /* overload_rep.cpp in Sources */,
				EE03469E12435A7D00C51B69 /* pcall.cpp in Sources */,
				EE03469F12435A7D00C51B69 /* ref.cpp in Sources */,
				EE0346A012435A7D00C51B69 /* scope.cpp in Sources */,
				EE0346A112435A7D00C51B69 /* stack_content_by_name.cpp in Sources */,
				EE0346A212435A7D00C51B69 /* weak_ref.cpp in Sources */,
				EE0346A312435A7D00C51B69 /* wrapper_base.cpp in Sources */,
				EE078E4E125101FB00873319 /* dialog.mm in Sources */,
				EE139CA8125F1C9A00E2C767 /* cocoa_enable.m in Sources */,
				EE139CA9125F1C9A00E2C767 /* cocoa_fullscreen.m in Sources */,
				EE139CAA125F1C9A00E2C767 /* cocoa_glext.m in Sources */,
				EE139CAB125F1C9A00E2C767 /* cocoa_init.m in Sources */,
				EE139CAC125F1C9A00E2C767 /* cocoa_joystick.m in Sources */,
				EE139CAD125F1C9A00E2C767 /* cocoa_thread.c in Sources */,
				EE139CAE125F1C9A00E2C767 /* cocoa_time.m in Sources */,
				EE139CAF125F1C9A00E2C767 /* cocoa_window.m in Sources */,
				EE139CB0125F1C9A00E2C767 /* enable.c in Sources */,
				EE139CB1125F1C9A00E2C767 /* fullscreen.c in Sources */,
				EE139CB2125F1C9A00E2C767 /* glext.c in Sources */,
				EE139CB3125F1C9A00E2C767 /* image.c in Sources */,
				EE139CB4125F1C9A00E2C767 /* init.c in Sources */,
				EE139CB5125F1C9A00E2C767 /* input.c in Sources */,
				EE139CB6125F1C9A00E2C767 /* joystick.c in Sources */,
				EE139CB7125F1C9A00E2C767 /* stream.c in Sources */,
				EE139CB8125F1C9A00E2C767 /* tga.c in Sources */,
				EE139CB9125F1C9A00E2C767 /* thread.c in Sources */,
				EE139CBA125F1C9A00E2C767 /* time.c in Sources */,
				EE139CBB125F1C9A00E2C767 /* window.c in Sources */,
				EE139CBE125F1CAD00E2C767 /* lapi.c in Sources */,
				EE139CBF125F1CAD00E2C767 /* lauxlib.c in Sources */,
				EE139CC0125F1CAD00E2C767 /* lbaselib.c in Sources */,
				EE139CC1125F1CAD00E2C767 /* lcode.c in Sources */,
				EE139CC2125F1CAD00E2C767 /* ldblib.c in Sources */,
				EE139CC3125F1CAD00E2C767 /* ldebug.c in Sources */,
				EE139CC4125F1CAD00E2C767 /* ldo.c in Sources */,
				EE139CC5125F1CAD00E2C767 /* ldump.c in Sources */,
				EE139CC6125F1CAD00E2C767 /* lfunc.c in Sources */,
				EE139CC7125F1CAD00E2C767 /* lgc.c in Sources */,
				EE139CC8125F1CAD00E2C767 /* linit.c in Sources */,
				EE139CC9125F1CAD00E2C767 /* liolib.c in Sources */,
				EE139CCA125F1CAD00E2C767 /* llex.c in Sources */,
				EE139CCB125F1CAD00E2C767 /* lmathlib.c in Sources */,
				EE139CCC125F1CAD00E2C767 /* lmem.c in Sources */,
				EE139CCD125F1CAD00E2C767 /* loadlib.c in Sources */,
				EE139CCE125F1CAD00E2C767 /* lobject.c in Sources */,
				EE139CCF125F1CAD00E2C767 /* lopcodes.c in Sources */,
				EE139CD0125F1CAD00E2C767 /* loslib.c in Sources */,
				EE139CD1125F1CAD00E2C767 /* lparser.c in Sources */,
				EE139CD2125F1CAD00E2C767 /* lstate.c in Sources */,
				EE139CD3125F1CAD00E2C767 /* lstring.c in Sources */,
				EE139CD4125F1CAD00E2C767 /* lstrlib.c in Sources */,
				EE139CD5125F1CAD00E2C767 /* ltable.c in Sources */,
				EE139CD6125F1CAD00E2C767 /* ltablib.c in Sources */,
				EE139CD7125F1CAD00E2C767 /* ltm.c in Sources */,
				EE139CD8125F1CAD00E2C767 /* lundump.c in Sources */,
				EE139CD9125F1CAD00E2C767 /* lvm.c in Sources */,
				EE139CDA125F1CAD00E2C767 /* lzio.c in Sources */,
				EE139CDB125F1CAD00E2C767 /* print.c in Sources */,
				EE139D9F125F26A800E2C767 /* Actor.cpp in Sources */,
				EE139DA0125F26A800E2C767 /* AudioManager.cpp in Sources */,
				EE139DA1125F26A800E2C767 /* FileManager.cpp in Sources */,
				EE139DA2125F26A800E2C767 /* GameLoop.cpp in Sources */,
				EE139DA3125F26A800E2C767 /* ImageLoader.cpp in Sources */,
				EE139DA4125F26A800E2C767 /* INILoader.cpp in Sources */,
				EE139DA5125F26A800E2C767 /* InputManager.cpp in Sources */,
				EE139DA6125F26A800E2C767 /* KeyboardHandler.cpp in Sources */,
				EE139DA7125F26A800E2C767 /* Logger.cpp in Sources */,
				EE139DA8125F26A800E2C767 /* LuaManager.cpp in Sources */,
				EE139DA9125F26A800E2C767 /* MathUtils.cpp in Sources */,
				EE139DAA125F26A800E2C767 /* Matrix.cpp in Sources */,
				EE139DAB125F26A800E2C767 /* MessageManager.cpp in Sources */,
				EE139DAC125F26A800E2C767 /* MouseHandler.cpp in Sources */,
				EE139DAD125F26A800E2C767 /* OBJLoader.cpp in Sources */,
				EE139DAE125F26A800E2C767 /* PNGLoader.cpp in Sources */,
				EE139DAF125F26A800E2C767 /* Primitives.cpp in Sources */,
				EE139DB0125F26A800E2C767 /* RStation.cpp in Sources */,
				EE139DB1125F26A800E2C767 /* RSUtil.cpp in Sources */,
				EE139DB2125F26A800E2C767 /* SceneManager.cpp in Sources */,
				EE139DB3125F26A800E2C767 /* Screen.cpp in Sources */,
				EE139DB4125F26A800E2C767 /* ShaderLoader.cpp in Sources */,
				EE139DB5125F26A800E2C767 /* ShaderManager.cpp in Sources */,
				EE139DB6125F26A800E2C767 /* Sound.cpp in Sources */,
				EE139DB7125F26A800E2C767 /* Sprite.cpp in Sources */,
				EE139DB8125F26A800E2C767 /* TextureManager.cpp in Sources */,
				EE139DB9125F26A800E2C767 /* Timer.cpp in Sources */,
				EE139DBA125F26A800E2C767 /* Tween.cpp in Sources */,
				EE139DBB125F26A800E2C767 /* Type.cpp in Sources */,
				EE139DBC125F26A800E2C767 /* Video_Draw.cpp in Sources */,
				EE139DBD125F26A800E2C767 /* Video_Window.cpp in Sources */,
			);
			runOnlyForDeploymentPostprocessing = 0;
		};
/* End PBXSourcesBuildPhase section */

/* Begin XCBuildConfiguration section */
		C01FCF4B08A954540054247B /* Debug */ = {
			isa = XCBuildConfiguration;
			buildSettings = {
				ALWAYS_SEARCH_USER_PATHS = NO;
				COPY_PHASE_STRIP = NO;
				FRAMEWORK_SEARCH_PATHS = (
					"$(inherited)",
					"\"$(SRCROOT)/RStation/osx\"",
				);
				GCC_DYNAMIC_NO_PIC = NO;
				GCC_ENABLE_FIX_AND_CONTINUE = YES;
				GCC_MODEL_TUNING = G5;
				GCC_OPTIMIZATION_LEVEL = 0;
				INFOPLIST_FILE = "$(PROJECT_DIR)/src/osx/RStation-Info.plist";
				INSTALL_PATH = "$(HOME)/Applications";
				LIBRARY_SEARCH_PATHS = (
					"$(inherited)",
					"\"$(SRCROOT)/glfw/lib/cocoa\"",
					"\"$(SRCROOT)\"",
					"\"$(SRCROOT)/../rs-official/xcode/Libraries\"",
					"\"$(SRCROOT)/RStation/osx\"",
				);
				PRODUCT_NAME = RStation;
				SKIP_INSTALL = NO;
			};
			name = Debug;
		};
		C01FCF4C08A954540054247B /* Release */ = {
			isa = XCBuildConfiguration;
			buildSettings = {
				ALWAYS_SEARCH_USER_PATHS = NO;
				DEBUG_INFORMATION_FORMAT = "dwarf-with-dsym";
				FRAMEWORK_SEARCH_PATHS = (
					"$(inherited)",
					"\"$(SRCROOT)/RStation/osx\"",
				);
				GCC_MODEL_TUNING = G5;
				INFOPLIST_FILE = "$(PROJECT_DIR)/src/osx/RStation-Info.plist";
				INSTALL_PATH = "$(HOME)/Applications";
				LIBRARY_SEARCH_PATHS = (
					"$(inherited)",
					"\"$(SRCROOT)/glfw/lib/cocoa\"",
					"\"$(SRCROOT)\"",
					"\"$(SRCROOT)/../rs-official/xcode/Libraries\"",
					"\"$(SRCROOT)/RStation/osx\"",
				);
				PRODUCT_NAME = RStation;
				SKIP_INSTALL = NO;
			};
			name = Release;
		};
		C01FCF4F08A954540054247B /* Debug */ = {
			isa = XCBuildConfiguration;
			buildSettings = {
				ALWAYS_SEARCH_USER_PATHS = NO;
				ARCHS = "$(ARCHS_STANDARD_32_64_BIT)";
				CONFIGURATION_BUILD_DIR = "$(BUILD_DIR)/";
				EXCLUDED_RECURSIVE_SEARCH_PATH_SUBDIRECTORIES = ".git *.nib *.lproj *.framework *.gch *.xcode* (*) CVS .svn";
				GCC_C_LANGUAGE_STANDARD = gnu99;
				GCC_OPTIMIZATION_LEVEL = 0;
				GCC_PREPROCESSOR_DEFINITIONS = (
					_WITH_OPENAL_,
					_DEBUG_,
				);
				GCC_WARN_ABOUT_RETURN_TYPE = YES;
				GCC_WARN_UNUSED_VARIABLE = YES;
				HEADER_SEARCH_PATHS = (
					"$(PROJECT_DIR)/extern/boost-1.39.0/",
					"$(PROJECT_DIR)/extern/libpng-1.2.44",
					"$(PROJECT_DIR)/extern/glew/include",
					"$(PROJECT_DIR)/extern/luabind-0.8.1",
					"$(PROJECT_DIR)/extern/glfw/include",
				);
				LIBRARY_SEARCH_PATHS = "";
				ONLY_ACTIVE_ARCH = YES;
				PREBINDING = NO;
				SDKROOT = macosx10.5;
				SYMROOT = "$(PROJECT_DIR)";
			};
			name = Debug;
		};
		C01FCF5008A954540054247B /* Release */ = {
			isa = XCBuildConfiguration;
			buildSettings = {
				ALWAYS_SEARCH_USER_PATHS = NO;
				ARCHS = "$(ARCHS_STANDARD_32_64_BIT)";
				CONFIGURATION_BUILD_DIR = "$(BUILD_DIR)/";
				EXCLUDED_RECURSIVE_SEARCH_PATH_SUBDIRECTORIES = ".git *.nib *.lproj *.framework *.gch *.xcode* (*) CVS .svn";
				GCC_C_LANGUAGE_STANDARD = gnu99;
				GCC_FAST_MATH = YES;
				GCC_OPTIMIZATION_LEVEL = s;
				GCC_PREPROCESSOR_DEFINITIONS = _WITH_OPENAL_;
				GCC_UNROLL_LOOPS = YES;
				GCC_WARN_ABOUT_RETURN_TYPE = YES;
				GCC_WARN_UNUSED_VARIABLE = YES;
				HEADER_SEARCH_PATHS = (
					"$(PROJECT_DIR)/extern/boost-1.39.0/",
					"$(PROJECT_DIR)/extern/libpng-1.2.44",
					"$(PROJECT_DIR)/extern/glew/include",
					"$(PROJECT_DIR)/extern/luabind-0.8.1",
					"$(PROJECT_DIR)/extern/glfw/include",
					/opt/local/include/,
				);
				LIBRARY_SEARCH_PATHS = /opt/local/lib/;
				PREBINDING = NO;
				SDKROOT = macosx10.5;
				SYMROOT = "$(PROJECT_DIR)";
				VALID_ARCHS = "i386 x86_64";
			};
			name = Release;
		};
/* End XCBuildConfiguration section */

/* Begin XCConfigurationList section */
		C01FCF4A08A954540054247B /* Build configuration list for PBXNativeTarget "RStation" */ = {
			isa = XCConfigurationList;
			buildConfigurations = (
				C01FCF4B08A954540054247B /* Debug */,
				C01FCF4C08A954540054247B /* Release */,
			);
			defaultConfigurationIsVisible = 0;
			defaultConfigurationName = Release;
		};
		C01FCF4E08A954540054247B /* Build configuration list for PBXProject "RStation" */ = {
			isa = XCConfigurationList;
			buildConfigurations = (
				C01FCF4F08A954540054247B /* Debug */,
				C01FCF5008A954540054247B /* Release */,
			);
			defaultConfigurationIsVisible = 0;
			defaultConfigurationName = Release;
		};
/* End XCConfigurationList section */
	};
	rootObject = 29B97313FDCFA39411CA2CEA /* Project object */;
}
